// !$*UTF8*$!
{
	archiveVersion = 1;
	classes = {
	};
	objectVersion = 46;
	objects = {

/* Begin PBXAggregateTarget section */
		7E5D8E6216C6466300CB6720 /* Bump Build Number */ = {
			isa = PBXAggregateTarget;
			buildConfigurationList = 7E5D8E6316C6466300CB6720 /* Build configuration list for PBXAggregateTarget "Bump Build Number" */;
			buildPhases = (
				7E5D8E6616C646CC00CB6720 /* ShellScript */,
			);
			dependencies = (
			);
			name = "Bump Build Number";
			productName = Project;
		};
		7E86E05016CFD352001B9F52 /* Bump Project Version */ = {
			isa = PBXAggregateTarget;
			buildConfigurationList = 7E86E05216CFD352001B9F52 /* Build configuration list for PBXAggregateTarget "Bump Project Version" */;
			buildPhases = (
				7E86E05116CFD352001B9F52 /* ShellScript */,
			);
			dependencies = (
			);
			name = "Bump Project Version";
			productName = Project;
		};
/* End PBXAggregateTarget section */

/* Begin PBXBuildFile section */
		1D6FE3F413FEBFF200376E64 /* InfoPlist.strings in Resources */ = {isa = PBXBuildFile; fileRef = 1D6FE3F213FEBFF200376E64 /* InfoPlist.strings */; };
		1D6FE3FF13FEC03100376E64 /* ACPISensors.cpp in Sources */ = {isa = PBXBuildFile; fileRef = 1D6FE3FD13FEC03100376E64 /* ACPISensors.cpp */; };
		1D6FE40313FEC11300376E64 /* InfoPlist.strings in Resources */ = {isa = PBXBuildFile; fileRef = 1D05AC0713ED0E9600EADBF6 /* InfoPlist.strings */; };
		6A2B4E3E152179700093A217 /* F718xxSensors.cpp in Sources */ = {isa = PBXBuildFile; fileRef = 6A2B4E32152179700093A217 /* F718xxSensors.cpp */; };
		6A2B4E40152179700093A217 /* IT87xxSensors.cpp in Sources */ = {isa = PBXBuildFile; fileRef = 6A2B4E34152179700093A217 /* IT87xxSensors.cpp */; };
		6A2B4E42152179700093A217 /* NCT677xSensors.cpp in Sources */ = {isa = PBXBuildFile; fileRef = 6A2B4E36152179700093A217 /* NCT677xSensors.cpp */; };
		6A2B4E44152179700093A217 /* SuperIO.cpp in Sources */ = {isa = PBXBuildFile; fileRef = 6A2B4E38152179700093A217 /* SuperIO.cpp */; };
		6A2B4E46152179700093A217 /* SuperIOPlugin.cpp in Sources */ = {isa = PBXBuildFile; fileRef = 6A2B4E3A152179700093A217 /* SuperIOPlugin.cpp */; };
		6A2B4E48152179700093A217 /* W836xxSensors.cpp in Sources */ = {isa = PBXBuildFile; fileRef = 6A2B4E3C152179700093A217 /* W836xxSensors.cpp */; };
		6A4E473F152178A00038C5DE /* InfoPlist.strings in Resources */ = {isa = PBXBuildFile; fileRef = 6A4E473D152178A00038C5DE /* InfoPlist.strings */; };
		6A9C468D14E657EE0083E5E6 /* FakeSMCPlugin.cpp in Sources */ = {isa = PBXBuildFile; fileRef = 6A9C468914E657EE0083E5E6 /* FakeSMCPlugin.cpp */; };
		6AA172CB150B415200A77CF2 /* FakeSMCDevice.cpp in Sources */ = {isa = PBXBuildFile; fileRef = 6AA172C4150B415200A77CF2 /* FakeSMCDevice.cpp */; };
		6AA172D0150B415200A77CF2 /* FakeSMCKey.cpp in Sources */ = {isa = PBXBuildFile; fileRef = 6AA172C9150B415200A77CF2 /* FakeSMCKey.cpp */; };
		6AA2D0D4150B4B99004757C5 /* FakeSMC.cpp in Sources */ = {isa = PBXBuildFile; fileRef = 6AA2D0D2150B4B99004757C5 /* FakeSMC.cpp */; };
		7E0EB891169A9A9A000DF2B1 /* evergreen.cpp in Sources */ = {isa = PBXBuildFile; fileRef = 7E0EB890169A9A9A000DF2B1 /* evergreen.cpp */; };
		7E0EB897169A9D3C000DF2B1 /* r600.cpp in Sources */ = {isa = PBXBuildFile; fileRef = 7E0EB895169A9D3C000DF2B1 /* r600.cpp */; };
		7E0EB89B169A9DBE000DF2B1 /* rv770.cpp in Sources */ = {isa = PBXBuildFile; fileRef = 7E0EB899169A9DBE000DF2B1 /* rv770.cpp */; };
		7E0F9018169AC0EA008CE657 /* r600.cpp in Sources */ = {isa = PBXBuildFile; fileRef = 7E0EB895169A9D3C000DF2B1 /* r600.cpp */; };
		7E0F9019169AC0EA008CE657 /* rv770.cpp in Sources */ = {isa = PBXBuildFile; fileRef = 7E0EB899169A9DBE000DF2B1 /* rv770.cpp */; };
		7E0F901A169AC0EA008CE657 /* evergreen.cpp in Sources */ = {isa = PBXBuildFile; fileRef = 7E0EB890169A9A9A000DF2B1 /* evergreen.cpp */; };
		7E17E171169C532100E40FC7 /* si.cpp in Sources */ = {isa = PBXBuildFile; fileRef = 7E17E16F169C532000E40FC7 /* si.cpp */; };
		7E5CFA2516988EBE00F0E9AD /* i2c_algo_bit.cpp in Sources */ = {isa = PBXBuildFile; fileRef = 7E5CFA2116988EBE00F0E9AD /* i2c_algo_bit.cpp */; };
		7E5CFA2716988EBE00F0E9AD /* i2c_base.cpp in Sources */ = {isa = PBXBuildFile; fileRef = 7E5CFA2316988EBE00F0E9AD /* i2c_base.cpp */; };
		7E7862901632F633001984B9 /* OEMInfo.cpp in Sources */ = {isa = PBXBuildFile; fileRef = 7E5A8CB71605EAA400FF0099 /* OEMInfo.cpp */; };
		7E78CD4815EC03BC00D57BC4 /* PTIDSensors.cpp in Sources */ = {isa = PBXBuildFile; fileRef = 7EBEC2A115E78B7B00537027 /* PTIDSensors.cpp */; };
		7E79B82015BA99350079AAE8 /* InfoPlist.strings in Resources */ = {isa = PBXBuildFile; fileRef = 7E79B81E15BA99350079AAE8 /* InfoPlist.strings */; };
		7E79B82315BA99350079AAE8 /* CPUSensors.cpp in Sources */ = {isa = PBXBuildFile; fileRef = 7E79B82215BA99350079AAE8 /* CPUSensors.cpp */; };
		7E9F5454167C71D1006E907B /* RadeonSensors.cpp in Sources */ = {isa = PBXBuildFile; fileRef = 7E9F544F167C71D1006E907B /* RadeonSensors.cpp */; };
		7E9F548B167C71DA006E907B /* adt7473.cpp in Sources */ = {isa = PBXBuildFile; fileRef = 7E9F5457167C71D9006E907B /* adt7473.cpp */; };
		7E9F548C167C71DA006E907B /* f75375.cpp in Sources */ = {isa = PBXBuildFile; fileRef = 7E9F5458167C71D9006E907B /* f75375.cpp */; };
		7E9F548E167C71DA006E907B /* GeforceSensors.cpp in Sources */ = {isa = PBXBuildFile; fileRef = 7E9F545A167C71D9006E907B /* GeforceSensors.cpp */; };
		7E9F5496167C71DA006E907B /* lm99.cpp in Sources */ = {isa = PBXBuildFile; fileRef = 7E9F5462167C71D9006E907B /* lm99.cpp */; };
		7E9F5497167C71DA006E907B /* nouveau.cpp in Sources */ = {isa = PBXBuildFile; fileRef = 7E9F5463167C71D9006E907B /* nouveau.cpp */; };
		7E9F5499167C71DA006E907B /* nouveau_bios.cpp in Sources */ = {isa = PBXBuildFile; fileRef = 7E9F5465167C71D9006E907B /* nouveau_bios.cpp */; };
		7E9F549C167C71DA006E907B /* nouveau_gpio.cpp in Sources */ = {isa = PBXBuildFile; fileRef = 7E9F5468167C71D9006E907B /* nouveau_gpio.cpp */; };
		7E9F549E167C71DA006E907B /* nouveau_i2c_base.cpp in Sources */ = {isa = PBXBuildFile; fileRef = 7E9F546A167C71D9006E907B /* nouveau_i2c_base.cpp */; };
		7E9F54A0167C71DA006E907B /* nouveau_i2c_aux.cpp in Sources */ = {isa = PBXBuildFile; fileRef = 7E9F546C167C71D9006E907B /* nouveau_i2c_aux.cpp */; };
		7E9F54A1167C71DA006E907B /* nouveau_i2c_bit.cpp in Sources */ = {isa = PBXBuildFile; fileRef = 7E9F546D167C71D9006E907B /* nouveau_i2c_bit.cpp */; };
		7E9F54A2167C71DA006E907B /* nouveau_therm.cpp in Sources */ = {isa = PBXBuildFile; fileRef = 7E9F546E167C71D9006E907B /* nouveau_therm.cpp */; };
		7E9F54A4167C71DA006E907B /* nouveau_volt.cpp in Sources */ = {isa = PBXBuildFile; fileRef = 7E9F5470167C71D9006E907B /* nouveau_volt.cpp */; };
		7E9F54A6167C71DA006E907B /* nouveau_xpio.cpp in Sources */ = {isa = PBXBuildFile; fileRef = 7E9F5472167C71D9006E907B /* nouveau_xpio.cpp */; };
		7E9F54A8167C71DA006E907B /* nv10.cpp in Sources */ = {isa = PBXBuildFile; fileRef = 7E9F5474167C71D9006E907B /* nv10.cpp */; };
		7E9F54AA167C71DA006E907B /* nv40.cpp in Sources */ = {isa = PBXBuildFile; fileRef = 7E9F5476167C71D9006E907B /* nv40.cpp */; };
		7E9F54AC167C71DA006E907B /* nv50.cpp in Sources */ = {isa = PBXBuildFile; fileRef = 7E9F5478167C71D9006E907B /* nv50.cpp */; };
		7E9F54AE167C71DA006E907B /* nva3.cpp in Sources */ = {isa = PBXBuildFile; fileRef = 7E9F547A167C71D9006E907B /* nva3.cpp */; };
		7E9F54B0167C71DA006E907B /* nvc0.cpp in Sources */ = {isa = PBXBuildFile; fileRef = 7E9F547C167C71D9006E907B /* nvc0.cpp */; };
		7E9F54B2167C71DA006E907B /* nvclock_i2c.cpp in Sources */ = {isa = PBXBuildFile; fileRef = 7E9F547E167C71D9006E907B /* nvclock_i2c.cpp */; };
		7E9F54B4167C71DA006E907B /* nvd0.cpp in Sources */ = {isa = PBXBuildFile; fileRef = 7E9F5480167C71D9006E907B /* nvd0.cpp */; };
		7E9F54B6167C71DA006E907B /* nve0.cpp in Sources */ = {isa = PBXBuildFile; fileRef = 7E9F5482167C71D9006E907B /* nve0.cpp */; };
		7E9F54B8167C71DA006E907B /* vga.cpp in Sources */ = {isa = PBXBuildFile; fileRef = 7E9F5484167C71D9006E907B /* vga.cpp */; };
		7E9F54BA167C71DA006E907B /* w83781d.cpp in Sources */ = {isa = PBXBuildFile; fileRef = 7E9F5486167C71D9006E907B /* w83781d.cpp */; };
		7E9F54BB167C71DA006E907B /* w83l785r.cpp in Sources */ = {isa = PBXBuildFile; fileRef = 7E9F5487167C71D9006E907B /* w83l785r.cpp */; };
		7E9F54BC167C71DA006E907B /* xf86i2c.cpp in Sources */ = {isa = PBXBuildFile; fileRef = 7E9F5488167C71D9006E907B /* xf86i2c.cpp */; };
		7E9F54C2167C71DF006E907B /* GmaSensors.cpp in Sources */ = {isa = PBXBuildFile; fileRef = 7E9F54C0167C71DF006E907B /* GmaSensors.cpp */; };
		7EADE20D15E5602F00FD117C /* InfoPlist.strings in Resources */ = {isa = PBXBuildFile; fileRef = 7EADE20B15E5602F00FD117C /* InfoPlist.strings */; };
		7EB13667169C288000B42023 /* radeon_atombios.cpp in Sources */ = {isa = PBXBuildFile; fileRef = 7EB13665169C288000B42023 /* radeon_atombios.cpp */; };
		7EB1366C169C2CE800B42023 /* atom.cpp in Sources */ = {isa = PBXBuildFile; fileRef = 7EB1366A169C2CE700B42023 /* atom.cpp */; };
/* End PBXBuildFile section */

/* Begin PBXFileReference section */
		1D05ABE413ED0DAD00EADBF6 /* FakeSMC.kext */ = {isa = PBXFileReference; explicitFileType = wrapper.cfbundle; includeInIndex = 0; path = FakeSMC.kext; sourceTree = BUILT_PRODUCTS_DIR; };
		1D05AC0513ED0E8D00EADBF6 /* FakeSMC-Prefix.pch */ = {isa = PBXFileReference; fileEncoding = 4; lastKnownFileType = sourcecode.c.h; path = "FakeSMC-Prefix.pch"; sourceTree = "<group>"; };
		1D05AC0813ED0E9600EADBF6 /* en */ = {isa = PBXFileReference; lastKnownFileType = text.plist.strings; name = en; path = en.lproj/InfoPlist.strings; sourceTree = "<group>"; };
		1D6FE3EE13FEBFF200376E64 /* ACPISensors.kext */ = {isa = PBXFileReference; explicitFileType = wrapper.cfbundle; includeInIndex = 0; path = ACPISensors.kext; sourceTree = BUILT_PRODUCTS_DIR; };
		1D6FE3F313FEBFF200376E64 /* en */ = {isa = PBXFileReference; lastKnownFileType = text.plist.strings; name = en; path = en.lproj/InfoPlist.strings; sourceTree = "<group>"; };
		1D6FE3F913FEBFF200376E64 /* ACPISensors-Prefix.pch */ = {isa = PBXFileReference; lastKnownFileType = sourcecode.c.h; path = "ACPISensors-Prefix.pch"; sourceTree = "<group>"; };
		1D6FE3FD13FEC03100376E64 /* ACPISensors.cpp */ = {isa = PBXFileReference; fileEncoding = 4; lastKnownFileType = sourcecode.cpp.cpp; path = ACPISensors.cpp; sourceTree = "<group>"; };
		1D6FE3FE13FEC03100376E64 /* ACPISensors.h */ = {isa = PBXFileReference; fileEncoding = 4; lastKnownFileType = sourcecode.c.h; path = ACPISensors.h; sourceTree = "<group>"; };
		6A10C18F1506B2A4005E0897 /* IOKit.framework */ = {isa = PBXFileReference; lastKnownFileType = wrapper.framework; name = IOKit.framework; path = System/Library/Frameworks/IOKit.framework; sourceTree = SDKROOT; };
		6A2B4E32152179700093A217 /* F718xxSensors.cpp */ = {isa = PBXFileReference; fileEncoding = 4; lastKnownFileType = sourcecode.cpp.cpp; path = F718xxSensors.cpp; sourceTree = "<group>"; };
		6A2B4E33152179700093A217 /* F718xxSensors.h */ = {isa = PBXFileReference; fileEncoding = 4; lastKnownFileType = sourcecode.c.h; path = F718xxSensors.h; sourceTree = "<group>"; };
		6A2B4E34152179700093A217 /* IT87xxSensors.cpp */ = {isa = PBXFileReference; fileEncoding = 4; lastKnownFileType = sourcecode.cpp.cpp; path = IT87xxSensors.cpp; sourceTree = "<group>"; };
		6A2B4E35152179700093A217 /* IT87xxSensors.h */ = {isa = PBXFileReference; fileEncoding = 4; lastKnownFileType = sourcecode.c.h; path = IT87xxSensors.h; sourceTree = "<group>"; };
		6A2B4E36152179700093A217 /* NCT677xSensors.cpp */ = {isa = PBXFileReference; fileEncoding = 4; lastKnownFileType = sourcecode.cpp.cpp; path = NCT677xSensors.cpp; sourceTree = "<group>"; };
		6A2B4E37152179700093A217 /* NCT677xSensors.h */ = {isa = PBXFileReference; fileEncoding = 4; lastKnownFileType = sourcecode.c.h; path = NCT677xSensors.h; sourceTree = "<group>"; };
		6A2B4E38152179700093A217 /* SuperIO.cpp */ = {isa = PBXFileReference; fileEncoding = 4; lastKnownFileType = sourcecode.cpp.cpp; path = SuperIO.cpp; sourceTree = "<group>"; };
		6A2B4E39152179700093A217 /* SuperIO.h */ = {isa = PBXFileReference; fileEncoding = 4; lastKnownFileType = sourcecode.c.h; path = SuperIO.h; sourceTree = "<group>"; };
		6A2B4E3A152179700093A217 /* SuperIOPlugin.cpp */ = {isa = PBXFileReference; fileEncoding = 4; lastKnownFileType = sourcecode.cpp.cpp; path = SuperIOPlugin.cpp; sourceTree = "<group>"; };
		6A2B4E3B152179700093A217 /* SuperIOPlugin.h */ = {isa = PBXFileReference; fileEncoding = 4; lastKnownFileType = sourcecode.c.h; path = SuperIOPlugin.h; sourceTree = "<group>"; };
		6A2B4E3C152179700093A217 /* W836xxSensors.cpp */ = {isa = PBXFileReference; fileEncoding = 4; lastKnownFileType = sourcecode.cpp.cpp; path = W836xxSensors.cpp; sourceTree = "<group>"; };
		6A2B4E3D152179700093A217 /* W836xxSensors.h */ = {isa = PBXFileReference; fileEncoding = 4; lastKnownFileType = sourcecode.c.h; path = W836xxSensors.h; sourceTree = "<group>"; };
		6A4E4739152178A00038C5DE /* LPCSensors.kext */ = {isa = PBXFileReference; explicitFileType = wrapper.cfbundle; includeInIndex = 0; path = LPCSensors.kext; sourceTree = BUILT_PRODUCTS_DIR; };
		6A4E473E152178A00038C5DE /* en */ = {isa = PBXFileReference; lastKnownFileType = text.plist.strings; name = en; path = en.lproj/InfoPlist.strings; sourceTree = "<group>"; };
		6A4E4743152178A00038C5DE /* SuperIOSensors-Prefix.pch */ = {isa = PBXFileReference; lastKnownFileType = sourcecode.c.h; path = "SuperIOSensors-Prefix.pch"; sourceTree = "<group>"; };
		6A9955C214EFAEE50052C702 /* cpuid.h */ = {isa = PBXFileReference; lastKnownFileType = sourcecode.c.h; path = cpuid.h; sourceTree = "<group>"; };
		6A9C468914E657EE0083E5E6 /* FakeSMCPlugin.cpp */ = {isa = PBXFileReference; fileEncoding = 4; lastKnownFileType = sourcecode.cpp.cpp; path = FakeSMCPlugin.cpp; sourceTree = "<group>"; };
		6A9C468A14E657EE0083E5E6 /* FakeSMCPlugin.h */ = {isa = PBXFileReference; fileEncoding = 4; lastKnownFileType = sourcecode.c.h; path = FakeSMCPlugin.h; sourceTree = "<group>"; };
		6A9F7268150A23C600279E79 /* Kernel.framework */ = {isa = PBXFileReference; lastKnownFileType = wrapper.framework; name = Kernel.framework; path = System/Library/Frameworks/Kernel.framework; sourceTree = SDKROOT; };
		6AA172C4150B415200A77CF2 /* FakeSMCDevice.cpp */ = {isa = PBXFileReference; fileEncoding = 4; lastKnownFileType = sourcecode.cpp.cpp; path = FakeSMCDevice.cpp; sourceTree = "<group>"; };
		6AA172C5150B415200A77CF2 /* FakeSMCDevice.h */ = {isa = PBXFileReference; fileEncoding = 4; lastKnownFileType = sourcecode.c.h; path = FakeSMCDevice.h; sourceTree = "<group>"; };
		6AA172C9150B415200A77CF2 /* FakeSMCKey.cpp */ = {isa = PBXFileReference; fileEncoding = 4; lastKnownFileType = sourcecode.cpp.cpp; path = FakeSMCKey.cpp; sourceTree = "<group>"; };
		6AA172CA150B415200A77CF2 /* FakeSMCKey.h */ = {isa = PBXFileReference; fileEncoding = 4; lastKnownFileType = sourcecode.c.h; path = FakeSMCKey.h; sourceTree = "<group>"; };
		6AA2D0D2150B4B99004757C5 /* FakeSMC.cpp */ = {isa = PBXFileReference; fileEncoding = 4; lastKnownFileType = sourcecode.cpp.cpp; path = FakeSMC.cpp; sourceTree = "<group>"; };
		6AA2D0D3150B4B99004757C5 /* FakeSMC.h */ = {isa = PBXFileReference; fileEncoding = 4; lastKnownFileType = sourcecode.c.h; path = FakeSMC.h; sourceTree = "<group>"; };
		6AA710B9152B7D180006E62C /* SMBIOS.h */ = {isa = PBXFileReference; fileEncoding = 4; lastKnownFileType = sourcecode.c.h; path = SMBIOS.h; sourceTree = "<group>"; };
		7E0A2BA4167C73F50060C153 /* GPUSensors-Info.plist */ = {isa = PBXFileReference; fileEncoding = 4; lastKnownFileType = text.plist.xml; name = "GPUSensors-Info.plist"; path = "Plists/GPUSensors-Info.plist"; sourceTree = SOURCE_ROOT; };
		7E0A2BA6167C741A0060C153 /* SuperIOSensors-Info.plist */ = {isa = PBXFileReference; fileEncoding = 4; lastKnownFileType = text.plist.xml; name = "SuperIOSensors-Info.plist"; path = "Plists/SuperIOSensors-Info.plist"; sourceTree = SOURCE_ROOT; };
		7E0A2BA8167C746D0060C153 /* CPUSensors-Info.plist */ = {isa = PBXFileReference; fileEncoding = 4; lastKnownFileType = text.plist.xml; name = "CPUSensors-Info.plist"; path = "Plists/CPUSensors-Info.plist"; sourceTree = SOURCE_ROOT; };
		7E0A2BAA167C74A80060C153 /* ACPISensors-Info.plist */ = {isa = PBXFileReference; fileEncoding = 4; lastKnownFileType = text.plist.xml; name = "ACPISensors-Info.plist"; path = "Plists/ACPISensors-Info.plist"; sourceTree = SOURCE_ROOT; };
		7E0A2BAC167C74DF0060C153 /* FakeSMC-Info.plist */ = {isa = PBXFileReference; fileEncoding = 4; lastKnownFileType = text.plist.xml; name = "FakeSMC-Info.plist"; path = "Plists/FakeSMC-Info.plist"; sourceTree = SOURCE_ROOT; };
		7E0EB890169A9A9A000DF2B1 /* evergreen.cpp */ = {isa = PBXFileReference; fileEncoding = 4; lastKnownFileType = sourcecode.cpp.cpp; path = evergreen.cpp; sourceTree = "<group>"; };
		7E0EB893169A9C4D000DF2B1 /* evergreen.h */ = {isa = PBXFileReference; fileEncoding = 4; lastKnownFileType = sourcecode.c.h; path = evergreen.h; sourceTree = "<group>"; };
		7E0EB895169A9D3C000DF2B1 /* r600.cpp */ = {isa = PBXFileReference; fileEncoding = 4; lastKnownFileType = sourcecode.cpp.cpp; path = r600.cpp; sourceTree = "<group>"; };
		7E0EB896169A9D3C000DF2B1 /* r600.h */ = {isa = PBXFileReference; fileEncoding = 4; lastKnownFileType = sourcecode.c.h; path = r600.h; sourceTree = "<group>"; };
		7E0EB899169A9DBE000DF2B1 /* rv770.cpp */ = {isa = PBXFileReference; fileEncoding = 4; lastKnownFileType = sourcecode.cpp.cpp; path = rv770.cpp; sourceTree = "<group>"; };
		7E0EB89A169A9DBE000DF2B1 /* rv770.h */ = {isa = PBXFileReference; fileEncoding = 4; lastKnownFileType = sourcecode.c.h; path = rv770.h; sourceTree = "<group>"; };
		7E138D83169A885F007BE068 /* radeon_chipinfo_gen.h */ = {isa = PBXFileReference; fileEncoding = 4; lastKnownFileType = sourcecode.c.h; path = radeon_chipinfo_gen.h; sourceTree = "<group>"; };
		7E138D86169A8F8C007BE068 /* radeon_family.h */ = {isa = PBXFileReference; fileEncoding = 4; lastKnownFileType = sourcecode.c.h; path = radeon_family.h; sourceTree = "<group>"; };
		7E138D89169A90D3007BE068 /* evergreend.h */ = {isa = PBXFileReference; fileEncoding = 4; lastKnownFileType = sourcecode.c.h; path = evergreend.h; sourceTree = "<group>"; };
		7E138D8B169A910B007BE068 /* r600d.h */ = {isa = PBXFileReference; fileEncoding = 4; lastKnownFileType = sourcecode.c.h; path = r600d.h; sourceTree = "<group>"; };
		7E138D8D169A9112007BE068 /* rv770d.h */ = {isa = PBXFileReference; fileEncoding = 4; lastKnownFileType = sourcecode.c.h; path = rv770d.h; sourceTree = "<group>"; };
		7E17E16E169C422600E40FC7 /* radeon_definitions.h */ = {isa = PBXFileReference; lastKnownFileType = sourcecode.c.h; path = radeon_definitions.h; sourceTree = "<group>"; };
		7E17E16F169C532000E40FC7 /* si.cpp */ = {isa = PBXFileReference; fileEncoding = 4; lastKnownFileType = sourcecode.cpp.cpp; path = si.cpp; sourceTree = "<group>"; };
		7E17E170169C532100E40FC7 /* si.h */ = {isa = PBXFileReference; fileEncoding = 4; lastKnownFileType = sourcecode.c.h; path = si.h; sourceTree = "<group>"; };
		7E24AF81169CBB9700040AF4 /* atom-names.h */ = {isa = PBXFileReference; lastKnownFileType = sourcecode.c.h; path = "atom-names.h"; sourceTree = "<group>"; };
		7E40054E1585031B009AECED /* CoreData.framework */ = {isa = PBXFileReference; lastKnownFileType = wrapper.framework; name = CoreData.framework; path = System/Library/Frameworks/CoreData.framework; sourceTree = SDKROOT; };
		7E5A8CB71605EAA400FF0099 /* OEMInfo.cpp */ = {isa = PBXFileReference; fileEncoding = 4; lastKnownFileType = sourcecode.cpp.cpp; path = OEMInfo.cpp; sourceTree = "<group>"; };
		7E5A8CB81605EAA400FF0099 /* OEMInfo.h */ = {isa = PBXFileReference; fileEncoding = 4; lastKnownFileType = sourcecode.c.h; path = OEMInfo.h; sourceTree = "<group>"; };
		7E5CFA1D16988E9C00F0E9AD /* linux_definitions.h */ = {isa = PBXFileReference; fileEncoding = 4; lastKnownFileType = sourcecode.c.h; path = linux_definitions.h; sourceTree = "<group>"; };
		7E5CFA1F16988EA300F0E9AD /* list.h */ = {isa = PBXFileReference; fileEncoding = 4; lastKnownFileType = sourcecode.c.h; path = list.h; sourceTree = "<group>"; };
		7E5CFA2116988EBE00F0E9AD /* i2c_algo_bit.cpp */ = {isa = PBXFileReference; fileEncoding = 4; lastKnownFileType = sourcecode.cpp.cpp; path = i2c_algo_bit.cpp; sourceTree = "<group>"; };
		7E5CFA2216988EBE00F0E9AD /* i2c_algo_bit.h */ = {isa = PBXFileReference; fileEncoding = 4; lastKnownFileType = sourcecode.c.h; path = i2c_algo_bit.h; sourceTree = "<group>"; };
		7E5CFA2316988EBE00F0E9AD /* i2c_base.cpp */ = {isa = PBXFileReference; fileEncoding = 4; lastKnownFileType = sourcecode.cpp.cpp; path = i2c_base.cpp; sourceTree = "<group>"; };
		7E5CFA2416988EBE00F0E9AD /* i2c_base.h */ = {isa = PBXFileReference; fileEncoding = 4; lastKnownFileType = sourcecode.c.h; path = i2c_base.h; sourceTree = "<group>"; };
		7E5D8E5C16C643BD00CB6720 /* version.plist */ = {isa = PBXFileReference; lastKnownFileType = text.plist.xml; path = version.plist; sourceTree = "<group>"; };
		7E78628E1632F0B7001984B9 /* fakesmc.txt */ = {isa = PBXFileReference; lastKnownFileType = text; path = fakesmc.txt; sourceTree = "<group>"; };
		7E79B81A15BA99350079AAE8 /* CPUSensors.kext */ = {isa = PBXFileReference; explicitFileType = wrapper.cfbundle; includeInIndex = 0; path = CPUSensors.kext; sourceTree = BUILT_PRODUCTS_DIR; };
		7E79B81F15BA99350079AAE8 /* en */ = {isa = PBXFileReference; lastKnownFileType = text.plist.strings; name = en; path = en.lproj/InfoPlist.strings; sourceTree = "<group>"; };
		7E79B82115BA99350079AAE8 /* CPUSensors.h */ = {isa = PBXFileReference; lastKnownFileType = sourcecode.c.h; path = CPUSensors.h; sourceTree = "<group>"; };
		7E79B82215BA99350079AAE8 /* CPUSensors.cpp */ = {isa = PBXFileReference; lastKnownFileType = sourcecode.cpp.cpp; path = CPUSensors.cpp; sourceTree = "<group>"; };
		7E79B82415BA99350079AAE8 /* CPUSensors-Prefix.pch */ = {isa = PBXFileReference; lastKnownFileType = sourcecode.c.h; path = "CPUSensors-Prefix.pch"; sourceTree = "<group>"; };
		7E93890015945B450005316D /* FakeSMCDefinitions.h */ = {isa = PBXFileReference; lastKnownFileType = sourcecode.c.h; path = FakeSMCDefinitions.h; sourceTree = "<group>"; };
		7E9E7BA616E3D17D00CC8D5D /* SmcKeysDefinitions.h */ = {isa = PBXFileReference; lastKnownFileType = sourcecode.c.h; path = SmcKeysDefinitions.h; sourceTree = "<group>"; };
		7E9F544E167C71D1006E907B /* radeon.h */ = {isa = PBXFileReference; fileEncoding = 4; lastKnownFileType = sourcecode.c.h; path = radeon.h; sourceTree = "<group>"; };
		7E9F544F167C71D1006E907B /* RadeonSensors.cpp */ = {isa = PBXFileReference; fileEncoding = 4; lastKnownFileType = sourcecode.cpp.cpp; path = RadeonSensors.cpp; sourceTree = "<group>"; };
		7E9F5450167C71D1006E907B /* RadeonSensors.h */ = {isa = PBXFileReference; fileEncoding = 4; lastKnownFileType = sourcecode.c.h; path = RadeonSensors.h; sourceTree = "<group>"; };
		7E9F5457167C71D9006E907B /* adt7473.cpp */ = {isa = PBXFileReference; fileEncoding = 4; lastKnownFileType = sourcecode.cpp.cpp; path = adt7473.cpp; sourceTree = "<group>"; };
		7E9F5458167C71D9006E907B /* f75375.cpp */ = {isa = PBXFileReference; fileEncoding = 4; lastKnownFileType = sourcecode.cpp.cpp; path = f75375.cpp; sourceTree = "<group>"; };
		7E9F5459167C71D9006E907B /* f75375.h */ = {isa = PBXFileReference; fileEncoding = 4; lastKnownFileType = sourcecode.c.h; path = f75375.h; sourceTree = "<group>"; };
		7E9F545A167C71D9006E907B /* GeforceSensors.cpp */ = {isa = PBXFileReference; fileEncoding = 4; lastKnownFileType = sourcecode.cpp.cpp; path = GeforceSensors.cpp; sourceTree = "<group>"; };
		7E9F545B167C71D9006E907B /* GeforceSensors.h */ = {isa = PBXFileReference; fileEncoding = 4; lastKnownFileType = sourcecode.c.h; path = GeforceSensors.h; sourceTree = "<group>"; };
		7E9F5462167C71D9006E907B /* lm99.cpp */ = {isa = PBXFileReference; fileEncoding = 4; lastKnownFileType = sourcecode.cpp.cpp; path = lm99.cpp; sourceTree = "<group>"; };
		7E9F5463167C71D9006E907B /* nouveau.cpp */ = {isa = PBXFileReference; fileEncoding = 4; lastKnownFileType = sourcecode.cpp.cpp; path = nouveau.cpp; sourceTree = "<group>"; };
		7E9F5464167C71D9006E907B /* nouveau.h */ = {isa = PBXFileReference; fileEncoding = 4; lastKnownFileType = sourcecode.c.h; path = nouveau.h; sourceTree = "<group>"; };
		7E9F5465167C71D9006E907B /* nouveau_bios.cpp */ = {isa = PBXFileReference; fileEncoding = 4; lastKnownFileType = sourcecode.cpp.cpp; path = nouveau_bios.cpp; sourceTree = "<group>"; };
		7E9F5466167C71D9006E907B /* nouveau_bios.h */ = {isa = PBXFileReference; fileEncoding = 4; lastKnownFileType = sourcecode.c.h; path = nouveau_bios.h; sourceTree = "<group>"; };
		7E9F5467167C71D9006E907B /* nouveau_definitions.h */ = {isa = PBXFileReference; fileEncoding = 4; lastKnownFileType = sourcecode.c.h; path = nouveau_definitions.h; sourceTree = "<group>"; };
		7E9F5468167C71D9006E907B /* nouveau_gpio.cpp */ = {isa = PBXFileReference; fileEncoding = 4; lastKnownFileType = sourcecode.cpp.cpp; path = nouveau_gpio.cpp; sourceTree = "<group>"; };
		7E9F5469167C71D9006E907B /* nouveau_gpio.h */ = {isa = PBXFileReference; fileEncoding = 4; lastKnownFileType = sourcecode.c.h; path = nouveau_gpio.h; sourceTree = "<group>"; };
		7E9F546A167C71D9006E907B /* nouveau_i2c_base.cpp */ = {isa = PBXFileReference; fileEncoding = 4; lastKnownFileType = sourcecode.cpp.cpp; path = nouveau_i2c_base.cpp; sourceTree = "<group>"; };
		7E9F546B167C71D9006E907B /* nouveau_i2c.h */ = {isa = PBXFileReference; fileEncoding = 4; lastKnownFileType = sourcecode.c.h; path = nouveau_i2c.h; sourceTree = "<group>"; };
		7E9F546C167C71D9006E907B /* nouveau_i2c_aux.cpp */ = {isa = PBXFileReference; fileEncoding = 4; lastKnownFileType = sourcecode.cpp.cpp; path = nouveau_i2c_aux.cpp; sourceTree = "<group>"; };
		7E9F546D167C71D9006E907B /* nouveau_i2c_bit.cpp */ = {isa = PBXFileReference; fileEncoding = 4; lastKnownFileType = sourcecode.cpp.cpp; path = nouveau_i2c_bit.cpp; sourceTree = "<group>"; };
		7E9F546E167C71D9006E907B /* nouveau_therm.cpp */ = {isa = PBXFileReference; fileEncoding = 4; lastKnownFileType = sourcecode.cpp.cpp; path = nouveau_therm.cpp; sourceTree = "<group>"; };
		7E9F546F167C71D9006E907B /* nouveau_therm.h */ = {isa = PBXFileReference; fileEncoding = 4; lastKnownFileType = sourcecode.c.h; path = nouveau_therm.h; sourceTree = "<group>"; };
		7E9F5470167C71D9006E907B /* nouveau_volt.cpp */ = {isa = PBXFileReference; fileEncoding = 4; lastKnownFileType = sourcecode.cpp.cpp; path = nouveau_volt.cpp; sourceTree = "<group>"; };
		7E9F5471167C71D9006E907B /* nouveau_volt.h */ = {isa = PBXFileReference; fileEncoding = 4; lastKnownFileType = sourcecode.c.h; path = nouveau_volt.h; sourceTree = "<group>"; };
		7E9F5472167C71D9006E907B /* nouveau_xpio.cpp */ = {isa = PBXFileReference; fileEncoding = 4; lastKnownFileType = sourcecode.cpp.cpp; path = nouveau_xpio.cpp; sourceTree = "<group>"; };
		7E9F5473167C71D9006E907B /* nouveau_xpio.h */ = {isa = PBXFileReference; fileEncoding = 4; lastKnownFileType = sourcecode.c.h; path = nouveau_xpio.h; sourceTree = "<group>"; };
		7E9F5474167C71D9006E907B /* nv10.cpp */ = {isa = PBXFileReference; fileEncoding = 4; lastKnownFileType = sourcecode.cpp.cpp; path = nv10.cpp; sourceTree = "<group>"; };
		7E9F5475167C71D9006E907B /* nv10.h */ = {isa = PBXFileReference; fileEncoding = 4; lastKnownFileType = sourcecode.c.h; path = nv10.h; sourceTree = "<group>"; };
		7E9F5476167C71D9006E907B /* nv40.cpp */ = {isa = PBXFileReference; fileEncoding = 4; lastKnownFileType = sourcecode.cpp.cpp; path = nv40.cpp; sourceTree = "<group>"; };
		7E9F5477167C71D9006E907B /* nv40.h */ = {isa = PBXFileReference; fileEncoding = 4; lastKnownFileType = sourcecode.c.h; path = nv40.h; sourceTree = "<group>"; };
		7E9F5478167C71D9006E907B /* nv50.cpp */ = {isa = PBXFileReference; fileEncoding = 4; lastKnownFileType = sourcecode.cpp.cpp; path = nv50.cpp; sourceTree = "<group>"; };
		7E9F5479167C71D9006E907B /* nv50.h */ = {isa = PBXFileReference; fileEncoding = 4; lastKnownFileType = sourcecode.c.h; path = nv50.h; sourceTree = "<group>"; };
		7E9F547A167C71D9006E907B /* nva3.cpp */ = {isa = PBXFileReference; fileEncoding = 4; lastKnownFileType = sourcecode.cpp.cpp; path = nva3.cpp; sourceTree = "<group>"; };
		7E9F547B167C71D9006E907B /* nva3.h */ = {isa = PBXFileReference; fileEncoding = 4; lastKnownFileType = sourcecode.c.h; path = nva3.h; sourceTree = "<group>"; };
		7E9F547C167C71D9006E907B /* nvc0.cpp */ = {isa = PBXFileReference; fileEncoding = 4; lastKnownFileType = sourcecode.cpp.cpp; path = nvc0.cpp; sourceTree = "<group>"; };
		7E9F547D167C71D9006E907B /* nvc0.h */ = {isa = PBXFileReference; fileEncoding = 4; lastKnownFileType = sourcecode.c.h; path = nvc0.h; sourceTree = "<group>"; };
		7E9F547E167C71D9006E907B /* nvclock_i2c.cpp */ = {isa = PBXFileReference; fileEncoding = 4; lastKnownFileType = sourcecode.cpp.cpp; path = nvclock_i2c.cpp; sourceTree = "<group>"; };
		7E9F547F167C71D9006E907B /* nvclock_i2c.h */ = {isa = PBXFileReference; fileEncoding = 4; lastKnownFileType = sourcecode.c.h; path = nvclock_i2c.h; sourceTree = "<group>"; };
		7E9F5480167C71D9006E907B /* nvd0.cpp */ = {isa = PBXFileReference; fileEncoding = 4; lastKnownFileType = sourcecode.cpp.cpp; path = nvd0.cpp; sourceTree = "<group>"; };
		7E9F5481167C71D9006E907B /* nvd0.h */ = {isa = PBXFileReference; fileEncoding = 4; lastKnownFileType = sourcecode.c.h; path = nvd0.h; sourceTree = "<group>"; };
		7E9F5482167C71D9006E907B /* nve0.cpp */ = {isa = PBXFileReference; fileEncoding = 4; lastKnownFileType = sourcecode.cpp.cpp; path = nve0.cpp; sourceTree = "<group>"; };
		7E9F5483167C71D9006E907B /* nve0.h */ = {isa = PBXFileReference; fileEncoding = 4; lastKnownFileType = sourcecode.c.h; path = nve0.h; sourceTree = "<group>"; };
		7E9F5484167C71D9006E907B /* vga.cpp */ = {isa = PBXFileReference; fileEncoding = 4; lastKnownFileType = sourcecode.cpp.cpp; path = vga.cpp; sourceTree = "<group>"; };
		7E9F5485167C71D9006E907B /* vga.h */ = {isa = PBXFileReference; fileEncoding = 4; lastKnownFileType = sourcecode.c.h; path = vga.h; sourceTree = "<group>"; };
		7E9F5486167C71D9006E907B /* w83781d.cpp */ = {isa = PBXFileReference; fileEncoding = 4; lastKnownFileType = sourcecode.cpp.cpp; path = w83781d.cpp; sourceTree = "<group>"; };
		7E9F5487167C71D9006E907B /* w83l785r.cpp */ = {isa = PBXFileReference; fileEncoding = 4; lastKnownFileType = sourcecode.cpp.cpp; path = w83l785r.cpp; sourceTree = "<group>"; };
		7E9F5488167C71D9006E907B /* xf86i2c.cpp */ = {isa = PBXFileReference; fileEncoding = 4; lastKnownFileType = sourcecode.cpp.cpp; path = xf86i2c.cpp; sourceTree = "<group>"; };
		7E9F5489167C71D9006E907B /* xf86i2c.h */ = {isa = PBXFileReference; fileEncoding = 4; lastKnownFileType = sourcecode.c.h; path = xf86i2c.h; sourceTree = "<group>"; };
		7E9F548A167C71D9006E907B /* xfree.h */ = {isa = PBXFileReference; fileEncoding = 4; lastKnownFileType = sourcecode.c.h; path = xfree.h; sourceTree = "<group>"; };
		7E9F54C0167C71DF006E907B /* GmaSensors.cpp */ = {isa = PBXFileReference; fileEncoding = 4; lastKnownFileType = sourcecode.cpp.cpp; path = GmaSensors.cpp; sourceTree = "<group>"; };
		7E9F54C1167C71DF006E907B /* GmaSensors.h */ = {isa = PBXFileReference; fileEncoding = 4; lastKnownFileType = sourcecode.c.h; path = GmaSensors.h; sourceTree = "<group>"; };
		7EADE20715E5602E00FD117C /* GPUSensors.kext */ = {isa = PBXFileReference; explicitFileType = wrapper.cfbundle; includeInIndex = 0; path = GPUSensors.kext; sourceTree = BUILT_PRODUCTS_DIR; };
		7EADE20C15E5602F00FD117C /* en */ = {isa = PBXFileReference; lastKnownFileType = text.plist.strings; name = en; path = en.lproj/InfoPlist.strings; sourceTree = "<group>"; };
		7EADE21115E5602F00FD117C /* GPUSensors-Prefix.pch */ = {isa = PBXFileReference; lastKnownFileType = sourcecode.c.h; path = "GPUSensors-Prefix.pch"; sourceTree = "<group>"; };
		7EB00809168014BE00320B70 /* HWSensorsVersion.pch */ = {isa = PBXFileReference; lastKnownFileType = sourcecode.c.h; path = HWSensorsVersion.pch; sourceTree = "<group>"; };
		7EB13663169C280F00B42023 /* atombios.h */ = {isa = PBXFileReference; fileEncoding = 4; lastKnownFileType = sourcecode.c.h; path = atombios.h; sourceTree = "<group>"; };
		7EB13665169C288000B42023 /* radeon_atombios.cpp */ = {isa = PBXFileReference; fileEncoding = 4; lastKnownFileType = sourcecode.cpp.cpp; path = radeon_atombios.cpp; sourceTree = "<group>"; };
		7EB13666169C288000B42023 /* radeon_atombios.h */ = {isa = PBXFileReference; fileEncoding = 4; lastKnownFileType = sourcecode.c.h; path = radeon_atombios.h; sourceTree = "<group>"; };
		7EB1366A169C2CE700B42023 /* atom.cpp */ = {isa = PBXFileReference; fileEncoding = 4; lastKnownFileType = sourcecode.cpp.cpp; path = atom.cpp; sourceTree = "<group>"; };
		7EB1366B169C2CE700B42023 /* atom.h */ = {isa = PBXFileReference; fileEncoding = 4; lastKnownFileType = sourcecode.c.h; path = atom.h; sourceTree = "<group>"; };
		7EB692E715C99A2E0009B2E2 /* gpl.txt */ = {isa = PBXFileReference; lastKnownFileType = text; path = gpl.txt; sourceTree = "<group>"; };
		7EBB50D915EEAE3C00FEBBB9 /* README.txt */ = {isa = PBXFileReference; fileEncoding = 4; lastKnownFileType = text; path = README.txt; sourceTree = SOURCE_ROOT; };
		7EBCF8791615A84C00E16D3B /* timer.h */ = {isa = PBXFileReference; lastKnownFileType = sourcecode.c.h; path = timer.h; sourceTree = "<group>"; };
		7EBEC2A115E78B7B00537027 /* PTIDSensors.cpp */ = {isa = PBXFileReference; fileEncoding = 4; lastKnownFileType = sourcecode.cpp.cpp; path = PTIDSensors.cpp; sourceTree = "<group>"; };
		7EBEC2A215E78B7B00537027 /* PTIDSensors.h */ = {isa = PBXFileReference; fileEncoding = 4; lastKnownFileType = sourcecode.c.h; path = PTIDSensors.h; sourceTree = "<group>"; };
		7EFAE8FF16EBC8AD00F4DA72 /* SenTestingKit.framework */ = {isa = PBXFileReference; lastKnownFileType = wrapper.framework; name = SenTestingKit.framework; path = Library/Frameworks/SenTestingKit.framework; sourceTree = DEVELOPER_DIR; };
		7EFAE90116EBC8AD00F4DA72 /* Cocoa.framework */ = {isa = PBXFileReference; lastKnownFileType = wrapper.framework; name = Cocoa.framework; path = Library/Frameworks/Cocoa.framework; sourceTree = DEVELOPER_DIR; };
		7EFAE90416EBC8AD00F4DA72 /* AppKit.framework */ = {isa = PBXFileReference; lastKnownFileType = wrapper.framework; name = AppKit.framework; path = Library/Frameworks/AppKit.framework; sourceTree = SDKROOT; };
		7EFAE90516EBC8AD00F4DA72 /* CoreData.framework */ = {isa = PBXFileReference; lastKnownFileType = wrapper.framework; name = CoreData.framework; path = Library/Frameworks/CoreData.framework; sourceTree = SDKROOT; };
		7EFAE90616EBC8AD00F4DA72 /* Foundation.framework */ = {isa = PBXFileReference; lastKnownFileType = wrapper.framework; name = Foundation.framework; path = Library/Frameworks/Foundation.framework; sourceTree = SDKROOT; };
/* End PBXFileReference section */

/* Begin PBXFrameworksBuildPhase section */
		1D05ABDF13ED0DAD00EADBF6 /* Frameworks */ = {
			isa = PBXFrameworksBuildPhase;
			buildActionMask = 2147483647;
			files = (
			);
			runOnlyForDeploymentPostprocessing = 0;
		};
		1D6FE3E913FEBFF200376E64 /* Frameworks */ = {
			isa = PBXFrameworksBuildPhase;
			buildActionMask = 2147483647;
			files = (
			);
			runOnlyForDeploymentPostprocessing = 0;
		};
		6A4E4734152178A00038C5DE /* Frameworks */ = {
			isa = PBXFrameworksBuildPhase;
			buildActionMask = 2147483647;
			files = (
			);
			runOnlyForDeploymentPostprocessing = 0;
		};
		7E79B81515BA99350079AAE8 /* Frameworks */ = {
			isa = PBXFrameworksBuildPhase;
			buildActionMask = 2147483647;
			files = (
			);
			runOnlyForDeploymentPostprocessing = 0;
		};
		7EADE20215E5602E00FD117C /* Frameworks */ = {
			isa = PBXFrameworksBuildPhase;
			buildActionMask = 2147483647;
			files = (
			);
			runOnlyForDeploymentPostprocessing = 0;
		};
/* End PBXFrameworksBuildPhase section */

/* Begin PBXGroup section */
		1D05ABAD13ED0D7000EADBF6 = {
			isa = PBXGroup;
			children = (
				6A9955BD14EFAD360052C702 /* Shared */,
				1D05ABE913ED0DAD00EADBF6 /* FakeSMC */,
				1D6FE3EF13FEBFF200376E64 /* ACPISensors */,
				7E79B81B15BA99350079AAE8 /* CPUSensors */,
				7EADE20815E5602F00FD117C /* GPUSensors */,
				6A4E473A152178A00038C5DE /* LPCSensors */,
				1D05ABE613ED0DAD00EADBF6 /* Frameworks */,
				1D05ABE513ED0DAD00EADBF6 /* Products */,
			);
			sourceTree = "<group>";
		};
		1D05ABE513ED0DAD00EADBF6 /* Products */ = {
			isa = PBXGroup;
			children = (
				1D05ABE413ED0DAD00EADBF6 /* FakeSMC.kext */,
				1D6FE3EE13FEBFF200376E64 /* ACPISensors.kext */,
				6A4E4739152178A00038C5DE /* LPCSensors.kext */,
				7E79B81A15BA99350079AAE8 /* CPUSensors.kext */,
				7EADE20715E5602E00FD117C /* GPUSensors.kext */,
			);
			name = Products;
			sourceTree = "<group>";
		};
		1D05ABE613ED0DAD00EADBF6 /* Frameworks */ = {
			isa = PBXGroup;
			children = (
				6A9F7268150A23C600279E79 /* Kernel.framework */,
				6A10C18F1506B2A4005E0897 /* IOKit.framework */,
				7E40054E1585031B009AECED /* CoreData.framework */,
				7EFAE8FF16EBC8AD00F4DA72 /* SenTestingKit.framework */,
				7EFAE90116EBC8AD00F4DA72 /* Cocoa.framework */,
				7EFAE90316EBC8AD00F4DA72 /* Other Frameworks */,
			);
			name = Frameworks;
			sourceTree = "<group>";
		};
		1D05ABE913ED0DAD00EADBF6 /* FakeSMC */ = {
			isa = PBXGroup;
			children = (
				6AA172CA150B415200A77CF2 /* FakeSMCKey.h */,
				6AA172C9150B415200A77CF2 /* FakeSMCKey.cpp */,
				6AA172C5150B415200A77CF2 /* FakeSMCDevice.h */,
				6AA172C4150B415200A77CF2 /* FakeSMCDevice.cpp */,
				6AA2D0D3150B4B99004757C5 /* FakeSMC.h */,
				6AA2D0D2150B4B99004757C5 /* FakeSMC.cpp */,
				7E5A8CB51605EA7300FF0099 /* OEMInfo */,
				6AAF9FB6151DC8D1007EACE2 /* FakeSMCPlugin */,
				1D05ABEA13ED0DAD00EADBF6 /* Supporting Files */,
			);
			path = FakeSMC;
			sourceTree = "<group>";
		};
		1D05ABEA13ED0DAD00EADBF6 /* Supporting Files */ = {
			isa = PBXGroup;
			children = (
				7E0A2BAC167C74DF0060C153 /* FakeSMC-Info.plist */,
				1D05AC0713ED0E9600EADBF6 /* InfoPlist.strings */,
				1D05AC0513ED0E8D00EADBF6 /* FakeSMC-Prefix.pch */,
			);
			name = "Supporting Files";
			sourceTree = "<group>";
		};
		1D6FE3EF13FEBFF200376E64 /* ACPISensors */ = {
			isa = PBXGroup;
			children = (
				7EB6451715E81442008C6A95 /* PTIDSensors */,
				7EB6451915E81451008C6A95 /* ACPISensors */,
				1D6FE3F013FEBFF200376E64 /* Supporting Files */,
			);
			path = ACPISensors;
			sourceTree = "<group>";
		};
		1D6FE3F013FEBFF200376E64 /* Supporting Files */ = {
			isa = PBXGroup;
			children = (
				7E0A2BAA167C74A80060C153 /* ACPISensors-Info.plist */,
				1D6FE3F213FEBFF200376E64 /* InfoPlist.strings */,
				1D6FE3F913FEBFF200376E64 /* ACPISensors-Prefix.pch */,
			);
			name = "Supporting Files";
			sourceTree = "<group>";
		};
		6A2B4E4A152179840093A217 /* Super I/O Nub */ = {
			isa = PBXGroup;
			children = (
				6AA710B9152B7D180006E62C /* SMBIOS.h */,
				6A2B4E39152179700093A217 /* SuperIO.h */,
				6A2B4E38152179700093A217 /* SuperIO.cpp */,
			);
			name = "Super I/O Nub";
			sourceTree = "<group>";
		};
		6A2B4E4B152179960093A217 /* ITE IT87xx Sensors */ = {
			isa = PBXGroup;
			children = (
				6A2B4E35152179700093A217 /* IT87xxSensors.h */,
				6A2B4E34152179700093A217 /* IT87xxSensors.cpp */,
			);
			name = "ITE IT87xx Sensors";
			sourceTree = "<group>";
		};
		6A2B4E4C152179A80093A217 /* SuperIOPlugin */ = {
			isa = PBXGroup;
			children = (
				6A2B4E3B152179700093A217 /* SuperIOPlugin.h */,
				6A2B4E3A152179700093A217 /* SuperIOPlugin.cpp */,
			);
			name = SuperIOPlugin;
			sourceTree = "<group>";
		};
		6A2B4E4D152179C40093A217 /* Winbond W636xx Sensors */ = {
			isa = PBXGroup;
			children = (
				6A2B4E3D152179700093A217 /* W836xxSensors.h */,
				6A2B4E3C152179700093A217 /* W836xxSensors.cpp */,
			);
			name = "Winbond W636xx Sensors";
			sourceTree = "<group>";
		};
		6A2B4E4E152179D40093A217 /* Fintek F718xx Sensors */ = {
			isa = PBXGroup;
			children = (
				6A2B4E33152179700093A217 /* F718xxSensors.h */,
				6A2B4E32152179700093A217 /* F718xxSensors.cpp */,
			);
			name = "Fintek F718xx Sensors";
			sourceTree = "<group>";
		};
		6A2B4E4F152179E10093A217 /* Nuvoton NCT677x Sensors */ = {
			isa = PBXGroup;
			children = (
				6A2B4E37152179700093A217 /* NCT677xSensors.h */,
				6A2B4E36152179700093A217 /* NCT677xSensors.cpp */,
			);
			name = "Nuvoton NCT677x Sensors";
			sourceTree = "<group>";
		};
		6A4E473A152178A00038C5DE /* LPCSensors */ = {
			isa = PBXGroup;
			children = (
				6A2B4E4A152179840093A217 /* Super I/O Nub */,
				6A2B4E4C152179A80093A217 /* SuperIOPlugin */,
				6A2B4E4B152179960093A217 /* ITE IT87xx Sensors */,
				6A2B4E4D152179C40093A217 /* Winbond W636xx Sensors */,
				6A2B4E4E152179D40093A217 /* Fintek F718xx Sensors */,
				6A2B4E4F152179E10093A217 /* Nuvoton NCT677x Sensors */,
				6A4E473B152178A00038C5DE /* Supporting Files */,
			);
			name = LPCSensors;
			path = SuperIOSensors;
			sourceTree = "<group>";
		};
		6A4E473B152178A00038C5DE /* Supporting Files */ = {
			isa = PBXGroup;
			children = (
				7E0A2BA6167C741A0060C153 /* SuperIOSensors-Info.plist */,
				6A4E473D152178A00038C5DE /* InfoPlist.strings */,
				6A4E4743152178A00038C5DE /* SuperIOSensors-Prefix.pch */,
			);
			name = "Supporting Files";
			sourceTree = "<group>";
		};
		6A9955BD14EFAD360052C702 /* Shared */ = {
			isa = PBXGroup;
			children = (
				7E93890015945B450005316D /* FakeSMCDefinitions.h */,
				7E9E7BA616E3D17D00CC8D5D /* SmcKeysDefinitions.h */,
				7EB00809168014BE00320B70 /* HWSensorsVersion.pch */,
				7E5D8E5C16C643BD00CB6720 /* version.plist */,
				7EBB50D915EEAE3C00FEBBB9 /* README.txt */,
				7E5CFA1B16988E8A00F0E9AD /* Linux */,
				7EF31BB716207C6B00E9B055 /* Kernel */,
				7EB692E615C99A0E0009B2E2 /* Licenses */,
			);
			path = Shared;
			sourceTree = "<group>";
		};
		6AAF9FB6151DC8D1007EACE2 /* FakeSMCPlugin */ = {
			isa = PBXGroup;
			children = (
				6A9C468A14E657EE0083E5E6 /* FakeSMCPlugin.h */,
				6A9C468914E657EE0083E5E6 /* FakeSMCPlugin.cpp */,
			);
			name = FakeSMCPlugin;
			sourceTree = "<group>";
		};
		7E0A2BA3167C731D0060C153 /* nouveau */ = {
			isa = PBXGroup;
			children = (
				7E9F5467167C71D9006E907B /* nouveau_definitions.h */,
				7E9F5464167C71D9006E907B /* nouveau.h */,
				7E9F5463167C71D9006E907B /* nouveau.cpp */,
				7E9F5466167C71D9006E907B /* nouveau_bios.h */,
				7E9F5465167C71D9006E907B /* nouveau_bios.cpp */,
				7E9F5469167C71D9006E907B /* nouveau_gpio.h */,
				7E9F5468167C71D9006E907B /* nouveau_gpio.cpp */,
				7E9F546B167C71D9006E907B /* nouveau_i2c.h */,
				7E9F546A167C71D9006E907B /* nouveau_i2c_base.cpp */,
				7E9F546C167C71D9006E907B /* nouveau_i2c_aux.cpp */,
				7E9F546D167C71D9006E907B /* nouveau_i2c_bit.cpp */,
				7E9F546F167C71D9006E907B /* nouveau_therm.h */,
				7E9F546E167C71D9006E907B /* nouveau_therm.cpp */,
				7E9F5471167C71D9006E907B /* nouveau_volt.h */,
				7E9F5470167C71D9006E907B /* nouveau_volt.cpp */,
				7E9F5473167C71D9006E907B /* nouveau_xpio.h */,
				7E9F5472167C71D9006E907B /* nouveau_xpio.cpp */,
				7E9F5484167C71D9006E907B /* vga.cpp */,
				7E9F5485167C71D9006E907B /* vga.h */,
				7E9F5475167C71D9006E907B /* nv10.h */,
				7E9F5474167C71D9006E907B /* nv10.cpp */,
				7E9F5477167C71D9006E907B /* nv40.h */,
				7E9F5476167C71D9006E907B /* nv40.cpp */,
				7E9F5479167C71D9006E907B /* nv50.h */,
				7E9F5478167C71D9006E907B /* nv50.cpp */,
				7E9F547B167C71D9006E907B /* nva3.h */,
				7E9F547A167C71D9006E907B /* nva3.cpp */,
				7E9F547D167C71D9006E907B /* nvc0.h */,
				7E9F547C167C71D9006E907B /* nvc0.cpp */,
				7E9F5481167C71D9006E907B /* nvd0.h */,
				7E9F5480167C71D9006E907B /* nvd0.cpp */,
				7E9F5483167C71D9006E907B /* nve0.h */,
				7E9F5482167C71D9006E907B /* nve0.cpp */,
			);
			name = nouveau;
			sourceTree = "<group>";
		};
		7E138D88169A909F007BE068 /* radeon */ = {
			isa = PBXGroup;
			children = (
				7E17E16E169C422600E40FC7 /* radeon_definitions.h */,
				7E24AF81169CBB9700040AF4 /* atom-names.h */,
				7EB1366B169C2CE700B42023 /* atom.h */,
				7EB1366A169C2CE700B42023 /* atom.cpp */,
				7EB13663169C280F00B42023 /* atombios.h */,
				7E138D86169A8F8C007BE068 /* radeon_family.h */,
				7E9F544E167C71D1006E907B /* radeon.h */,
				7EB13666169C288000B42023 /* radeon_atombios.h */,
				7EB13665169C288000B42023 /* radeon_atombios.cpp */,
				7E138D8B169A910B007BE068 /* r600d.h */,
				7E0EB896169A9D3C000DF2B1 /* r600.h */,
				7E0EB895169A9D3C000DF2B1 /* r600.cpp */,
				7E138D8D169A9112007BE068 /* rv770d.h */,
				7E0EB89A169A9DBE000DF2B1 /* rv770.h */,
				7E0EB899169A9DBE000DF2B1 /* rv770.cpp */,
				7E17E170169C532100E40FC7 /* si.h */,
				7E17E16F169C532000E40FC7 /* si.cpp */,
				7E138D89169A90D3007BE068 /* evergreend.h */,
				7E0EB893169A9C4D000DF2B1 /* evergreen.h */,
				7E0EB890169A9A9A000DF2B1 /* evergreen.cpp */,
			);
			name = radeon;
			sourceTree = "<group>";
		};
		7E2512E816A04A0F001445EE /* linux driver configuration */ = {
			isa = PBXGroup;
			children = (
				7E138D83169A885F007BE068 /* radeon_chipinfo_gen.h */,
			);
			name = "linux driver configuration";
			sourceTree = "<group>";
		};
		7E5A8CB51605EA7300FF0099 /* OEMInfo */ = {
			isa = PBXGroup;
			children = (
				7E5A8CB81605EAA400FF0099 /* OEMInfo.h */,
				7E5A8CB71605EAA400FF0099 /* OEMInfo.cpp */,
			);
			name = OEMInfo;
			path = ../Shared;
			sourceTree = "<group>";
		};
		7E5CFA1B16988E8A00F0E9AD /* Linux */ = {
			isa = PBXGroup;
			children = (
				7E5CFA1D16988E9C00F0E9AD /* linux_definitions.h */,
				7E5CFA1F16988EA300F0E9AD /* list.h */,
				7E5CFA2416988EBE00F0E9AD /* i2c_base.h */,
				7E5CFA2316988EBE00F0E9AD /* i2c_base.cpp */,
				7E5CFA2216988EBE00F0E9AD /* i2c_algo_bit.h */,
				7E5CFA2116988EBE00F0E9AD /* i2c_algo_bit.cpp */,
			);
			name = Linux;
			sourceTree = "<group>";
		};
		7E79B81B15BA99350079AAE8 /* CPUSensors */ = {
			isa = PBXGroup;
			children = (
				7E79B82115BA99350079AAE8 /* CPUSensors.h */,
				7E79B82215BA99350079AAE8 /* CPUSensors.cpp */,
				7E79B81C15BA99350079AAE8 /* Supporting Files */,
			);
			path = CPUSensors;
			sourceTree = "<group>";
		};
		7E79B81C15BA99350079AAE8 /* Supporting Files */ = {
			isa = PBXGroup;
			children = (
				7E0A2BA8167C746D0060C153 /* CPUSensors-Info.plist */,
				7E79B81E15BA99350079AAE8 /* InfoPlist.strings */,
				7E79B82415BA99350079AAE8 /* CPUSensors-Prefix.pch */,
			);
			name = "Supporting Files";
			sourceTree = "<group>";
		};
		7E9F544B167C71D1006E907B /* RadeonSensors */ = {
			isa = PBXGroup;
			children = (
				7E2512E816A04A0F001445EE /* linux driver configuration */,
				7E138D88169A909F007BE068 /* radeon */,
				7E9F5450167C71D1006E907B /* RadeonSensors.h */,
				7E9F544F167C71D1006E907B /* RadeonSensors.cpp */,
			);
			path = RadeonSensors;
			sourceTree = "<group>";
		};
		7E9F5456167C71D9006E907B /* GeForceSensors */ = {
			isa = PBXGroup;
			children = (
				7E0A2BA3167C731D0060C153 /* nouveau */,
				7E9F54C4167C7213006E907B /* NVCLock */,
				7E9F545B167C71D9006E907B /* GeforceSensors.h */,
				7E9F545A167C71D9006E907B /* GeforceSensors.cpp */,
			);
			name = GeForceSensors;
			path = NouveauSensors;
			sourceTree = "<group>";
		};
		7E9F54BF167C71DF006E907B /* GMASensors */ = {
			isa = PBXGroup;
			children = (
				7E9F54C1167C71DF006E907B /* GmaSensors.h */,
				7E9F54C0167C71DF006E907B /* GmaSensors.cpp */,
			);
			path = GMASensors;
			sourceTree = "<group>";
		};
		7E9F54C4167C7213006E907B /* NVCLock */ = {
			isa = PBXGroup;
			children = (
				7E9F5457167C71D9006E907B /* adt7473.cpp */,
				7E9F5458167C71D9006E907B /* f75375.cpp */,
				7E9F5459167C71D9006E907B /* f75375.h */,
				7E9F5462167C71D9006E907B /* lm99.cpp */,
				7E9F5486167C71D9006E907B /* w83781d.cpp */,
				7E9F5487167C71D9006E907B /* w83l785r.cpp */,
				7E9F5488167C71D9006E907B /* xf86i2c.cpp */,
				7E9F5489167C71D9006E907B /* xf86i2c.h */,
				7E9F548A167C71D9006E907B /* xfree.h */,
				7E9F547E167C71D9006E907B /* nvclock_i2c.cpp */,
				7E9F547F167C71D9006E907B /* nvclock_i2c.h */,
			);
			name = NVCLock;
			sourceTree = "<group>";
		};
		7EADE20815E5602F00FD117C /* GPUSensors */ = {
			isa = PBXGroup;
			children = (
				7E9F54BF167C71DF006E907B /* GMASensors */,
				7E9F5456167C71D9006E907B /* GeForceSensors */,
				7E9F544B167C71D1006E907B /* RadeonSensors */,
				7EADE20915E5602F00FD117C /* Supporting Files */,
			);
			path = GPUSensors;
			sourceTree = "<group>";
		};
		7EADE20915E5602F00FD117C /* Supporting Files */ = {
			isa = PBXGroup;
			children = (
				7E0A2BA4167C73F50060C153 /* GPUSensors-Info.plist */,
				7EADE20B15E5602F00FD117C /* InfoPlist.strings */,
				7EADE21115E5602F00FD117C /* GPUSensors-Prefix.pch */,
			);
			name = "Supporting Files";
			sourceTree = "<group>";
		};
		7EB6451715E81442008C6A95 /* PTIDSensors */ = {
			isa = PBXGroup;
			children = (
				7EBEC2A215E78B7B00537027 /* PTIDSensors.h */,
				7EBEC2A115E78B7B00537027 /* PTIDSensors.cpp */,
			);
			name = PTIDSensors;
			sourceTree = "<group>";
		};
		7EB6451915E81451008C6A95 /* ACPISensors */ = {
			isa = PBXGroup;
			children = (
				1D6FE3FE13FEC03100376E64 /* ACPISensors.h */,
				1D6FE3FD13FEC03100376E64 /* ACPISensors.cpp */,
			);
			name = ACPISensors;
			sourceTree = "<group>";
		};
		7EB692E615C99A0E0009B2E2 /* Licenses */ = {
			isa = PBXGroup;
			children = (
				7E78628E1632F0B7001984B9 /* fakesmc.txt */,
				7EB692E715C99A2E0009B2E2 /* gpl.txt */,
			);
			name = Licenses;
			sourceTree = "<group>";
		};
		7EF31BB716207C6B00E9B055 /* Kernel */ = {
			isa = PBXGroup;
			children = (
				6A9955C214EFAEE50052C702 /* cpuid.h */,
				7EBCF8791615A84C00E16D3B /* timer.h */,
			);
			name = Kernel;
			sourceTree = "<group>";
		};
		7EFAE90316EBC8AD00F4DA72 /* Other Frameworks */ = {
			isa = PBXGroup;
			children = (
				7EFAE90416EBC8AD00F4DA72 /* AppKit.framework */,
				7EFAE90516EBC8AD00F4DA72 /* CoreData.framework */,
				7EFAE90616EBC8AD00F4DA72 /* Foundation.framework */,
			);
			name = "Other Frameworks";
			sourceTree = "<group>";
		};
/* End PBXGroup section */

/* Begin PBXNativeTarget section */
		1D05ABE313ED0DAD00EADBF6 /* FakeSMC */ = {
			isa = PBXNativeTarget;
			buildConfigurationList = 1D05ABF413ED0DAD00EADBF6 /* Build configuration list for PBXNativeTarget "FakeSMC" */;
			buildPhases = (
				1D05ABDE13ED0DAD00EADBF6 /* Sources */,
				1D05ABDF13ED0DAD00EADBF6 /* Frameworks */,
				7EE460BF167BB796007CD680 /* ShellScript */,
				1D05ABE113ED0DAD00EADBF6 /* Resources */,
			);
			buildRules = (
			);
			dependencies = (
			);
			name = FakeSMC;
			productName = FakeSMC;
			productReference = 1D05ABE413ED0DAD00EADBF6 /* FakeSMC.kext */;
			productType = "com.apple.product-type.kernel-extension";
		};
		1D6FE3ED13FEBFF200376E64 /* ACPISensors */ = {
			isa = PBXNativeTarget;
			buildConfigurationList = 1D6FE3FA13FEBFF200376E64 /* Build configuration list for PBXNativeTarget "ACPISensors" */;
			buildPhases = (
				1D6FE3E813FEBFF200376E64 /* Sources */,
				1D6FE3E913FEBFF200376E64 /* Frameworks */,
				7EE460BE167BB790007CD680 /* ShellScript */,
				1D6FE3EB13FEBFF200376E64 /* Resources */,
			);
			buildRules = (
			);
			dependencies = (
			);
			name = ACPISensors;
			productName = ACPISensors;
			productReference = 1D6FE3EE13FEBFF200376E64 /* ACPISensors.kext */;
			productType = "com.apple.product-type.kernel-extension";
		};
		6A4E4738152178A00038C5DE /* LPCSensors */ = {
			isa = PBXNativeTarget;
			buildConfigurationList = 6A4E4744152178A00038C5DE /* Build configuration list for PBXNativeTarget "LPCSensors" */;
			buildPhases = (
				6A4E4733152178A00038C5DE /* Sources */,
				6A4E4734152178A00038C5DE /* Frameworks */,
				7EE460BB167BB736007CD680 /* ShellScript */,
				6A4E4736152178A00038C5DE /* Resources */,
			);
			buildRules = (
			);
			dependencies = (
			);
			name = LPCSensors;
			productName = SuperIOSensors;
			productReference = 6A4E4739152178A00038C5DE /* LPCSensors.kext */;
			productType = "com.apple.product-type.kernel-extension";
		};
		7E79B81915BA99350079AAE8 /* CPUSensors */ = {
			isa = PBXNativeTarget;
			buildConfigurationList = 7E79B82515BA99350079AAE8 /* Build configuration list for PBXNativeTarget "CPUSensors" */;
			buildPhases = (
				7E79B81415BA99350079AAE8 /* Sources */,
				7E79B81515BA99350079AAE8 /* Frameworks */,
				7EE460BD167BB78B007CD680 /* ShellScript */,
				7E79B81715BA99350079AAE8 /* Resources */,
			);
			buildRules = (
			);
			dependencies = (
			);
			name = CPUSensors;
			productName = CPUSensors;
			productReference = 7E79B81A15BA99350079AAE8 /* CPUSensors.kext */;
			productType = "com.apple.product-type.kernel-extension";
		};
		7EADE20615E5602E00FD117C /* GPUSensors */ = {
			isa = PBXNativeTarget;
			buildConfigurationList = 7EADE21415E5602F00FD117C /* Build configuration list for PBXNativeTarget "GPUSensors" */;
			buildPhases = (
				7EADE20115E5602E00FD117C /* Sources */,
				7EADE20215E5602E00FD117C /* Frameworks */,
				7EB4C7AB16C666A500102138 /* ShellScript */,
				7EADE20415E5602E00FD117C /* Resources */,
			);
			buildRules = (
			);
			dependencies = (
			);
			name = GPUSensors;
			productName = GPUSensors;
			productReference = 7EADE20715E5602E00FD117C /* GPUSensors.kext */;
			productType = "com.apple.product-type.kernel-extension";
		};
/* End PBXNativeTarget section */

/* Begin PBXProject section */
		1D05ABAF13ED0D7000EADBF6 /* Project object */ = {
			isa = PBXProject;
			attributes = {
				LastUpgradeCheck = 0460;
			};
			buildConfigurationList = 1D05ABB213ED0D7000EADBF6 /* Build configuration list for PBXProject "HWSensors" */;
			compatibilityVersion = "Xcode 3.2";
			developmentRegion = English;
			hasScannedForEncodings = 0;
			knownRegions = (
				en,
				ru,
				fr,
				es,
				it,
				"pt-BR",
			);
			mainGroup = 1D05ABAD13ED0D7000EADBF6;
			productRefGroup = 1D05ABE513ED0DAD00EADBF6 /* Products */;
			projectDirPath = "";
			projectRoot = "";
			targets = (
				1D05ABE313ED0DAD00EADBF6 /* FakeSMC */,
				1D6FE3ED13FEBFF200376E64 /* ACPISensors */,
				7E79B81915BA99350079AAE8 /* CPUSensors */,
				7EADE20615E5602E00FD117C /* GPUSensors */,
				6A4E4738152178A00038C5DE /* LPCSensors */,
				7E5D8E6216C6466300CB6720 /* Bump Build Number */,
				7E86E05016CFD352001B9F52 /* Bump Project Version */,
			);
		};
/* End PBXProject section */

/* Begin PBXResourcesBuildPhase section */
		1D05ABE113ED0DAD00EADBF6 /* Resources */ = {
			isa = PBXResourcesBuildPhase;
			buildActionMask = 2147483647;
			files = (
				1D6FE40313FEC11300376E64 /* InfoPlist.strings in Resources */,
			);
			runOnlyForDeploymentPostprocessing = 0;
		};
		1D6FE3EB13FEBFF200376E64 /* Resources */ = {
			isa = PBXResourcesBuildPhase;
			buildActionMask = 2147483647;
			files = (
				1D6FE3F413FEBFF200376E64 /* InfoPlist.strings in Resources */,
			);
			runOnlyForDeploymentPostprocessing = 0;
		};
		6A4E4736152178A00038C5DE /* Resources */ = {
			isa = PBXResourcesBuildPhase;
			buildActionMask = 2147483647;
			files = (
				6A4E473F152178A00038C5DE /* InfoPlist.strings in Resources */,
			);
			runOnlyForDeploymentPostprocessing = 0;
		};
		7E79B81715BA99350079AAE8 /* Resources */ = {
			isa = PBXResourcesBuildPhase;
			buildActionMask = 2147483647;
			files = (
				7E79B82015BA99350079AAE8 /* InfoPlist.strings in Resources */,
			);
			runOnlyForDeploymentPostprocessing = 0;
		};
		7EADE20415E5602E00FD117C /* Resources */ = {
			isa = PBXResourcesBuildPhase;
			buildActionMask = 2147483647;
			files = (
				7EADE20D15E5602F00FD117C /* InfoPlist.strings in Resources */,
			);
			runOnlyForDeploymentPostprocessing = 0;
		};
/* End PBXResourcesBuildPhase section */

/* Begin PBXShellScriptBuildPhase section */
		7E5D8E6616C646CC00CB6720 /* ShellScript */ = {
			isa = PBXShellScriptBuildPhase;
			buildActionMask = 2147483647;
			files = (
			);
			inputPaths = (
			);
			outputPaths = (
			);
			runOnlyForDeploymentPostprocessing = 0;
			shellPath = /bin/sh;
			shellScript = "#!/bin/sh\n# Increment project's build number\n\nif [[ $(git status ${PROJECT_DIR} | grep -c modified) == \"0\" ]]; then\n    exit 0\nfi\n\nBUILDNUM=$(/usr/libexec/PlistBuddy -c \"Print BuildNumber\" \"${VERSION_FILE}\")\nBUILDNUM=$(($BUILDNUM + 1))\n/usr/libexec/PlistBuddy -c \"Set :BuildNumber $BUILDNUM\" \"${VERSION_FILE}\"\n";
		};
		7E86E05116CFD352001B9F52 /* ShellScript */ = {
			isa = PBXShellScriptBuildPhase;
			buildActionMask = 12;
			files = (
			);
			inputPaths = (
			);
			outputPaths = (
			);
			runOnlyForDeploymentPostprocessing = 0;
			shellPath = /bin/sh;
			shellScript = "#!/bin/sh\n\nif [[ $(git status ${PROJECT_DIR} | grep -c modified) == \"0\" ]]; then\n    exit 0\nfi\n\n# 2013 (c) sekati\n# https://gist.github.com/sekati/3172554\n# xcode-version-bump.sh\n# @desc Auto-increment the version number (only) when a project is archived for export.\n# @usage\n# 1. Select: your Target in Xcode\n# 2. Select: Build Phases Tab\n# 3. Select: Add Build Phase -> Add Run Script\n# 4. Paste code below in to new \"Run Script\" section\n# 5. Check the checkbox \"Run script only when installing\"\n# 6. Drag the \"Run Script\" below \"Link Binaries With Libraries\"\n# 7. Insure your starting version number is in SemVer format (e.g. 1.0.0)\n\n# This splits a two-decimal version string, such as \"0.45.123\", allowing us to increment the third position.\nVERSIONNUM=$(/usr/libexec/PlistBuddy -c \"Print ProjectVersion\" \"${VERSION_FILE}\")\nNEWSUBVERSION=`echo $VERSIONNUM | awk -F \".\" '{print $3}'`\nNEWSUBVERSION=$(($NEWSUBVERSION + 1))\nNEWVERSIONSTRING=`echo $VERSIONNUM | awk -F \".\" '{print $1 \".\" $2 \".'$NEWSUBVERSION'\" }'`\n/usr/libexec/PlistBuddy -c \"Set :ProjectVersion $NEWVERSIONSTRING\" \"${VERSION_FILE}\"\n";
		};
		7EB4C7AB16C666A500102138 /* ShellScript */ = {
			isa = PBXShellScriptBuildPhase;
			buildActionMask = 2147483647;
			files = (
			);
			inputPaths = (
			);
			outputPaths = (
			);
			runOnlyForDeploymentPostprocessing = 0;
			shellPath = /bin/sh;
			shellScript = "#!/bin/sh\nSHORTVERSION=$(/usr/libexec/PlistBuddy -c \"Print ProjectVersion\" \"${PROJECT_DIR}/${VERSION_FILE}\")\n/usr/libexec/PlistBuddy -c \"Set :CFBundleShortVersionString $SHORTVERSION\" \"${INFOPLIST_FILE}\"\n\nif [[ $(git status ${PROJECT_DIR}/${TARGET_DIR} | grep -c modified) == \"0\" ]]; then\n    exit 0\nfi\n\nVERSIONNUM=$(/usr/libexec/PlistBuddy -c \"Print CFBundleVersion\" \"${INFOPLIST_FILE}\")\nVERSIONNUM=$(($VERSIONNUM + 1))\n/usr/libexec/PlistBuddy -c \"Set :CFBundleVersion $VERSIONNUM\" \"${INFOPLIST_FILE}\"";
		};
		7EE460BB167BB736007CD680 /* ShellScript */ = {
			isa = PBXShellScriptBuildPhase;
			buildActionMask = 12;
			files = (
			);
			inputPaths = (
			);
			outputPaths = (
			);
			runOnlyForDeploymentPostprocessing = 0;
			shellPath = /bin/sh;
			shellScript = "#!/bin/sh\nSHORTVERSION=$(/usr/libexec/PlistBuddy -c \"Print ProjectVersion\" \"${PROJECT_DIR}/${VERSION_FILE}\")\n/usr/libexec/PlistBuddy -c \"Set :CFBundleShortVersionString $SHORTVERSION\" \"${INFOPLIST_FILE}\"\n\nif [[ $(git status ${PROJECT_DIR}/${TARGET_DIR} | grep -c modified) == \"0\" ]]; then\n    exit 0\nfi\n\nVERSIONNUM=$(/usr/libexec/PlistBuddy -c \"Print CFBundleVersion\" \"${INFOPLIST_FILE}\")\nVERSIONNUM=$(($VERSIONNUM + 1))\n/usr/libexec/PlistBuddy -c \"Set :CFBundleVersion $VERSIONNUM\" \"${INFOPLIST_FILE}\"";
		};
		7EE460BD167BB78B007CD680 /* ShellScript */ = {
			isa = PBXShellScriptBuildPhase;
			buildActionMask = 12;
			files = (
			);
			inputPaths = (
			);
			outputPaths = (
			);
			runOnlyForDeploymentPostprocessing = 0;
			shellPath = /bin/sh;
			shellScript = "#!/bin/sh\nSHORTVERSION=$(/usr/libexec/PlistBuddy -c \"Print ProjectVersion\" \"${PROJECT_DIR}/${VERSION_FILE}\")\n/usr/libexec/PlistBuddy -c \"Set :CFBundleShortVersionString $SHORTVERSION\" \"${INFOPLIST_FILE}\"\n\nif [[ $(git status ${PROJECT_DIR}/${TARGET_DIR} | grep -c modified) == \"0\" ]]; then\n    exit 0\nfi\n\nVERSIONNUM=$(/usr/libexec/PlistBuddy -c \"Print CFBundleVersion\" \"${INFOPLIST_FILE}\")\nVERSIONNUM=$(($VERSIONNUM + 1))\n/usr/libexec/PlistBuddy -c \"Set :CFBundleVersion $VERSIONNUM\" \"${INFOPLIST_FILE}\"";
		};
		7EE460BE167BB790007CD680 /* ShellScript */ = {
			isa = PBXShellScriptBuildPhase;
			buildActionMask = 12;
			files = (
			);
			inputPaths = (
			);
			outputPaths = (
			);
			runOnlyForDeploymentPostprocessing = 0;
			shellPath = /bin/sh;
			shellScript = "#!/bin/sh\nSHORTVERSION=$(/usr/libexec/PlistBuddy -c \"Print ProjectVersion\" \"${PROJECT_DIR}/${VERSION_FILE}\")\n/usr/libexec/PlistBuddy -c \"Set :CFBundleShortVersionString $SHORTVERSION\" \"${INFOPLIST_FILE}\"\n\nif [[ $(git status ${PROJECT_DIR}/${TARGET_DIR} | grep -c modified) == \"0\" ]]; then\n    exit 0\nfi\n\nVERSIONNUM=$(/usr/libexec/PlistBuddy -c \"Print CFBundleVersion\" \"${INFOPLIST_FILE}\")\nVERSIONNUM=$(($VERSIONNUM + 1))\n/usr/libexec/PlistBuddy -c \"Set :CFBundleVersion $VERSIONNUM\" \"${INFOPLIST_FILE}\"";
		};
		7EE460BF167BB796007CD680 /* ShellScript */ = {
			isa = PBXShellScriptBuildPhase;
			buildActionMask = 12;
			files = (
			);
			inputPaths = (
			);
			outputPaths = (
			);
			runOnlyForDeploymentPostprocessing = 0;
			shellPath = /bin/sh;
			shellScript = "#!/bin/sh\nSHORTVERSION=$(/usr/libexec/PlistBuddy -c \"Print ProjectVersion\" \"${PROJECT_DIR}/${VERSION_FILE}\")\n/usr/libexec/PlistBuddy -c \"Set :CFBundleShortVersionString $SHORTVERSION\" \"${INFOPLIST_FILE}\"\n\nif [[ $(git status ${PROJECT_DIR}/${TARGET_DIR} | grep -c modified) == \"0\" ]]; then\n    exit 0\nfi\n\nVERSIONNUM=$(/usr/libexec/PlistBuddy -c \"Print CFBundleVersion\" \"${INFOPLIST_FILE}\")\nVERSIONNUM=$(($VERSIONNUM + 1))\n/usr/libexec/PlistBuddy -c \"Set :CFBundleVersion $VERSIONNUM\" \"${INFOPLIST_FILE}\"";
		};
/* End PBXShellScriptBuildPhase section */

/* Begin PBXSourcesBuildPhase section */
		1D05ABDE13ED0DAD00EADBF6 /* Sources */ = {
			isa = PBXSourcesBuildPhase;
			buildActionMask = 2147483647;
			files = (
				6AA172D0150B415200A77CF2 /* FakeSMCKey.cpp in Sources */,
				6AA172CB150B415200A77CF2 /* FakeSMCDevice.cpp in Sources */,
				6A9C468D14E657EE0083E5E6 /* FakeSMCPlugin.cpp in Sources */,
				6AA2D0D4150B4B99004757C5 /* FakeSMC.cpp in Sources */,
				7E7862901632F633001984B9 /* OEMInfo.cpp in Sources */,
			);
			runOnlyForDeploymentPostprocessing = 0;
		};
		1D6FE3E813FEBFF200376E64 /* Sources */ = {
			isa = PBXSourcesBuildPhase;
			buildActionMask = 2147483647;
			files = (
				1D6FE3FF13FEC03100376E64 /* ACPISensors.cpp in Sources */,
				7E78CD4815EC03BC00D57BC4 /* PTIDSensors.cpp in Sources */,
			);
			runOnlyForDeploymentPostprocessing = 0;
		};
		6A4E4733152178A00038C5DE /* Sources */ = {
			isa = PBXSourcesBuildPhase;
			buildActionMask = 2147483647;
			files = (
				6A2B4E44152179700093A217 /* SuperIO.cpp in Sources */,
				6A2B4E46152179700093A217 /* SuperIOPlugin.cpp in Sources */,
				6A2B4E40152179700093A217 /* IT87xxSensors.cpp in Sources */,
				6A2B4E48152179700093A217 /* W836xxSensors.cpp in Sources */,
				6A2B4E3E152179700093A217 /* F718xxSensors.cpp in Sources */,
				6A2B4E42152179700093A217 /* NCT677xSensors.cpp in Sources */,
			);
			runOnlyForDeploymentPostprocessing = 0;
		};
		7E79B81415BA99350079AAE8 /* Sources */ = {
			isa = PBXSourcesBuildPhase;
			buildActionMask = 2147483647;
			files = (
				7E79B82315BA99350079AAE8 /* CPUSensors.cpp in Sources */,
				7E0EB891169A9A9A000DF2B1 /* evergreen.cpp in Sources */,
				7E0EB897169A9D3C000DF2B1 /* r600.cpp in Sources */,
				7E0EB89B169A9DBE000DF2B1 /* rv770.cpp in Sources */,
			);
			runOnlyForDeploymentPostprocessing = 0;
		};
		7EADE20115E5602E00FD117C /* Sources */ = {
			isa = PBXSourcesBuildPhase;
			buildActionMask = 2147483647;
			files = (
				7E0F9018169AC0EA008CE657 /* r600.cpp in Sources */,
				7E0F9019169AC0EA008CE657 /* rv770.cpp in Sources */,
				7E0F901A169AC0EA008CE657 /* evergreen.cpp in Sources */,
				7E9F5454167C71D1006E907B /* RadeonSensors.cpp in Sources */,
				7E9F548B167C71DA006E907B /* adt7473.cpp in Sources */,
				7E9F548C167C71DA006E907B /* f75375.cpp in Sources */,
				7E9F548E167C71DA006E907B /* GeforceSensors.cpp in Sources */,
				7E9F5496167C71DA006E907B /* lm99.cpp in Sources */,
				7E9F5497167C71DA006E907B /* nouveau.cpp in Sources */,
				7E9F5499167C71DA006E907B /* nouveau_bios.cpp in Sources */,
				7E9F549C167C71DA006E907B /* nouveau_gpio.cpp in Sources */,
				7E9F549E167C71DA006E907B /* nouveau_i2c_base.cpp in Sources */,
				7E9F54A0167C71DA006E907B /* nouveau_i2c_aux.cpp in Sources */,
				7E9F54A1167C71DA006E907B /* nouveau_i2c_bit.cpp in Sources */,
				7E9F54A2167C71DA006E907B /* nouveau_therm.cpp in Sources */,
				7E9F54A4167C71DA006E907B /* nouveau_volt.cpp in Sources */,
				7E9F54A6167C71DA006E907B /* nouveau_xpio.cpp in Sources */,
				7E9F54A8167C71DA006E907B /* nv10.cpp in Sources */,
				7E9F54AA167C71DA006E907B /* nv40.cpp in Sources */,
				7E9F54AC167C71DA006E907B /* nv50.cpp in Sources */,
				7E9F54AE167C71DA006E907B /* nva3.cpp in Sources */,
				7E9F54B0167C71DA006E907B /* nvc0.cpp in Sources */,
				7E9F54B2167C71DA006E907B /* nvclock_i2c.cpp in Sources */,
				7E9F54B4167C71DA006E907B /* nvd0.cpp in Sources */,
				7E9F54B6167C71DA006E907B /* nve0.cpp in Sources */,
				7E9F54B8167C71DA006E907B /* vga.cpp in Sources */,
				7E9F54BA167C71DA006E907B /* w83781d.cpp in Sources */,
				7E9F54BB167C71DA006E907B /* w83l785r.cpp in Sources */,
				7E9F54BC167C71DA006E907B /* xf86i2c.cpp in Sources */,
				7E9F54C2167C71DF006E907B /* GmaSensors.cpp in Sources */,
				7E5CFA2516988EBE00F0E9AD /* i2c_algo_bit.cpp in Sources */,
				7E5CFA2716988EBE00F0E9AD /* i2c_base.cpp in Sources */,
				7EB13667169C288000B42023 /* radeon_atombios.cpp in Sources */,
				7EB1366C169C2CE800B42023 /* atom.cpp in Sources */,
				7E17E171169C532100E40FC7 /* si.cpp in Sources */,
			);
			runOnlyForDeploymentPostprocessing = 0;
		};
/* End PBXSourcesBuildPhase section */

/* Begin PBXVariantGroup section */
		1D05AC0713ED0E9600EADBF6 /* InfoPlist.strings */ = {
			isa = PBXVariantGroup;
			children = (
				1D05AC0813ED0E9600EADBF6 /* en */,
			);
			name = InfoPlist.strings;
			sourceTree = "<group>";
		};
		1D6FE3F213FEBFF200376E64 /* InfoPlist.strings */ = {
			isa = PBXVariantGroup;
			children = (
				1D6FE3F313FEBFF200376E64 /* en */,
			);
			name = InfoPlist.strings;
			sourceTree = "<group>";
		};
		6A4E473D152178A00038C5DE /* InfoPlist.strings */ = {
			isa = PBXVariantGroup;
			children = (
				6A4E473E152178A00038C5DE /* en */,
			);
			name = InfoPlist.strings;
			sourceTree = "<group>";
		};
		7E79B81E15BA99350079AAE8 /* InfoPlist.strings */ = {
			isa = PBXVariantGroup;
			children = (
				7E79B81F15BA99350079AAE8 /* en */,
			);
			name = InfoPlist.strings;
			sourceTree = "<group>";
		};
		7EADE20B15E5602F00FD117C /* InfoPlist.strings */ = {
			isa = PBXVariantGroup;
			children = (
				7EADE20C15E5602F00FD117C /* en */,
			);
			name = InfoPlist.strings;
			sourceTree = "<group>";
		};
/* End PBXVariantGroup section */

/* Begin XCBuildConfiguration section */
		1D05ABB413ED0D7000EADBF6 /* Debug */ = {
			isa = XCBuildConfiguration;
			buildSettings = {
				ARCHS = "$(ARCHS_STANDARD_64_BIT)";
				CLANG_WARN_CONSTANT_CONVERSION = YES;
				CLANG_WARN_EMPTY_BODY = YES;
				CLANG_WARN_ENUM_CONVERSION = YES;
				CLANG_WARN_IMPLICIT_SIGN_CONVERSION = NO;
				CLANG_WARN_INT_CONVERSION = YES;
				CLANG_WARN_OBJC_MISSING_PROPERTY_SYNTHESIS = YES;
				CLANG_WARN_OBJC_RECEIVER_WEAK = YES;
				CLANG_WARN__DUPLICATE_METHOD_MATCH = YES;
				CONFIGURATION_BUILD_DIR = Binaries;
				DEBUG_INFORMATION_FORMAT = dwarf;
				GCC_TREAT_IMPLICIT_FUNCTION_DECLARATIONS_AS_ERRORS = YES;
				GCC_WARN_64_TO_32_BIT_CONVERSION = YES;
				GCC_WARN_ABOUT_MISSING_FIELD_INITIALIZERS = YES;
				GCC_WARN_ABOUT_MISSING_PROTOTYPES = YES;
				GCC_WARN_ABOUT_RETURN_TYPE = YES;
				GCC_WARN_INITIALIZER_NOT_FULLY_BRACKETED = YES;
				GCC_WARN_NON_VIRTUAL_DESTRUCTOR = YES;
				GCC_WARN_SHADOW = YES;
				GCC_WARN_SIGN_COMPARE = YES;
				GCC_WARN_UNDECLARED_SELECTOR = YES;
				GCC_WARN_UNINITIALIZED_AUTOS = YES;
				GCC_WARN_UNUSED_FUNCTION = YES;
				GCC_WARN_UNUSED_LABEL = YES;
				GCC_WARN_UNUSED_VARIABLE = YES;
				INFOPLIST_PREFIX_HEADER = Shared/HWSensorsVersion.pch;
				INFOPLIST_PREPROCESS = YES;
				MACOSX_DEPLOYMENT_TARGET = 10.7;
				ONLY_ACTIVE_ARCH = YES;
				SDKROOT = macosx10.7;
				SKIP_INSTALL = YES;
				VALID_ARCHS = x86_64;
				VERSION_FILE = Shared/version.plist;
			};
			name = Debug;
		};
		1D05ABB513ED0D7000EADBF6 /* Release */ = {
			isa = XCBuildConfiguration;
			buildSettings = {
				ARCHS = "$(ARCHS_STANDARD_64_BIT)";
				CLANG_WARN_CONSTANT_CONVERSION = YES;
				CLANG_WARN_EMPTY_BODY = YES;
				CLANG_WARN_ENUM_CONVERSION = YES;
				CLANG_WARN_IMPLICIT_SIGN_CONVERSION = NO;
				CLANG_WARN_INT_CONVERSION = YES;
				CLANG_WARN_OBJC_MISSING_PROPERTY_SYNTHESIS = YES;
				CLANG_WARN_OBJC_RECEIVER_WEAK = YES;
				CLANG_WARN__DUPLICATE_METHOD_MATCH = YES;
				CONFIGURATION_BUILD_DIR = Binaries;
				DEBUG_INFORMATION_FORMAT = dwarf;
				GCC_TREAT_IMPLICIT_FUNCTION_DECLARATIONS_AS_ERRORS = YES;
				GCC_WARN_64_TO_32_BIT_CONVERSION = YES;
				GCC_WARN_ABOUT_MISSING_FIELD_INITIALIZERS = YES;
				GCC_WARN_ABOUT_MISSING_PROTOTYPES = YES;
				GCC_WARN_ABOUT_RETURN_TYPE = YES;
				GCC_WARN_INITIALIZER_NOT_FULLY_BRACKETED = YES;
				GCC_WARN_NON_VIRTUAL_DESTRUCTOR = YES;
				GCC_WARN_SHADOW = YES;
				GCC_WARN_SIGN_COMPARE = YES;
				GCC_WARN_UNDECLARED_SELECTOR = YES;
				GCC_WARN_UNINITIALIZED_AUTOS = YES;
				GCC_WARN_UNUSED_FUNCTION = YES;
				GCC_WARN_UNUSED_LABEL = YES;
				GCC_WARN_UNUSED_VARIABLE = YES;
				INFOPLIST_PREFIX_HEADER = Shared/HWSensorsVersion.pch;
				INFOPLIST_PREPROCESS = YES;
				MACOSX_DEPLOYMENT_TARGET = 10.7;
				SDKROOT = macosx10.7;
				SKIP_INSTALL = YES;
				VALID_ARCHS = x86_64;
				VERSION_FILE = Shared/version.plist;
			};
			name = Release;
		};
		1D05ABF513ED0DAD00EADBF6 /* Debug */ = {
			isa = XCBuildConfiguration;
			buildSettings = {
				ALWAYS_SEARCH_USER_PATHS = NO;
				CLANG_WARN__DUPLICATE_METHOD_MATCH = YES;
				COMBINE_HIDPI_IMAGES = YES;
				GCC_C_LANGUAGE_STANDARD = gnu99;
				GCC_DYNAMIC_NO_PIC = NO;
				GCC_ENABLE_OBJC_EXCEPTIONS = YES;
				GCC_PRECOMPILE_PREFIX_HEADER = YES;
				GCC_PREFIX_HEADER = "FakeSMC/FakeSMC-Prefix.pch";
				GCC_PREPROCESSOR_DEFINITIONS = (
					"DEBUG=1",
					"$(inherited)",
				);
				GCC_SYMBOLS_PRIVATE_EXTERN = NO;
				GCC_WARN_UNUSED_VARIABLE = YES;
				INFOPLIST_FILE = "Plists/FakeSMC-Info.plist";
				MODULE_NAME = "org.netkas.${PRODUCT_NAME}";
				PRODUCT_NAME = "$(TARGET_NAME)";
				TARGET_DIR = FakeSMC;
				WRAPPER_EXTENSION = kext;
			};
			name = Debug;
		};
		1D05ABF613ED0DAD00EADBF6 /* Release */ = {
			isa = XCBuildConfiguration;
			buildSettings = {
				ALWAYS_SEARCH_USER_PATHS = NO;
				CLANG_WARN__DUPLICATE_METHOD_MATCH = YES;
				COMBINE_HIDPI_IMAGES = YES;
				GCC_C_LANGUAGE_STANDARD = gnu99;
				GCC_ENABLE_OBJC_EXCEPTIONS = YES;
				GCC_PRECOMPILE_PREFIX_HEADER = YES;
				GCC_PREFIX_HEADER = "FakeSMC/FakeSMC-Prefix.pch";
				GCC_WARN_UNUSED_VARIABLE = YES;
				INFOPLIST_FILE = "Plists/FakeSMC-Info.plist";
				MODULE_NAME = "org.netkas.${PRODUCT_NAME}";
				PRODUCT_NAME = "$(TARGET_NAME)";
				TARGET_DIR = FakeSMC;
				WRAPPER_EXTENSION = kext;
			};
			name = Release;
		};
		1D6FE3FB13FEBFF200376E64 /* Debug */ = {
			isa = XCBuildConfiguration;
			buildSettings = {
				ALWAYS_SEARCH_USER_PATHS = NO;
				CLANG_WARN__DUPLICATE_METHOD_MATCH = YES;
				COMBINE_HIDPI_IMAGES = YES;
				GCC_C_LANGUAGE_STANDARD = gnu99;
				GCC_DYNAMIC_NO_PIC = NO;
				GCC_ENABLE_OBJC_EXCEPTIONS = YES;
				GCC_PRECOMPILE_PREFIX_HEADER = YES;
				GCC_PREFIX_HEADER = "ACPISensors/ACPISensors-Prefix.pch";
				GCC_PREPROCESSOR_DEFINITIONS = (
					"DEBUG=1",
					"$(inherited)",
				);
				GCC_SYMBOLS_PRIVATE_EXTERN = NO;
				GCC_WARN_UNUSED_VARIABLE = YES;
				INFOPLIST_FILE = "Plists/ACPISensors-Info.plist";
				INSTALL_PATH = "$(SYSTEM_LIBRARY_DIR)/Extensions/FakeSMC.kext/Contents/PlugIns";
				MODULE_NAME = "org.hwsensors.${PRODUCT_NAME}";
				PRODUCT_NAME = "$(TARGET_NAME)";
				TARGET_DIR = ACPISensors;
				WRAPPER_EXTENSION = kext;
			};
			name = Debug;
		};
		1D6FE3FC13FEBFF200376E64 /* Release */ = {
			isa = XCBuildConfiguration;
			buildSettings = {
				ALWAYS_SEARCH_USER_PATHS = NO;
				CLANG_WARN__DUPLICATE_METHOD_MATCH = YES;
				COMBINE_HIDPI_IMAGES = YES;
				GCC_C_LANGUAGE_STANDARD = gnu99;
				GCC_ENABLE_OBJC_EXCEPTIONS = YES;
				GCC_PRECOMPILE_PREFIX_HEADER = YES;
				GCC_PREFIX_HEADER = "ACPISensors/ACPISensors-Prefix.pch";
				GCC_WARN_UNUSED_VARIABLE = YES;
				INFOPLIST_FILE = "Plists/ACPISensors-Info.plist";
				INSTALL_PATH = "$(SYSTEM_LIBRARY_DIR)/Extensions/FakeSMC.kext/Contents/PlugIns";
				MODULE_NAME = "org.hwsensors.${PRODUCT_NAME}";
				PRODUCT_NAME = "$(TARGET_NAME)";
				TARGET_DIR = ACPISensors;
				WRAPPER_EXTENSION = kext;
			};
			name = Release;
		};
		6A4E4745152178A00038C5DE /* Debug */ = {
			isa = XCBuildConfiguration;
			buildSettings = {
				ALWAYS_SEARCH_USER_PATHS = NO;
				CLANG_WARN__DUPLICATE_METHOD_MATCH = YES;
				COMBINE_HIDPI_IMAGES = YES;
				GCC_C_LANGUAGE_STANDARD = gnu99;
				GCC_DYNAMIC_NO_PIC = NO;
				GCC_ENABLE_OBJC_EXCEPTIONS = YES;
				GCC_PRECOMPILE_PREFIX_HEADER = YES;
				GCC_PREFIX_HEADER = "SuperIOSensors/SuperIOSensors-Prefix.pch";
				GCC_PREPROCESSOR_DEFINITIONS = (
					"DEBUG=1",
					"$(inherited)",
				);
				GCC_SYMBOLS_PRIVATE_EXTERN = NO;
				GCC_WARN_UNUSED_VARIABLE = YES;
				INFOPLIST_FILE = "Plists/SuperIOSensors-Info.plist";
				INSTALL_PATH = "$(SYSTEM_LIBRARY_DIR)/Extensions/FakeSMC.kext/Contents/PlugIns";
				MODULE_NAME = "org.hwsensors.${PRODUCT_NAME}";
				PRODUCT_NAME = "$(TARGET_NAME)";
				TARGET_DIR = SuperIOSensors;
				WRAPPER_EXTENSION = kext;
			};
			name = Debug;
		};
		6A4E4746152178A00038C5DE /* Release */ = {
			isa = XCBuildConfiguration;
			buildSettings = {
				ALWAYS_SEARCH_USER_PATHS = NO;
				CLANG_WARN__DUPLICATE_METHOD_MATCH = YES;
				COMBINE_HIDPI_IMAGES = YES;
				GCC_C_LANGUAGE_STANDARD = gnu99;
				GCC_ENABLE_OBJC_EXCEPTIONS = YES;
				GCC_PRECOMPILE_PREFIX_HEADER = YES;
				GCC_PREFIX_HEADER = "SuperIOSensors/SuperIOSensors-Prefix.pch";
				GCC_WARN_UNUSED_VARIABLE = YES;
				INFOPLIST_FILE = "Plists/SuperIOSensors-Info.plist";
				INSTALL_PATH = "$(SYSTEM_LIBRARY_DIR)/Extensions/FakeSMC.kext/Contents/PlugIns";
				MODULE_NAME = "org.hwsensors.${PRODUCT_NAME}";
				PRODUCT_NAME = "$(TARGET_NAME)";
				TARGET_DIR = SuperIOSensors;
				WRAPPER_EXTENSION = kext;
			};
			name = Release;
		};
		7E5D8E6416C6466300CB6720 /* Debug */ = {
			isa = XCBuildConfiguration;
			buildSettings = {
				PRODUCT_NAME = "$(TARGET_NAME)";
			};
			name = Debug;
		};
		7E5D8E6516C6466300CB6720 /* Release */ = {
			isa = XCBuildConfiguration;
			buildSettings = {
				PRODUCT_NAME = "$(TARGET_NAME)";
			};
			name = Release;
		};
		7E79B82615BA99350079AAE8 /* Debug */ = {
			isa = XCBuildConfiguration;
			buildSettings = {
				ALWAYS_SEARCH_USER_PATHS = NO;
				CLANG_WARN__DUPLICATE_METHOD_MATCH = YES;
				COMBINE_HIDPI_IMAGES = YES;
				GCC_C_LANGUAGE_STANDARD = gnu99;
				GCC_DYNAMIC_NO_PIC = NO;
				GCC_ENABLE_OBJC_EXCEPTIONS = YES;
				GCC_PRECOMPILE_PREFIX_HEADER = YES;
				GCC_PREFIX_HEADER = "CPUSensors/CPUSensors-Prefix.pch";
				GCC_PREPROCESSOR_DEFINITIONS = (
					"DEBUG=1",
					"$(inherited)",
				);
				GCC_SYMBOLS_PRIVATE_EXTERN = NO;
				GCC_WARN_UNUSED_VARIABLE = YES;
				INFOPLIST_FILE = "Plists/CPUSensors-Info.plist";
				INSTALL_PATH = "$(SYSTEM_LIBRARY_DIR)/Extensions/FakeSMC.kext/Contents/PlugIns";
				MODULE_NAME = org.hwsensors.CPUSensors;
				PRODUCT_NAME = "$(TARGET_NAME)";
				TARGET_DIR = CPUSensors;
				WRAPPER_EXTENSION = kext;
			};
			name = Debug;
		};
		7E79B82715BA99350079AAE8 /* Release */ = {
			isa = XCBuildConfiguration;
			buildSettings = {
				ALWAYS_SEARCH_USER_PATHS = NO;
				CLANG_WARN__DUPLICATE_METHOD_MATCH = YES;
				COMBINE_HIDPI_IMAGES = YES;
				GCC_C_LANGUAGE_STANDARD = gnu99;
				GCC_ENABLE_OBJC_EXCEPTIONS = YES;
				GCC_PRECOMPILE_PREFIX_HEADER = YES;
				GCC_PREFIX_HEADER = "CPUSensors/CPUSensors-Prefix.pch";
				GCC_WARN_UNUSED_VARIABLE = YES;
				INFOPLIST_FILE = "Plists/CPUSensors-Info.plist";
				INSTALL_PATH = "$(SYSTEM_LIBRARY_DIR)/Extensions/FakeSMC.kext/Contents/PlugIns";
				MODULE_NAME = org.hwsensors.CPUSensors;
				PRODUCT_NAME = "$(TARGET_NAME)";
				TARGET_DIR = CPUSensors;
				WRAPPER_EXTENSION = kext;
			};
			name = Release;
		};
		7E86E05316CFD352001B9F52 /* Debug */ = {
			isa = XCBuildConfiguration;
			buildSettings = {
				PRODUCT_NAME = "Project Build Scripts copy";
			};
			name = Debug;
		};
		7E86E05416CFD352001B9F52 /* Release */ = {
			isa = XCBuildConfiguration;
			buildSettings = {
				PRODUCT_NAME = "Project Build Scripts copy";
			};
			name = Release;
		};
		7EADE21215E5602F00FD117C /* Debug */ = {
			isa = XCBuildConfiguration;
			buildSettings = {
				ALWAYS_SEARCH_USER_PATHS = NO;
				CLANG_WARN__DUPLICATE_METHOD_MATCH = YES;
				COMBINE_HIDPI_IMAGES = YES;
				GCC_C_LANGUAGE_STANDARD = gnu99;
				GCC_DYNAMIC_NO_PIC = NO;
				GCC_ENABLE_OBJC_EXCEPTIONS = YES;
				GCC_PRECOMPILE_PREFIX_HEADER = YES;
				GCC_PREFIX_HEADER = "GPUSensors/GPUSensors-Prefix.pch";
				GCC_PREPROCESSOR_DEFINITIONS = (
					"DEBUG=1",
					"$(inherited)",
				);
				GCC_SYMBOLS_PRIVATE_EXTERN = NO;
				GCC_WARN_UNUSED_VARIABLE = YES;
				INFOPLIST_FILE = "Plists/GPUSensors-Info.plist";
				INSTALL_PATH = "$(SYSTEM_LIBRARY_DIR)/Extensions/FakeSMC.kext/Contents/PlugIns";
				MODULE_NAME = org.hwsensors.GPUSensors;
				PRODUCT_NAME = "$(TARGET_NAME)";
				TARGET_DIR = GPUSensors;
				WRAPPER_EXTENSION = kext;
			};
			name = Debug;
		};
		7EADE21315E5602F00FD117C /* Release */ = {
			isa = XCBuildConfiguration;
			buildSettings = {
				ALWAYS_SEARCH_USER_PATHS = NO;
				CLANG_WARN__DUPLICATE_METHOD_MATCH = YES;
				COMBINE_HIDPI_IMAGES = YES;
				GCC_C_LANGUAGE_STANDARD = gnu99;
				GCC_ENABLE_OBJC_EXCEPTIONS = YES;
				GCC_PRECOMPILE_PREFIX_HEADER = YES;
				GCC_PREFIX_HEADER = "GPUSensors/GPUSensors-Prefix.pch";
				GCC_WARN_UNUSED_VARIABLE = YES;
				INFOPLIST_FILE = "Plists/GPUSensors-Info.plist";
				INSTALL_PATH = "$(SYSTEM_LIBRARY_DIR)/Extensions/FakeSMC.kext/Contents/PlugIns";
				MODULE_NAME = org.hwsensors.GPUSensors;
				PRODUCT_NAME = "$(TARGET_NAME)";
				TARGET_DIR = GPUSensors;
				WRAPPER_EXTENSION = kext;
			};
			name = Release;
		};
/* End XCBuildConfiguration section */

/* Begin XCConfigurationList section */
		1D05ABB213ED0D7000EADBF6 /* Build configuration list for PBXProject "HWSensors" */ = {
			isa = XCConfigurationList;
			buildConfigurations = (
				1D05ABB413ED0D7000EADBF6 /* Debug */,
				1D05ABB513ED0D7000EADBF6 /* Release */,
			);
			defaultConfigurationIsVisible = 0;
			defaultConfigurationName = Release;
		};
		1D05ABF413ED0DAD00EADBF6 /* Build configuration list for PBXNativeTarget "FakeSMC" */ = {
			isa = XCConfigurationList;
			buildConfigurations = (
				1D05ABF513ED0DAD00EADBF6 /* Debug */,
				1D05ABF613ED0DAD00EADBF6 /* Release */,
			);
			defaultConfigurationIsVisible = 0;
			defaultConfigurationName = Release;
		};
		1D6FE3FA13FEBFF200376E64 /* Build configuration list for PBXNativeTarget "ACPISensors" */ = {
			isa = XCConfigurationList;
			buildConfigurations = (
				1D6FE3FB13FEBFF200376E64 /* Debug */,
				1D6FE3FC13FEBFF200376E64 /* Release */,
			);
			defaultConfigurationIsVisible = 0;
			defaultConfigurationName = Release;
		};
		6A4E4744152178A00038C5DE /* Build configuration list for PBXNativeTarget "LPCSensors" */ = {
			isa = XCConfigurationList;
			buildConfigurations = (
				6A4E4745152178A00038C5DE /* Debug */,
				6A4E4746152178A00038C5DE /* Release */,
			);
			defaultConfigurationIsVisible = 0;
			defaultConfigurationName = Release;
		};
		7E5D8E6316C6466300CB6720 /* Build configuration list for PBXAggregateTarget "Bump Build Number" */ = {
			isa = XCConfigurationList;
			buildConfigurations = (
				7E5D8E6416C6466300CB6720 /* Debug */,
				7E5D8E6516C6466300CB6720 /* Release */,
			);
			defaultConfigurationIsVisible = 0;
			defaultConfigurationName = Release;
		};
		7E79B82515BA99350079AAE8 /* Build configuration list for PBXNativeTarget "CPUSensors" */ = {
			isa = XCConfigurationList;
			buildConfigurations = (
				7E79B82615BA99350079AAE8 /* Debug */,
				7E79B82715BA99350079AAE8 /* Release */,
			);
			defaultConfigurationIsVisible = 0;
			defaultConfigurationName = Release;
		};
		7E86E05216CFD352001B9F52 /* Build configuration list for PBXAggregateTarget "Bump Project Version" */ = {
			isa = XCConfigurationList;
			buildConfigurations = (
				7E86E05316CFD352001B9F52 /* Debug */,
				7E86E05416CFD352001B9F52 /* Release */,
			);
			defaultConfigurationIsVisible = 0;
			defaultConfigurationName = Release;
		};
		7EADE21415E5602F00FD117C /* Build configuration list for PBXNativeTarget "GPUSensors" */ = {
			isa = XCConfigurationList;
			buildConfigurations = (
				7EADE21215E5602F00FD117C /* Debug */,
				7EADE21315E5602F00FD117C /* Release */,
			);
			defaultConfigurationIsVisible = 0;
			defaultConfigurationName = Release;
		};
/* End XCConfigurationList section */
	};
	rootObject = 1D05ABAF13ED0D7000EADBF6 /* Project object */;
}
