// !$*UTF8*$!
{
	archiveVersion = 1;
	classes = {
	};
	objectVersion = 46;
	objects = {

/* Begin PBXAggregateTarget section */
		7E27A479170084AE00234A6A /* Bump App Build Number */ = {
			isa = PBXAggregateTarget;
			buildConfigurationList = 7E27A47C170084AE00234A6A /* Build configuration list for PBXAggregateTarget "Bump App Build Number" */;
			buildPhases = (
				7E27A47D170084B400234A6A /* ShellScript */,
			);
			dependencies = (
			);
			name = "Bump App Build Number";
			productName = "Bump Build Number";
		};
		7EA8CA5D16EBB8FD00E71108 /* Bump App Version */ = {
			isa = PBXAggregateTarget;
			buildConfigurationList = 7EA8CA5E16EBB8FD00E71108 /* Build configuration list for PBXAggregateTarget "Bump App Version" */;
			buildPhases = (
				7EA8CA6116EBB90200E71108 /* ShellScript */,
			);
			dependencies = (
			);
			name = "Bump App Version";
			productName = "Bump App Version";
		};
/* End PBXAggregateTarget section */

/* Begin PBXBuildFile section */
		7E0648F016DF3B7D00ACB851 /* LaunchAtLoginController.m in Sources */ = {isa = PBXBuildFile; fileRef = 7E0648EE16DF3B7D00ACB851 /* LaunchAtLoginController.m */; settings = {COMPILER_FLAGS = "-fno-objc-arc"; }; };
		7E0648F116DF3B7D00ACB851 /* README.md in Resources */ = {isa = PBXBuildFile; fileRef = 7E0648EF16DF3B7D00ACB851 /* README.md */; };
		7E10343616EFAE490089DE7B /* BluetoothGenericDevice.m in Sources */ = {isa = PBXBuildFile; fileRef = 7E10343516EFAE490089DE7B /* BluetoothGenericDevice.m */; };
		7E16893616EA106D00BBF6FC /* ArrowlessScroller.m in Sources */ = {isa = PBXBuildFile; fileRef = 7E16893516EA106D00BBF6FC /* ArrowlessScroller.m */; };
		7E16FD87170648BF00FB253E /* HWMonitorProfiles.m in Sources */ = {isa = PBXBuildFile; fileRef = 7E16FD86170648BF00FB253E /* HWMonitorProfiles.m */; };
		7E16FD8A1706BB3000FB253E /* TransparentSplitView.m in Sources */ = {isa = PBXBuildFile; fileRef = 7E16FD891706BB3000FB253E /* TransparentSplitView.m */; };
		7E170740170569700019173D /* OverlapingScrollView.m in Sources */ = {isa = PBXBuildFile; fileRef = 7E17073F170569700019173D /* OverlapingScrollView.m */; };
		7E17953616EE705B00145082 /* BatteryCell.m in Sources */ = {isa = PBXBuildFile; fileRef = 7E17953516EE705B00145082 /* BatteryCell.m */; };
		7E19000117005652008F40F1 /* SensorsTableView.m in Sources */ = {isa = PBXBuildFile; fileRef = 7E19000017005652008F40F1 /* SensorsTableView.m */; };
		7E19000717006727008F40F1 /* PrefsSensorCell.m in Sources */ = {isa = PBXBuildFile; fileRef = 7E19000617006727008F40F1 /* PrefsSensorCell.m */; };
		7E19000A170070F3008F40F1 /* GraphsSensorCell.m in Sources */ = {isa = PBXBuildFile; fileRef = 7E190009170070F3008F40F1 /* GraphsSensorCell.m */; };
		7E1BC3CE16F47BDF005B9479 /* battery.png in Resources */ = {isa = PBXBuildFile; fileRef = 7E1BC3CC16F47BDE005B9479 /* battery.png */; };
		7E1BC3CF16F47BDF005B9479 /* battery_template.png in Resources */ = {isa = PBXBuildFile; fileRef = 7E1BC3CD16F47BDF005B9479 /* battery_template.png */; };
		7E44D95E1710433A00D06387 /* WindowFilter.m in Sources */ = {isa = PBXBuildFile; fileRef = 7E44D95D1710433A00D06387 /* WindowFilter.m */; };
		7E4DEA171729263200C4360B /* 19-gear.png in Resources */ = {isa = PBXBuildFile; fileRef = 7E4DEA131729263100C4360B /* 19-gear.png */; };
		7E4DEA181729263200C4360B /* 19-gear@2x.png in Resources */ = {isa = PBXBuildFile; fileRef = 7E4DEA141729263200C4360B /* 19-gear@2x.png */; };
		7E4DEA1B1729266C00C4360B /* 16-line-chart.png in Resources */ = {isa = PBXBuildFile; fileRef = 7E4DEA191729266B00C4360B /* 16-line-chart.png */; };
		7E4DEA1C1729266C00C4360B /* 16-line-chart@2x.png in Resources */ = {isa = PBXBuildFile; fileRef = 7E4DEA1A1729266C00C4360B /* 16-line-chart@2x.png */; };
		7E7C70AE1703019D004E344D /* IOKit.framework in Frameworks */ = {isa = PBXBuildFile; fileRef = 7EA2494E16D8EBC0002231B2 /* IOKit.framework */; };
		7E7D61F71704409D00F7222F /* 42-info.png in Resources */ = {isa = PBXBuildFile; fileRef = 7E7D61EF1704409D00F7222F /* 42-info.png */; };
		7E7D61F81704409D00F7222F /* 42-info@2x.png in Resources */ = {isa = PBXBuildFile; fileRef = 7E7D61F01704409D00F7222F /* 42-info@2x.png */; };
		7E7D61FB1704453B00F7222F /* FadingButton.m in Sources */ = {isa = PBXBuildFile; fileRef = 7E7D61FA1704453B00F7222F /* FadingButton.m */; };
		7E9060E51708951800BF5BBF /* Foundation.framework in Frameworks */ = {isa = PBXBuildFile; fileRef = 7EA248F016D8E93A002231B2 /* Foundation.framework */; };
		7E9060E81708951800BF5BBF /* main.m in Sources */ = {isa = PBXBuildFile; fileRef = 7E9060E71708951800BF5BBF /* main.m */; };
		7E9060EC1708951800BF5BBF /* smcutil.1 in CopyFiles */ = {isa = PBXBuildFile; fileRef = 7E9060EB1708951800BF5BBF /* smcutil.1 */; };
		7E9060F517089A7100BF5BBF /* smc.c in Sources */ = {isa = PBXBuildFile; fileRef = 7EA2493F16D8EA95002231B2 /* smc.c */; };
		7E9060F617089A8000BF5BBF /* HWMonitorSensor.m in Sources */ = {isa = PBXBuildFile; fileRef = 7EA2493E16D8EA95002231B2 /* HWMonitorSensor.m */; };
		7E9060F917089C0B00BF5BBF /* IOKit.framework in Frameworks */ = {isa = PBXBuildFile; fileRef = 7EA2494E16D8EBC0002231B2 /* IOKit.framework */; };
		7EA248EC16D8E93A002231B2 /* Cocoa.framework in Frameworks */ = {isa = PBXBuildFile; fileRef = 7EA248EB16D8E93A002231B2 /* Cocoa.framework */; };
		7EA248F616D8E93A002231B2 /* InfoPlist.strings in Resources */ = {isa = PBXBuildFile; fileRef = 7EA248F416D8E93A002231B2 /* InfoPlist.strings */; };
		7EA248F816D8E93A002231B2 /* main.m in Sources */ = {isa = PBXBuildFile; fileRef = 7EA248F716D8E93A002231B2 /* main.m */; };
		7EA248FC16D8E93A002231B2 /* Credits.rtf in Resources */ = {isa = PBXBuildFile; fileRef = 7EA248FA16D8E93A002231B2 /* Credits.rtf */; };
		7EA248FF16D8E93A002231B2 /* AppController.m in Sources */ = {isa = PBXBuildFile; fileRef = 7EA248FE16D8E93A002231B2 /* AppController.m */; };
		7EA2492016D8E9C6002231B2 /* frequencies_template.png in Resources */ = {isa = PBXBuildFile; fileRef = 7EA2490B16D8E9C6002231B2 /* frequencies_template.png */; };
		7EA2492116D8E9C6002231B2 /* frequencies.png in Resources */ = {isa = PBXBuildFile; fileRef = 7EA2490C16D8E9C6002231B2 /* frequencies.png */; };
		7EA2492216D8E9C6002231B2 /* hddtemperatures_template.png in Resources */ = {isa = PBXBuildFile; fileRef = 7EA2490D16D8E9C6002231B2 /* hddtemperatures_template.png */; };
		7EA2492316D8E9C6002231B2 /* hddtemperatures.png in Resources */ = {isa = PBXBuildFile; fileRef = 7EA2490E16D8E9C6002231B2 /* hddtemperatures.png */; };
		7EA2492416D8E9C6002231B2 /* hwmonitor_template.png in Resources */ = {isa = PBXBuildFile; fileRef = 7EA2490F16D8E9C6002231B2 /* hwmonitor_template.png */; };
		7EA2492516D8E9C6002231B2 /* hwmonitor.png in Resources */ = {isa = PBXBuildFile; fileRef = 7EA2491016D8E9C6002231B2 /* hwmonitor.png */; };
		7EA2492616D8E9C6002231B2 /* multipliers_template.png in Resources */ = {isa = PBXBuildFile; fileRef = 7EA2491116D8E9C6002231B2 /* multipliers_template.png */; };
		7EA2492716D8E9C6002231B2 /* multipliers.png in Resources */ = {isa = PBXBuildFile; fileRef = 7EA2491216D8E9C6002231B2 /* multipliers.png */; };
		7EA2492816D8E9C6002231B2 /* pcicard_template.png in Resources */ = {isa = PBXBuildFile; fileRef = 7EA2491316D8E9C6002231B2 /* pcicard_template.png */; };
		7EA2492916D8E9C6002231B2 /* pcicard.png in Resources */ = {isa = PBXBuildFile; fileRef = 7EA2491416D8E9C6002231B2 /* pcicard.png */; };
		7EA2492A16D8E9C6002231B2 /* preferences.png in Resources */ = {isa = PBXBuildFile; fileRef = 7EA2491516D8E9C6002231B2 /* preferences.png */; };
		7EA2492B16D8E9C6002231B2 /* ssdlife_template.png in Resources */ = {isa = PBXBuildFile; fileRef = 7EA2491616D8E9C6002231B2 /* ssdlife_template.png */; };
		7EA2492C16D8E9C6002231B2 /* ssdlife.png in Resources */ = {isa = PBXBuildFile; fileRef = 7EA2491716D8E9C6002231B2 /* ssdlife.png */; };
		7EA2492D16D8E9C6002231B2 /* tachometers_template.png in Resources */ = {isa = PBXBuildFile; fileRef = 7EA2491816D8E9C6002231B2 /* tachometers_template.png */; };
		7EA2492E16D8E9C6002231B2 /* tachometers.png in Resources */ = {isa = PBXBuildFile; fileRef = 7EA2491916D8E9C6002231B2 /* tachometers.png */; };
		7EA2492F16D8E9C6002231B2 /* temperatures_template.png in Resources */ = {isa = PBXBuildFile; fileRef = 7EA2491A16D8E9C6002231B2 /* temperatures_template.png */; };
		7EA2493016D8E9C6002231B2 /* temperatures.png in Resources */ = {isa = PBXBuildFile; fileRef = 7EA2491B16D8E9C6002231B2 /* temperatures.png */; };
		7EA2493116D8E9C6002231B2 /* thermometer_template.png in Resources */ = {isa = PBXBuildFile; fileRef = 7EA2491C16D8E9C6002231B2 /* thermometer_template.png */; };
		7EA2493216D8E9C6002231B2 /* thermometer.png in Resources */ = {isa = PBXBuildFile; fileRef = 7EA2491D16D8E9C6002231B2 /* thermometer.png */; };
		7EA2493316D8E9C6002231B2 /* voltages_template.png in Resources */ = {isa = PBXBuildFile; fileRef = 7EA2491E16D8E9C6002231B2 /* voltages_template.png */; };
		7EA2493416D8E9C6002231B2 /* voltages.png in Resources */ = {isa = PBXBuildFile; fileRef = 7EA2491F16D8E9C6002231B2 /* voltages.png */; };
		7EA2493616D8E9CE002231B2 /* default.icns in Resources */ = {isa = PBXBuildFile; fileRef = 7EA2493516D8E9CE002231B2 /* default.icns */; };
		7EA2494116D8EA95002231B2 /* ATAGenericDrive.m in Sources */ = {isa = PBXBuildFile; fileRef = 7EA2493916D8EA95002231B2 /* ATAGenericDrive.m */; };
		7EA2494216D8EA95002231B2 /* HWMonitorEngine.m in Sources */ = {isa = PBXBuildFile; fileRef = 7EA2493C16D8EA95002231B2 /* HWMonitorEngine.m */; };
		7EA2494316D8EA95002231B2 /* HWMonitorSensor.m in Sources */ = {isa = PBXBuildFile; fileRef = 7EA2493E16D8EA95002231B2 /* HWMonitorSensor.m */; };
		7EA2494416D8EA95002231B2 /* smc.c in Sources */ = {isa = PBXBuildFile; fileRef = 7EA2493F16D8EA95002231B2 /* smc.c */; };
		7EA2494D16D8EB2D002231B2 /* StatusItemView.m in Sources */ = {isa = PBXBuildFile; fileRef = 7EA2494C16D8EB2D002231B2 /* StatusItemView.m */; };
		7EA2494F16D8EBC1002231B2 /* IOKit.framework in Frameworks */ = {isa = PBXBuildFile; fileRef = 7EA2494E16D8EBC0002231B2 /* IOKit.framework */; };
		7EA2495416D8EE45002231B2 /* HWMonitorGroup.m in Sources */ = {isa = PBXBuildFile; fileRef = 7EA2495116D8EE44002231B2 /* HWMonitorGroup.m */; };
		7EA2495516D8EE45002231B2 /* HWMonitorItem.m in Sources */ = {isa = PBXBuildFile; fileRef = 7EA2495316D8EE45002231B2 /* HWMonitorItem.m */; };
		7EA394B316E0A1B600823109 /* ColorTheme.m in Sources */ = {isa = PBXBuildFile; fileRef = 7EA394B216E0A1B600823109 /* ColorTheme.m */; };
		7EA3EA661708B619004336B0 /* 60-x.png in Resources */ = {isa = PBXBuildFile; fileRef = 7EA3EA641708B619004336B0 /* 60-x.png */; };
		7EA3EA671708B619004336B0 /* 60-x@2x.png in Resources */ = {isa = PBXBuildFile; fileRef = 7EA3EA651708B619004336B0 /* 60-x@2x.png */; };
		7EA8CA5016EBB77400E71108 /* version.plist in Resources */ = {isa = PBXBuildFile; fileRef = 7EA8CA4F16EBB77400E71108 /* version.plist */; };
		7EB1339C16DC03AD00A41255 /* MainMenu.xib in Resources */ = {isa = PBXBuildFile; fileRef = 7EB1339A16DC03AD00A41255 /* MainMenu.xib */; };
		7ECDDE3216DD680E00085FFF /* 04-eye.png in Resources */ = {isa = PBXBuildFile; fileRef = 7ECDDE3016DD680E00085FFF /* 04-eye.png */; };
		7ECDDE3316DD680E00085FFF /* 04-eye@2x.png in Resources */ = {isa = PBXBuildFile; fileRef = 7ECDDE3116DD680E00085FFF /* 04-eye@2x.png */; };
		7ECDDE3616DDE5DA00085FFF /* 04-eye-white.png in Resources */ = {isa = PBXBuildFile; fileRef = 7ECDDE3416DDE5DA00085FFF /* 04-eye-white.png */; };
		7ECDDE3716DDE5DA00085FFF /* 04-eye-white@2x.png in Resources */ = {isa = PBXBuildFile; fileRef = 7ECDDE3516DDE5DA00085FFF /* 04-eye-white@2x.png */; };
		7ECDDE4116DEB5F600085FFF /* GraphsGroupCell.m in Sources */ = {isa = PBXBuildFile; fileRef = 7ECDDE4016DEB5F600085FFF /* GraphsGroupCell.m */; };
		7EDA1A6616D8F0F90012A0DC /* BundleUserDefaults.m in Sources */ = {isa = PBXBuildFile; fileRef = 7EDA1A6516D8F0F90012A0DC /* BundleUserDefaults.m */; settings = {COMPILER_FLAGS = "-fno-objc-arc"; }; };
		7EDA1A6A16D8F1700012A0DC /* HWMonitorIcon.m in Sources */ = {isa = PBXBuildFile; fileRef = 7EDA1A6916D8F1700012A0DC /* HWMonitorIcon.m */; };
		7EDA1A6D16D901100012A0DC /* PopupController.m in Sources */ = {isa = PBXBuildFile; fileRef = 7EDA1A6C16D901100012A0DC /* PopupController.m */; };
		7EDA1A7016D9016B0012A0DC /* PopupView.m in Sources */ = {isa = PBXBuildFile; fileRef = 7EDA1A6F16D9016B0012A0DC /* PopupView.m */; };
		7EDA1A7816D903740012A0DC /* GroupCell.m in Sources */ = {isa = PBXBuildFile; fileRef = 7EDA1A7416D903740012A0DC /* GroupCell.m */; };
		7EDA1A7916D903740012A0DC /* SensorCell.m in Sources */ = {isa = PBXBuildFile; fileRef = 7EDA1A7616D903740012A0DC /* SensorCell.m */; };
		7EDA1A7E16D91B9B0012A0DC /* PopupPanel.m in Sources */ = {isa = PBXBuildFile; fileRef = 7EDA1A7D16D91B9B0012A0DC /* PopupPanel.m */; };
		7EDA1AA916D936410012A0DC /* Localizable.strings in Resources */ = {isa = PBXBuildFile; fileRef = 7EDA1AAB16D936410012A0DC /* Localizable.strings */; };
		7EDA1ACB16D956EA0012A0DC /* GraphsView.m in Sources */ = {isa = PBXBuildFile; fileRef = 7EDA1ACA16D956EA0012A0DC /* GraphsView.m */; };
		7EDA1AD116DA83AF0012A0DC /* GraphsController.m in Sources */ = {isa = PBXBuildFile; fileRef = 7EDA1AD016DA83AF0012A0DC /* GraphsController.m */; };
		7EDDC86E16F9B3B40072B15B /* UpdatesController.m in Sources */ = {isa = PBXBuildFile; fileRef = 7EDDC86D16F9B3B40072B15B /* UpdatesController.m */; };
		7EDDC87316FA5DA50072B15B /* Localizer.m in Sources */ = {isa = PBXBuildFile; fileRef = 7EDDC87216FA5DA50072B15B /* Localizer.m */; };
		7EFAE91A16EBC8ED00F4DA72 /* SenTestingKit.framework in Frameworks */ = {isa = PBXBuildFile; fileRef = 7EFAE8E516EBC81500F4DA72 /* SenTestingKit.framework */; };
		7EFAE91B16EBC8ED00F4DA72 /* Cocoa.framework in Frameworks */ = {isa = PBXBuildFile; fileRef = 7EA248EB16D8E93A002231B2 /* Cocoa.framework */; };
		7EFAE92116EBC8ED00F4DA72 /* InfoPlist.strings in Resources */ = {isa = PBXBuildFile; fileRef = 7EFAE91F16EBC8ED00F4DA72 /* InfoPlist.strings */; };
		7EFAE92416EBC8ED00F4DA72 /* DefaultTestingPlatform.m in Sources */ = {isa = PBXBuildFile; fileRef = 7EFAE92316EBC8ED00F4DA72 /* DefaultTestingPlatform.m */; };
/* End PBXBuildFile section */

/* Begin PBXCopyFilesBuildPhase section */
		7E9060E21708951800BF5BBF /* CopyFiles */ = {
			isa = PBXCopyFilesBuildPhase;
			buildActionMask = 2147483647;
			dstPath = /usr/share/man/man1/;
			dstSubfolderSpec = 0;
			files = (
				7E9060EC1708951800BF5BBF /* smcutil.1 in CopyFiles */,
			);
			runOnlyForDeploymentPostprocessing = 1;
		};
/* End PBXCopyFilesBuildPhase section */

/* Begin PBXFileReference section */
		7E00C2481708B827001570E4 /* fr */ = {isa = PBXFileReference; lastKnownFileType = text.plist.strings; name = fr; path = fr.lproj/Localizable.strings; sourceTree = "<group>"; };
		7E0648ED16DF3B7D00ACB851 /* LaunchAtLoginController.h */ = {isa = PBXFileReference; fileEncoding = 4; lastKnownFileType = sourcecode.c.h; path = LaunchAtLoginController.h; sourceTree = "<group>"; };
		7E0648EE16DF3B7D00ACB851 /* LaunchAtLoginController.m */ = {isa = PBXFileReference; fileEncoding = 4; lastKnownFileType = sourcecode.c.objc; path = LaunchAtLoginController.m; sourceTree = "<group>"; };
		7E0648EF16DF3B7D00ACB851 /* README.md */ = {isa = PBXFileReference; fileEncoding = 4; lastKnownFileType = text; path = README.md; sourceTree = "<group>"; };
		7E10343416EFAE490089DE7B /* BluetoothGenericDevice.h */ = {isa = PBXFileReference; fileEncoding = 4; lastKnownFileType = sourcecode.c.h; path = BluetoothGenericDevice.h; sourceTree = "<group>"; };
		7E10343516EFAE490089DE7B /* BluetoothGenericDevice.m */ = {isa = PBXFileReference; fileEncoding = 4; lastKnownFileType = sourcecode.c.objc; path = BluetoothGenericDevice.m; sourceTree = "<group>"; };
		7E1261D316E0094A00622F92 /* FakeSMCDefinitions.h */ = {isa = PBXFileReference; fileEncoding = 4; lastKnownFileType = sourcecode.c.h; name = FakeSMCDefinitions.h; path = Shared/FakeSMCDefinitions.h; sourceTree = "<group>"; };
		7E16893416EA106D00BBF6FC /* ArrowlessScroller.h */ = {isa = PBXFileReference; fileEncoding = 4; lastKnownFileType = sourcecode.c.h; path = ArrowlessScroller.h; sourceTree = "<group>"; };
		7E16893516EA106D00BBF6FC /* ArrowlessScroller.m */ = {isa = PBXFileReference; fileEncoding = 4; lastKnownFileType = sourcecode.c.objc; path = ArrowlessScroller.m; sourceTree = "<group>"; };
		7E16FD85170648BF00FB253E /* HWMonitorProfiles.h */ = {isa = PBXFileReference; fileEncoding = 4; lastKnownFileType = sourcecode.c.h; path = HWMonitorProfiles.h; sourceTree = "<group>"; };
		7E16FD86170648BF00FB253E /* HWMonitorProfiles.m */ = {isa = PBXFileReference; fileEncoding = 4; lastKnownFileType = sourcecode.c.objc; path = HWMonitorProfiles.m; sourceTree = "<group>"; };
		7E16FD881706BB3000FB253E /* TransparentSplitView.h */ = {isa = PBXFileReference; fileEncoding = 4; lastKnownFileType = sourcecode.c.h; path = TransparentSplitView.h; sourceTree = "<group>"; };
		7E16FD891706BB3000FB253E /* TransparentSplitView.m */ = {isa = PBXFileReference; fileEncoding = 4; lastKnownFileType = sourcecode.c.objc; path = TransparentSplitView.m; sourceTree = "<group>"; };
		7E17073E1705696F0019173D /* OverlapingScrollView.h */ = {isa = PBXFileReference; fileEncoding = 4; lastKnownFileType = sourcecode.c.h; path = OverlapingScrollView.h; sourceTree = "<group>"; };
		7E17073F170569700019173D /* OverlapingScrollView.m */ = {isa = PBXFileReference; fileEncoding = 4; lastKnownFileType = sourcecode.c.objc; path = OverlapingScrollView.m; sourceTree = "<group>"; };
		7E17953416EE705B00145082 /* BatteryCell.h */ = {isa = PBXFileReference; fileEncoding = 4; lastKnownFileType = sourcecode.c.h; path = BatteryCell.h; sourceTree = "<group>"; };
		7E17953516EE705B00145082 /* BatteryCell.m */ = {isa = PBXFileReference; fileEncoding = 4; lastKnownFileType = sourcecode.c.objc; path = BatteryCell.m; sourceTree = "<group>"; };
		7E19000017005652008F40F1 /* SensorsTableView.m */ = {isa = PBXFileReference; fileEncoding = 4; lastKnownFileType = sourcecode.c.objc; path = SensorsTableView.m; sourceTree = "<group>"; };
		7E19000517006727008F40F1 /* PrefsSensorCell.h */ = {isa = PBXFileReference; fileEncoding = 4; lastKnownFileType = sourcecode.c.h; path = PrefsSensorCell.h; sourceTree = "<group>"; };
		7E19000617006727008F40F1 /* PrefsSensorCell.m */ = {isa = PBXFileReference; fileEncoding = 4; lastKnownFileType = sourcecode.c.objc; path = PrefsSensorCell.m; sourceTree = "<group>"; };
		7E190008170070F2008F40F1 /* GraphsSensorCell.h */ = {isa = PBXFileReference; fileEncoding = 4; lastKnownFileType = sourcecode.c.h; path = GraphsSensorCell.h; sourceTree = "<group>"; };
		7E190009170070F3008F40F1 /* GraphsSensorCell.m */ = {isa = PBXFileReference; fileEncoding = 4; lastKnownFileType = sourcecode.c.objc; path = GraphsSensorCell.m; sourceTree = "<group>"; };
		7E19FFFF17005652008F40F1 /* SensorsTableView.h */ = {isa = PBXFileReference; fileEncoding = 4; lastKnownFileType = sourcecode.c.h; path = SensorsTableView.h; sourceTree = "<group>"; };
		7E1BC3CC16F47BDE005B9479 /* battery.png */ = {isa = PBXFileReference; lastKnownFileType = image.png; path = battery.png; sourceTree = "<group>"; };
		7E1BC3CD16F47BDF005B9479 /* battery_template.png */ = {isa = PBXFileReference; lastKnownFileType = image.png; path = battery_template.png; sourceTree = "<group>"; };
		7E1BC3D716F48A8C005B9479 /* en */ = {isa = PBXFileReference; lastKnownFileType = file.xib; name = en; path = en.lproj/MainMenu.xib; sourceTree = "<group>"; };
		7E44D95C1710433A00D06387 /* WindowFilter.h */ = {isa = PBXFileReference; fileEncoding = 4; lastKnownFileType = sourcecode.c.h; path = WindowFilter.h; sourceTree = "<group>"; };
		7E44D95D1710433A00D06387 /* WindowFilter.m */ = {isa = PBXFileReference; fileEncoding = 4; lastKnownFileType = sourcecode.c.objc; path = WindowFilter.m; sourceTree = "<group>"; };
		7E4DEA131729263100C4360B /* 19-gear.png */ = {isa = PBXFileReference; lastKnownFileType = image.png; path = "19-gear.png"; sourceTree = "<group>"; };
		7E4DEA141729263200C4360B /* 19-gear@2x.png */ = {isa = PBXFileReference; lastKnownFileType = image.png; path = "19-gear@2x.png"; sourceTree = "<group>"; };
		7E4DEA191729266B00C4360B /* 16-line-chart.png */ = {isa = PBXFileReference; lastKnownFileType = image.png; path = "16-line-chart.png"; sourceTree = "<group>"; };
		7E4DEA1A1729266C00C4360B /* 16-line-chart@2x.png */ = {isa = PBXFileReference; lastKnownFileType = image.png; path = "16-line-chart@2x.png"; sourceTree = "<group>"; };
		7E7D61EF1704409D00F7222F /* 42-info.png */ = {isa = PBXFileReference; lastKnownFileType = image.png; path = "42-info.png"; sourceTree = "<group>"; };
		7E7D61F01704409D00F7222F /* 42-info@2x.png */ = {isa = PBXFileReference; lastKnownFileType = image.png; path = "42-info@2x.png"; sourceTree = "<group>"; };
		7E7D61F91704453B00F7222F /* FadingButton.h */ = {isa = PBXFileReference; fileEncoding = 4; lastKnownFileType = sourcecode.c.h; path = FadingButton.h; sourceTree = "<group>"; };
		7E7D61FA1704453B00F7222F /* FadingButton.m */ = {isa = PBXFileReference; fileEncoding = 4; lastKnownFileType = sourcecode.c.objc; path = FadingButton.m; sourceTree = "<group>"; };
		7E9060E41708951800BF5BBF /* smcutil */ = {isa = PBXFileReference; explicitFileType = "compiled.mach-o.executable"; includeInIndex = 0; path = smcutil; sourceTree = BUILT_PRODUCTS_DIR; };
		7E9060E71708951800BF5BBF /* main.m */ = {isa = PBXFileReference; lastKnownFileType = sourcecode.c.objc; path = main.m; sourceTree = "<group>"; };
		7E9060EA1708951800BF5BBF /* smcutil-Prefix.pch */ = {isa = PBXFileReference; lastKnownFileType = sourcecode.c.h; path = "smcutil-Prefix.pch"; sourceTree = "<group>"; };
		7E9060EB1708951800BF5BBF /* smcutil.1 */ = {isa = PBXFileReference; lastKnownFileType = text.man; path = smcutil.1; sourceTree = "<group>"; };
		7EA248E816D8E93A002231B2 /* HWMonitor.app */ = {isa = PBXFileReference; explicitFileType = wrapper.application; includeInIndex = 0; path = HWMonitor.app; sourceTree = BUILT_PRODUCTS_DIR; };
		7EA248EB16D8E93A002231B2 /* Cocoa.framework */ = {isa = PBXFileReference; lastKnownFileType = wrapper.framework; name = Cocoa.framework; path = System/Library/Frameworks/Cocoa.framework; sourceTree = SDKROOT; };
		7EA248EE16D8E93A002231B2 /* AppKit.framework */ = {isa = PBXFileReference; lastKnownFileType = wrapper.framework; name = AppKit.framework; path = System/Library/Frameworks/AppKit.framework; sourceTree = SDKROOT; };
		7EA248EF16D8E93A002231B2 /* CoreData.framework */ = {isa = PBXFileReference; lastKnownFileType = wrapper.framework; name = CoreData.framework; path = System/Library/Frameworks/CoreData.framework; sourceTree = SDKROOT; };
		7EA248F016D8E93A002231B2 /* Foundation.framework */ = {isa = PBXFileReference; lastKnownFileType = wrapper.framework; name = Foundation.framework; path = System/Library/Frameworks/Foundation.framework; sourceTree = SDKROOT; };
		7EA248F316D8E93A002231B2 /* HWMonitor-Info.plist */ = {isa = PBXFileReference; lastKnownFileType = text.plist.xml; path = "HWMonitor-Info.plist"; sourceTree = "<group>"; };
		7EA248F516D8E93A002231B2 /* en */ = {isa = PBXFileReference; lastKnownFileType = text.plist.strings; name = en; path = en.lproj/InfoPlist.strings; sourceTree = "<group>"; };
		7EA248F716D8E93A002231B2 /* main.m */ = {isa = PBXFileReference; lastKnownFileType = sourcecode.c.objc; path = main.m; sourceTree = "<group>"; };
		7EA248F916D8E93A002231B2 /* HWMonitor-Prefix.pch */ = {isa = PBXFileReference; lastKnownFileType = sourcecode.c.h; path = "HWMonitor-Prefix.pch"; sourceTree = "<group>"; };
		7EA248FB16D8E93A002231B2 /* en */ = {isa = PBXFileReference; lastKnownFileType = text.rtf; name = en; path = en.lproj/Credits.rtf; sourceTree = "<group>"; };
		7EA248FD16D8E93A002231B2 /* AppController.h */ = {isa = PBXFileReference; lastKnownFileType = sourcecode.c.h; path = AppController.h; sourceTree = "<group>"; };
		7EA248FE16D8E93A002231B2 /* AppController.m */ = {isa = PBXFileReference; lastKnownFileType = sourcecode.c.objc; path = AppController.m; sourceTree = "<group>"; };
		7EA2490B16D8E9C6002231B2 /* frequencies_template.png */ = {isa = PBXFileReference; lastKnownFileType = image.png; path = frequencies_template.png; sourceTree = "<group>"; };
		7EA2490C16D8E9C6002231B2 /* frequencies.png */ = {isa = PBXFileReference; lastKnownFileType = image.png; path = frequencies.png; sourceTree = "<group>"; };
		7EA2490D16D8E9C6002231B2 /* hddtemperatures_template.png */ = {isa = PBXFileReference; lastKnownFileType = image.png; path = hddtemperatures_template.png; sourceTree = "<group>"; };
		7EA2490E16D8E9C6002231B2 /* hddtemperatures.png */ = {isa = PBXFileReference; lastKnownFileType = image.png; path = hddtemperatures.png; sourceTree = "<group>"; };
		7EA2490F16D8E9C6002231B2 /* hwmonitor_template.png */ = {isa = PBXFileReference; lastKnownFileType = image.png; path = hwmonitor_template.png; sourceTree = "<group>"; };
		7EA2491016D8E9C6002231B2 /* hwmonitor.png */ = {isa = PBXFileReference; lastKnownFileType = image.png; path = hwmonitor.png; sourceTree = "<group>"; };
		7EA2491116D8E9C6002231B2 /* multipliers_template.png */ = {isa = PBXFileReference; lastKnownFileType = image.png; path = multipliers_template.png; sourceTree = "<group>"; };
		7EA2491216D8E9C6002231B2 /* multipliers.png */ = {isa = PBXFileReference; lastKnownFileType = image.png; path = multipliers.png; sourceTree = "<group>"; };
		7EA2491316D8E9C6002231B2 /* pcicard_template.png */ = {isa = PBXFileReference; lastKnownFileType = image.png; path = pcicard_template.png; sourceTree = "<group>"; };
		7EA2491416D8E9C6002231B2 /* pcicard.png */ = {isa = PBXFileReference; lastKnownFileType = image.png; path = pcicard.png; sourceTree = "<group>"; };
		7EA2491516D8E9C6002231B2 /* preferences.png */ = {isa = PBXFileReference; lastKnownFileType = image.png; path = preferences.png; sourceTree = "<group>"; };
		7EA2491616D8E9C6002231B2 /* ssdlife_template.png */ = {isa = PBXFileReference; lastKnownFileType = image.png; path = ssdlife_template.png; sourceTree = "<group>"; };
		7EA2491716D8E9C6002231B2 /* ssdlife.png */ = {isa = PBXFileReference; lastKnownFileType = image.png; path = ssdlife.png; sourceTree = "<group>"; };
		7EA2491816D8E9C6002231B2 /* tachometers_template.png */ = {isa = PBXFileReference; lastKnownFileType = image.png; path = tachometers_template.png; sourceTree = "<group>"; };
		7EA2491916D8E9C6002231B2 /* tachometers.png */ = {isa = PBXFileReference; lastKnownFileType = image.png; path = tachometers.png; sourceTree = "<group>"; };
		7EA2491A16D8E9C6002231B2 /* temperatures_template.png */ = {isa = PBXFileReference; lastKnownFileType = image.png; path = temperatures_template.png; sourceTree = "<group>"; };
		7EA2491B16D8E9C6002231B2 /* temperatures.png */ = {isa = PBXFileReference; lastKnownFileType = image.png; path = temperatures.png; sourceTree = "<group>"; };
		7EA2491C16D8E9C6002231B2 /* thermometer_template.png */ = {isa = PBXFileReference; lastKnownFileType = image.png; path = thermometer_template.png; sourceTree = "<group>"; };
		7EA2491D16D8E9C6002231B2 /* thermometer.png */ = {isa = PBXFileReference; lastKnownFileType = image.png; path = thermometer.png; sourceTree = "<group>"; };
		7EA2491E16D8E9C6002231B2 /* voltages_template.png */ = {isa = PBXFileReference; lastKnownFileType = image.png; path = voltages_template.png; sourceTree = "<group>"; };
		7EA2491F16D8E9C6002231B2 /* voltages.png */ = {isa = PBXFileReference; lastKnownFileType = image.png; path = voltages.png; sourceTree = "<group>"; };
		7EA2493516D8E9CE002231B2 /* default.icns */ = {isa = PBXFileReference; lastKnownFileType = image.icns; path = default.icns; sourceTree = "<group>"; };
		7EA2493816D8EA95002231B2 /* ATAGenericDrive.h */ = {isa = PBXFileReference; fileEncoding = 4; lastKnownFileType = sourcecode.c.h; path = ATAGenericDrive.h; sourceTree = "<group>"; };
		7EA2493916D8EA95002231B2 /* ATAGenericDrive.m */ = {isa = PBXFileReference; fileEncoding = 4; lastKnownFileType = sourcecode.c.objc; path = ATAGenericDrive.m; sourceTree = "<group>"; };
		7EA2493A16D8EA95002231B2 /* HWMonitorDefinitions.h */ = {isa = PBXFileReference; fileEncoding = 4; lastKnownFileType = sourcecode.c.h; path = HWMonitorDefinitions.h; sourceTree = "<group>"; };
		7EA2493B16D8EA95002231B2 /* HWMonitorEngine.h */ = {isa = PBXFileReference; fileEncoding = 4; lastKnownFileType = sourcecode.c.h; path = HWMonitorEngine.h; sourceTree = "<group>"; };
		7EA2493C16D8EA95002231B2 /* HWMonitorEngine.m */ = {isa = PBXFileReference; fileEncoding = 4; lastKnownFileType = sourcecode.c.objc; path = HWMonitorEngine.m; sourceTree = "<group>"; };
		7EA2493D16D8EA95002231B2 /* HWMonitorSensor.h */ = {isa = PBXFileReference; fileEncoding = 4; lastKnownFileType = sourcecode.c.h; path = HWMonitorSensor.h; sourceTree = "<group>"; };
		7EA2493E16D8EA95002231B2 /* HWMonitorSensor.m */ = {isa = PBXFileReference; fileEncoding = 4; lastKnownFileType = sourcecode.c.objc; path = HWMonitorSensor.m; sourceTree = "<group>"; };
		7EA2493F16D8EA95002231B2 /* smc.c */ = {isa = PBXFileReference; fileEncoding = 4; lastKnownFileType = sourcecode.c.c; path = smc.c; sourceTree = "<group>"; };
		7EA2494016D8EA95002231B2 /* smc.h */ = {isa = PBXFileReference; fileEncoding = 4; lastKnownFileType = sourcecode.c.h; path = smc.h; sourceTree = "<group>"; };
		7EA2494B16D8EB2D002231B2 /* StatusItemView.h */ = {isa = PBXFileReference; fileEncoding = 4; lastKnownFileType = sourcecode.c.h; path = StatusItemView.h; sourceTree = "<group>"; };
		7EA2494C16D8EB2D002231B2 /* StatusItemView.m */ = {isa = PBXFileReference; fileEncoding = 4; lastKnownFileType = sourcecode.c.objc; path = StatusItemView.m; sourceTree = "<group>"; };
		7EA2494E16D8EBC0002231B2 /* IOKit.framework */ = {isa = PBXFileReference; lastKnownFileType = wrapper.framework; name = IOKit.framework; path = System/Library/Frameworks/IOKit.framework; sourceTree = SDKROOT; };
		7EA2495016D8EE44002231B2 /* HWMonitorGroup.h */ = {isa = PBXFileReference; fileEncoding = 4; lastKnownFileType = sourcecode.c.h; path = HWMonitorGroup.h; sourceTree = "<group>"; };
		7EA2495116D8EE44002231B2 /* HWMonitorGroup.m */ = {isa = PBXFileReference; fileEncoding = 4; lastKnownFileType = sourcecode.c.objc; path = HWMonitorGroup.m; sourceTree = "<group>"; };
		7EA2495216D8EE44002231B2 /* HWMonitorItem.h */ = {isa = PBXFileReference; fileEncoding = 4; lastKnownFileType = sourcecode.c.h; path = HWMonitorItem.h; sourceTree = "<group>"; };
		7EA2495316D8EE45002231B2 /* HWMonitorItem.m */ = {isa = PBXFileReference; fileEncoding = 4; lastKnownFileType = sourcecode.c.objc; path = HWMonitorItem.m; sourceTree = "<group>"; };
		7EA394B116E0A1B600823109 /* ColorTheme.h */ = {isa = PBXFileReference; fileEncoding = 4; lastKnownFileType = sourcecode.c.h; path = ColorTheme.h; sourceTree = "<group>"; };
		7EA394B216E0A1B600823109 /* ColorTheme.m */ = {isa = PBXFileReference; fileEncoding = 4; lastKnownFileType = sourcecode.c.objc; path = ColorTheme.m; sourceTree = "<group>"; };
		7EA3EA641708B619004336B0 /* 60-x.png */ = {isa = PBXFileReference; lastKnownFileType = image.png; path = "60-x.png"; sourceTree = "<group>"; };
		7EA3EA651708B619004336B0 /* 60-x@2x.png */ = {isa = PBXFileReference; lastKnownFileType = image.png; path = "60-x@2x.png"; sourceTree = "<group>"; };
		7EA8CA4F16EBB77400E71108 /* version.plist */ = {isa = PBXFileReference; fileEncoding = 4; lastKnownFileType = text.plist.xml; name = version.plist; path = Shared/version.plist; sourceTree = "<group>"; };
		7ECDDE3016DD680E00085FFF /* 04-eye.png */ = {isa = PBXFileReference; lastKnownFileType = image.png; path = "04-eye.png"; sourceTree = "<group>"; };
		7ECDDE3116DD680E00085FFF /* 04-eye@2x.png */ = {isa = PBXFileReference; lastKnownFileType = image.png; path = "04-eye@2x.png"; sourceTree = "<group>"; };
		7ECDDE3416DDE5DA00085FFF /* 04-eye-white.png */ = {isa = PBXFileReference; lastKnownFileType = image.png; path = "04-eye-white.png"; sourceTree = "<group>"; };
		7ECDDE3516DDE5DA00085FFF /* 04-eye-white@2x.png */ = {isa = PBXFileReference; lastKnownFileType = image.png; path = "04-eye-white@2x.png"; sourceTree = "<group>"; };
		7ECDDE3F16DEB5F600085FFF /* GraphsGroupCell.h */ = {isa = PBXFileReference; fileEncoding = 4; lastKnownFileType = sourcecode.c.h; path = GraphsGroupCell.h; sourceTree = "<group>"; };
		7ECDDE4016DEB5F600085FFF /* GraphsGroupCell.m */ = {isa = PBXFileReference; fileEncoding = 4; lastKnownFileType = sourcecode.c.objc; path = GraphsGroupCell.m; sourceTree = "<group>"; };
		7EDA1A6416D8F0F90012A0DC /* BundleUserDefaults.h */ = {isa = PBXFileReference; fileEncoding = 4; lastKnownFileType = sourcecode.c.h; path = BundleUserDefaults.h; sourceTree = "<group>"; };
		7EDA1A6516D8F0F90012A0DC /* BundleUserDefaults.m */ = {isa = PBXFileReference; fileEncoding = 4; lastKnownFileType = sourcecode.c.objc; path = BundleUserDefaults.m; sourceTree = "<group>"; };
		7EDA1A6816D8F1700012A0DC /* HWMonitorIcon.h */ = {isa = PBXFileReference; fileEncoding = 4; lastKnownFileType = sourcecode.c.h; path = HWMonitorIcon.h; sourceTree = "<group>"; };
		7EDA1A6916D8F1700012A0DC /* HWMonitorIcon.m */ = {isa = PBXFileReference; fileEncoding = 4; lastKnownFileType = sourcecode.c.objc; path = HWMonitorIcon.m; sourceTree = "<group>"; };
		7EDA1A6B16D901100012A0DC /* PopupController.h */ = {isa = PBXFileReference; fileEncoding = 4; lastKnownFileType = sourcecode.c.h; path = PopupController.h; sourceTree = "<group>"; };
		7EDA1A6C16D901100012A0DC /* PopupController.m */ = {isa = PBXFileReference; fileEncoding = 4; lastKnownFileType = sourcecode.c.objc; path = PopupController.m; sourceTree = "<group>"; };
		7EDA1A6E16D9016B0012A0DC /* PopupView.h */ = {isa = PBXFileReference; fileEncoding = 4; lastKnownFileType = sourcecode.c.h; path = PopupView.h; sourceTree = "<group>"; };
		7EDA1A6F16D9016B0012A0DC /* PopupView.m */ = {isa = PBXFileReference; fileEncoding = 4; lastKnownFileType = sourcecode.c.objc; path = PopupView.m; sourceTree = "<group>"; };
		7EDA1A7316D903740012A0DC /* GroupCell.h */ = {isa = PBXFileReference; fileEncoding = 4; lastKnownFileType = sourcecode.c.h; path = GroupCell.h; sourceTree = "<group>"; };
		7EDA1A7416D903740012A0DC /* GroupCell.m */ = {isa = PBXFileReference; fileEncoding = 4; lastKnownFileType = sourcecode.c.objc; path = GroupCell.m; sourceTree = "<group>"; };
		7EDA1A7516D903740012A0DC /* SensorCell.h */ = {isa = PBXFileReference; fileEncoding = 4; lastKnownFileType = sourcecode.c.h; path = SensorCell.h; sourceTree = "<group>"; };
		7EDA1A7616D903740012A0DC /* SensorCell.m */ = {isa = PBXFileReference; fileEncoding = 4; lastKnownFileType = sourcecode.c.objc; path = SensorCell.m; sourceTree = "<group>"; };
		7EDA1A7C16D91B9B0012A0DC /* PopupPanel.h */ = {isa = PBXFileReference; fileEncoding = 4; lastKnownFileType = sourcecode.c.h; path = PopupPanel.h; sourceTree = "<group>"; };
		7EDA1A7D16D91B9B0012A0DC /* PopupPanel.m */ = {isa = PBXFileReference; fileEncoding = 4; lastKnownFileType = sourcecode.c.objc; path = PopupPanel.m; sourceTree = "<group>"; };
		7EDA1AAA16D936410012A0DC /* en */ = {isa = PBXFileReference; lastKnownFileType = text.plist.strings; name = en; path = en.lproj/Localizable.strings; sourceTree = "<group>"; };
		7EDA1AAC16D936620012A0DC /* ru */ = {isa = PBXFileReference; lastKnownFileType = text.plist.strings; name = ru; path = ru.lproj/Localizable.strings; sourceTree = "<group>"; };
		7EDA1AC916D956E90012A0DC /* GraphsView.h */ = {isa = PBXFileReference; fileEncoding = 4; lastKnownFileType = sourcecode.c.h; path = GraphsView.h; sourceTree = "<group>"; };
		7EDA1ACA16D956EA0012A0DC /* GraphsView.m */ = {isa = PBXFileReference; fileEncoding = 4; lastKnownFileType = sourcecode.c.objc; path = GraphsView.m; sourceTree = "<group>"; };
		7EDA1ACF16DA83AF0012A0DC /* GraphsController.h */ = {isa = PBXFileReference; fileEncoding = 4; lastKnownFileType = sourcecode.c.h; path = GraphsController.h; sourceTree = "<group>"; };
		7EDA1AD016DA83AF0012A0DC /* GraphsController.m */ = {isa = PBXFileReference; fileEncoding = 4; lastKnownFileType = sourcecode.c.objc; path = GraphsController.m; sourceTree = "<group>"; };
		7EDDC86C16F9B3B40072B15B /* UpdatesController.h */ = {isa = PBXFileReference; fileEncoding = 4; lastKnownFileType = sourcecode.c.h; path = UpdatesController.h; sourceTree = "<group>"; };
		7EDDC86D16F9B3B40072B15B /* UpdatesController.m */ = {isa = PBXFileReference; fileEncoding = 4; lastKnownFileType = sourcecode.c.objc; path = UpdatesController.m; sourceTree = "<group>"; };
		7EDDC87116FA5DA50072B15B /* Localizer.h */ = {isa = PBXFileReference; fileEncoding = 4; lastKnownFileType = sourcecode.c.h; path = Localizer.h; sourceTree = "<group>"; };
		7EDDC87216FA5DA50072B15B /* Localizer.m */ = {isa = PBXFileReference; fileEncoding = 4; lastKnownFileType = sourcecode.c.objc; path = Localizer.m; sourceTree = "<group>"; };
		7EFAE8E516EBC81500F4DA72 /* SenTestingKit.framework */ = {isa = PBXFileReference; lastKnownFileType = wrapper.framework; name = SenTestingKit.framework; path = Library/Frameworks/SenTestingKit.framework; sourceTree = DEVELOPER_DIR; };
		7EFAE91916EBC8ED00F4DA72 /* SMC Value Decoder.octest */ = {isa = PBXFileReference; explicitFileType = wrapper.cfbundle; includeInIndex = 0; name = "SMC Value Decoder.octest"; path = DefaultTestingPlatform.octest; sourceTree = BUILT_PRODUCTS_DIR; };
		7EFAE91E16EBC8ED00F4DA72 /* SMC Value Decoder-Info.plist */ = {isa = PBXFileReference; lastKnownFileType = text.plist.xml; path = "SMC Value Decoder-Info.plist"; sourceTree = "<group>"; };
		7EFAE92016EBC8ED00F4DA72 /* en */ = {isa = PBXFileReference; lastKnownFileType = text.plist.strings; name = en; path = en.lproj/InfoPlist.strings; sourceTree = "<group>"; };
		7EFAE92216EBC8ED00F4DA72 /* DefaultTestingPlatform.h */ = {isa = PBXFileReference; lastKnownFileType = sourcecode.c.h; path = DefaultTestingPlatform.h; sourceTree = "<group>"; };
		7EFAE92316EBC8ED00F4DA72 /* DefaultTestingPlatform.m */ = {isa = PBXFileReference; lastKnownFileType = sourcecode.c.objc; path = DefaultTestingPlatform.m; sourceTree = "<group>"; };
		7EFAE92516EBC8ED00F4DA72 /* SMC Value Decoder-Prefix.pch */ = {isa = PBXFileReference; lastKnownFileType = sourcecode.c.h; path = "SMC Value Decoder-Prefix.pch"; sourceTree = "<group>"; };
/* End PBXFileReference section */

/* Begin PBXFrameworksBuildPhase section */
		7E9060E11708951800BF5BBF /* Frameworks */ = {
			isa = PBXFrameworksBuildPhase;
			buildActionMask = 2147483647;
			files = (
				7E9060F917089C0B00BF5BBF /* IOKit.framework in Frameworks */,
				7E9060E51708951800BF5BBF /* Foundation.framework in Frameworks */,
			);
			runOnlyForDeploymentPostprocessing = 0;
		};
		7EA248E516D8E93A002231B2 /* Frameworks */ = {
			isa = PBXFrameworksBuildPhase;
			buildActionMask = 2147483647;
			files = (
				7EA2494F16D8EBC1002231B2 /* IOKit.framework in Frameworks */,
				7EA248EC16D8E93A002231B2 /* Cocoa.framework in Frameworks */,
			);
			runOnlyForDeploymentPostprocessing = 0;
		};
		7EFAE91516EBC8ED00F4DA72 /* Frameworks */ = {
			isa = PBXFrameworksBuildPhase;
			buildActionMask = 2147483647;
			files = (
				7E7C70AE1703019D004E344D /* IOKit.framework in Frameworks */,
				7EFAE91B16EBC8ED00F4DA72 /* Cocoa.framework in Frameworks */,
				7EFAE91A16EBC8ED00F4DA72 /* SenTestingKit.framework in Frameworks */,
			);
			runOnlyForDeploymentPostprocessing = 0;
		};
/* End PBXFrameworksBuildPhase section */

/* Begin PBXGroup section */
		7E0648F216DF3B8300ACB851 /* LaunchAtLoginController */ = {
			isa = PBXGroup;
			children = (
				7E0648ED16DF3B7D00ACB851 /* LaunchAtLoginController.h */,
				7E0648EE16DF3B7D00ACB851 /* LaunchAtLoginController.m */,
				7E0648EF16DF3B7D00ACB851 /* README.md */,
			);
			name = LaunchAtLoginController;
			sourceTree = "<group>";
		};
		7E10343316EFAE110089DE7B /* BluetoothGenericDevice */ = {
			isa = PBXGroup;
			children = (
				7E10343416EFAE490089DE7B /* BluetoothGenericDevice.h */,
				7E10343516EFAE490089DE7B /* BluetoothGenericDevice.m */,
			);
			name = BluetoothGenericDevice;
			sourceTree = "<group>";
		};
		7E1261D216E008FE00622F92 /* Shared */ = {
			isa = PBXGroup;
			children = (
				7E1261D316E0094A00622F92 /* FakeSMCDefinitions.h */,
				7EA8CA4F16EBB77400E71108 /* version.plist */,
			);
			name = Shared;
			sourceTree = "<group>";
		};
		7E39415716DBEA13005A685D /* Cells */ = {
			isa = PBXGroup;
			children = (
				7EDA1A7316D903740012A0DC /* GroupCell.h */,
				7EDA1A7416D903740012A0DC /* GroupCell.m */,
				7EDA1A7516D903740012A0DC /* SensorCell.h */,
				7EDA1A7616D903740012A0DC /* SensorCell.m */,
				7E17953416EE705B00145082 /* BatteryCell.h */,
				7E17953516EE705B00145082 /* BatteryCell.m */,
				7E19000517006727008F40F1 /* PrefsSensorCell.h */,
				7E19000617006727008F40F1 /* PrefsSensorCell.m */,
				7E190008170070F2008F40F1 /* GraphsSensorCell.h */,
				7E190009170070F3008F40F1 /* GraphsSensorCell.m */,
				7ECDDE3F16DEB5F600085FFF /* GraphsGroupCell.h */,
				7ECDDE4016DEB5F600085FFF /* GraphsGroupCell.m */,
			);
			name = Cells;
			sourceTree = "<group>";
		};
		7E9060E61708951800BF5BBF /* smcutil */ = {
			isa = PBXGroup;
			children = (
				7E9060E71708951800BF5BBF /* main.m */,
				7E9060EB1708951800BF5BBF /* smcutil.1 */,
				7E9060E91708951800BF5BBF /* Supporting Files */,
			);
			path = smcutil;
			sourceTree = "<group>";
		};
		7E9060E91708951800BF5BBF /* Supporting Files */ = {
			isa = PBXGroup;
			children = (
				7E9060EA1708951800BF5BBF /* smcutil-Prefix.pch */,
			);
			name = "Supporting Files";
			sourceTree = "<group>";
		};
		7EA248DF16D8E93A002231B2 = {
			isa = PBXGroup;
			children = (
				7E1261D216E008FE00622F92 /* Shared */,
				7EA248F116D8E93A002231B2 /* HWMonitor */,
				7E9060E61708951800BF5BBF /* smcutil */,
				7EFAE91C16EBC8ED00F4DA72 /* DefaultTestingPlatform */,
				7EA248EA16D8E93A002231B2 /* Frameworks */,
				7EA248E916D8E93A002231B2 /* Products */,
			);
			sourceTree = "<group>";
		};
		7EA248E916D8E93A002231B2 /* Products */ = {
			isa = PBXGroup;
			children = (
				7EA248E816D8E93A002231B2 /* HWMonitor.app */,
				7EFAE91916EBC8ED00F4DA72 /* SMC Value Decoder.octest */,
				7E9060E41708951800BF5BBF /* smcutil */,
			);
			name = Products;
			sourceTree = "<group>";
		};
		7EA248EA16D8E93A002231B2 /* Frameworks */ = {
			isa = PBXGroup;
			children = (
				7EA248EB16D8E93A002231B2 /* Cocoa.framework */,
				7EA2494E16D8EBC0002231B2 /* IOKit.framework */,
				7EA248EE16D8E93A002231B2 /* AppKit.framework */,
				7EA248EF16D8E93A002231B2 /* CoreData.framework */,
				7EA248F016D8E93A002231B2 /* Foundation.framework */,
				7EFAE8E516EBC81500F4DA72 /* SenTestingKit.framework */,
			);
			name = Frameworks;
			sourceTree = "<group>";
		};
		7EA248F116D8E93A002231B2 /* HWMonitor */ = {
			isa = PBXGroup;
			children = (
				7EA2493A16D8EA95002231B2 /* HWMonitorDefinitions.h */,
				7EA2490A16D8E9B0002231B2 /* Engines */,
				7EA2490916D8E9A7002231B2 /* Controllers */,
				7ECDDE3E16DDF19A00085FFF /* User Interface */,
				7EA248F216D8E93A002231B2 /* Supporting Files */,
			);
			path = HWMonitor;
			sourceTree = "<group>";
		};
		7EA248F216D8E93A002231B2 /* Supporting Files */ = {
			isa = PBXGroup;
			children = (
				7EA248F316D8E93A002231B2 /* HWMonitor-Info.plist */,
				7EA248F416D8E93A002231B2 /* InfoPlist.strings */,
				7EA248F716D8E93A002231B2 /* main.m */,
				7EA248F916D8E93A002231B2 /* HWMonitor-Prefix.pch */,
				7EA248FA16D8E93A002231B2 /* Credits.rtf */,
			);
			name = "Supporting Files";
			sourceTree = "<group>";
		};
		7EA2490816D8E942002231B2 /* Icons */ = {
			isa = PBXGroup;
			children = (
				7E1BC3CD16F47BDF005B9479 /* battery_template.png */,
				7E1BC3CC16F47BDE005B9479 /* battery.png */,
				7EA2493516D8E9CE002231B2 /* default.icns */,
				7EA2490B16D8E9C6002231B2 /* frequencies_template.png */,
				7EA2490C16D8E9C6002231B2 /* frequencies.png */,
				7EA2490D16D8E9C6002231B2 /* hddtemperatures_template.png */,
				7EA2490E16D8E9C6002231B2 /* hddtemperatures.png */,
				7EA2490F16D8E9C6002231B2 /* hwmonitor_template.png */,
				7EA2491016D8E9C6002231B2 /* hwmonitor.png */,
				7EA2491116D8E9C6002231B2 /* multipliers_template.png */,
				7EA2491216D8E9C6002231B2 /* multipliers.png */,
				7EA2491316D8E9C6002231B2 /* pcicard_template.png */,
				7EA2491416D8E9C6002231B2 /* pcicard.png */,
				7EA2491516D8E9C6002231B2 /* preferences.png */,
				7EA2491616D8E9C6002231B2 /* ssdlife_template.png */,
				7EA2491716D8E9C6002231B2 /* ssdlife.png */,
				7EA2491816D8E9C6002231B2 /* tachometers_template.png */,
				7EA2491916D8E9C6002231B2 /* tachometers.png */,
				7EA2491A16D8E9C6002231B2 /* temperatures_template.png */,
				7EA2491B16D8E9C6002231B2 /* temperatures.png */,
				7EA2491C16D8E9C6002231B2 /* thermometer_template.png */,
				7EA2491D16D8E9C6002231B2 /* thermometer.png */,
				7EA2491E16D8E9C6002231B2 /* voltages_template.png */,
				7EA2491F16D8E9C6002231B2 /* voltages.png */,
				7ECDDE3016DD680E00085FFF /* 04-eye.png */,
				7ECDDE3116DD680E00085FFF /* 04-eye@2x.png */,
				7ECDDE3416DDE5DA00085FFF /* 04-eye-white.png */,
				7ECDDE3516DDE5DA00085FFF /* 04-eye-white@2x.png */,
				7E4DEA191729266B00C4360B /* 16-line-chart.png */,
				7E4DEA1A1729266C00C4360B /* 16-line-chart@2x.png */,
				7E4DEA131729263100C4360B /* 19-gear.png */,
				7E4DEA141729263200C4360B /* 19-gear@2x.png */,
				7E7D61EF1704409D00F7222F /* 42-info.png */,
				7E7D61F01704409D00F7222F /* 42-info@2x.png */,
				7EA3EA641708B619004336B0 /* 60-x.png */,
				7EA3EA651708B619004336B0 /* 60-x@2x.png */,
			);
			name = Icons;
			sourceTree = "<group>";
		};
		7EA2490916D8E9A7002231B2 /* Controllers */ = {
			isa = PBXGroup;
			children = (
				7E0648F216DF3B8300ACB851 /* LaunchAtLoginController */,
				7EA248FD16D8E93A002231B2 /* AppController.h */,
				7EA248FE16D8E93A002231B2 /* AppController.m */,
				7EDA1A6B16D901100012A0DC /* PopupController.h */,
				7EDA1A6C16D901100012A0DC /* PopupController.m */,
				7EDA1ACF16DA83AF0012A0DC /* GraphsController.h */,
				7EDA1AD016DA83AF0012A0DC /* GraphsController.m */,
				7EDDC86C16F9B3B40072B15B /* UpdatesController.h */,
				7EDDC86D16F9B3B40072B15B /* UpdatesController.m */,
			);
			name = Controllers;
			sourceTree = "<group>";
		};
		7EA2490A16D8E9B0002231B2 /* Engines */ = {
			isa = PBXGroup;
			children = (
				7EDA1A6716D8F0FB0012A0DC /* BundleUserDefaults */,
				7EA2494516D8EA99002231B2 /* ATAGenericDrive */,
				7E10343316EFAE110089DE7B /* BluetoothGenericDevice */,
				7EA2494616D8EAA2002231B2 /* HWMonitorEngine */,
			);
			name = Engines;
			sourceTree = "<group>";
		};
		7EA2494516D8EA99002231B2 /* ATAGenericDrive */ = {
			isa = PBXGroup;
			children = (
				7EA2493816D8EA95002231B2 /* ATAGenericDrive.h */,
				7EA2493916D8EA95002231B2 /* ATAGenericDrive.m */,
			);
			name = ATAGenericDrive;
			sourceTree = "<group>";
		};
		7EA2494616D8EAA2002231B2 /* HWMonitorEngine */ = {
			isa = PBXGroup;
			children = (
				7EA2494016D8EA95002231B2 /* smc.h */,
				7EA2493F16D8EA95002231B2 /* smc.c */,
				7E16FD85170648BF00FB253E /* HWMonitorProfiles.h */,
				7E16FD86170648BF00FB253E /* HWMonitorProfiles.m */,
				7EA2493D16D8EA95002231B2 /* HWMonitorSensor.h */,
				7EA2493E16D8EA95002231B2 /* HWMonitorSensor.m */,
				7EA2493B16D8EA95002231B2 /* HWMonitorEngine.h */,
				7EA2493C16D8EA95002231B2 /* HWMonitorEngine.m */,
				7EDA1A6816D8F1700012A0DC /* HWMonitorIcon.h */,
				7EDA1A6916D8F1700012A0DC /* HWMonitorIcon.m */,
				7EA2495216D8EE44002231B2 /* HWMonitorItem.h */,
				7EA2495316D8EE45002231B2 /* HWMonitorItem.m */,
				7EA2495016D8EE44002231B2 /* HWMonitorGroup.h */,
				7EA2495116D8EE44002231B2 /* HWMonitorGroup.m */,
			);
			name = HWMonitorEngine;
			sourceTree = "<group>";
		};
		7EA2494A16D8EB0B002231B2 /* Views & Controls */ = {
			isa = PBXGroup;
			children = (
				7E39415716DBEA13005A685D /* Cells */,
				7E44D95C1710433A00D06387 /* WindowFilter.h */,
				7E44D95D1710433A00D06387 /* WindowFilter.m */,
				7E16893416EA106D00BBF6FC /* ArrowlessScroller.h */,
				7E16893516EA106D00BBF6FC /* ArrowlessScroller.m */,
				7E17073E1705696F0019173D /* OverlapingScrollView.h */,
				7E17073F170569700019173D /* OverlapingScrollView.m */,
				7E16FD881706BB3000FB253E /* TransparentSplitView.h */,
				7E16FD891706BB3000FB253E /* TransparentSplitView.m */,
				7E19FFFF17005652008F40F1 /* SensorsTableView.h */,
				7E19000017005652008F40F1 /* SensorsTableView.m */,
				7E7D61F91704453B00F7222F /* FadingButton.h */,
				7E7D61FA1704453B00F7222F /* FadingButton.m */,
				7EA2494B16D8EB2D002231B2 /* StatusItemView.h */,
				7EA2494C16D8EB2D002231B2 /* StatusItemView.m */,
				7EDA1A7C16D91B9B0012A0DC /* PopupPanel.h */,
				7EDA1A7D16D91B9B0012A0DC /* PopupPanel.m */,
				7EDA1A6E16D9016B0012A0DC /* PopupView.h */,
				7EDA1A6F16D9016B0012A0DC /* PopupView.m */,
				7EDA1AC916D956E90012A0DC /* GraphsView.h */,
				7EDA1ACA16D956EA0012A0DC /* GraphsView.m */,
			);
			name = "Views & Controls";
			sourceTree = "<group>";
		};
		7ECDDE3E16DDF19A00085FFF /* User Interface */ = {
			isa = PBXGroup;
			children = (
				7EA2494A16D8EB0B002231B2 /* Views & Controls */,
				7EA2490816D8E942002231B2 /* Icons */,
				7EDDC87116FA5DA50072B15B /* Localizer.h */,
				7EDDC87216FA5DA50072B15B /* Localizer.m */,
				7EA394B116E0A1B600823109 /* ColorTheme.h */,
				7EA394B216E0A1B600823109 /* ColorTheme.m */,
				7EB1339A16DC03AD00A41255 /* MainMenu.xib */,
				7EDA1AAB16D936410012A0DC /* Localizable.strings */,
			);
			name = "User Interface";
			sourceTree = "<group>";
		};
		7EDA1A6716D8F0FB0012A0DC /* BundleUserDefaults */ = {
			isa = PBXGroup;
			children = (
				7EDA1A6416D8F0F90012A0DC /* BundleUserDefaults.h */,
				7EDA1A6516D8F0F90012A0DC /* BundleUserDefaults.m */,
			);
			name = BundleUserDefaults;
			sourceTree = "<group>";
		};
		7EFAE91C16EBC8ED00F4DA72 /* DefaultTestingPlatform */ = {
			isa = PBXGroup;
			children = (
				7EFAE92216EBC8ED00F4DA72 /* DefaultTestingPlatform.h */,
				7EFAE92316EBC8ED00F4DA72 /* DefaultTestingPlatform.m */,
				7EFAE91D16EBC8ED00F4DA72 /* Supporting Files */,
			);
			name = DefaultTestingPlatform;
			path = "SMC Value Decoder";
			sourceTree = "<group>";
		};
		7EFAE91D16EBC8ED00F4DA72 /* Supporting Files */ = {
			isa = PBXGroup;
			children = (
				7EFAE91E16EBC8ED00F4DA72 /* SMC Value Decoder-Info.plist */,
				7EFAE91F16EBC8ED00F4DA72 /* InfoPlist.strings */,
				7EFAE92516EBC8ED00F4DA72 /* SMC Value Decoder-Prefix.pch */,
			);
			name = "Supporting Files";
			sourceTree = "<group>";
		};
/* End PBXGroup section */

/* Begin PBXNativeTarget section */
		7E9060E31708951800BF5BBF /* smcutil */ = {
			isa = PBXNativeTarget;
			buildConfigurationList = 7E9060ED1708951800BF5BBF /* Build configuration list for PBXNativeTarget "smcutil" */;
			buildPhases = (
				7E9060E01708951800BF5BBF /* Sources */,
				7E9060E11708951800BF5BBF /* Frameworks */,
				7E9060E21708951800BF5BBF /* CopyFiles */,
			);
			buildRules = (
			);
			dependencies = (
			);
			name = smcutil;
			productName = smcutil;
			productReference = 7E9060E41708951800BF5BBF /* smcutil */;
			productType = "com.apple.product-type.tool";
		};
		7EA248E716D8E93A002231B2 /* HWMonitor */ = {
			isa = PBXNativeTarget;
			buildConfigurationList = 7EA2490516D8E93A002231B2 /* Build configuration list for PBXNativeTarget "HWMonitor" */;
			buildPhases = (
				7EA248E416D8E93A002231B2 /* Sources */,
				7EA248E516D8E93A002231B2 /* Frameworks */,
				7EA2493716D8EA0A002231B2 /* ShellScript */,
				7EA248E616D8E93A002231B2 /* Resources */,
			);
			buildRules = (
			);
			dependencies = (
			);
			name = HWMonitor;
			productName = HWMonitor;
			productReference = 7EA248E816D8E93A002231B2 /* HWMonitor.app */;
			productType = "com.apple.product-type.application";
		};
		7EFAE91816EBC8ED00F4DA72 /* DefaultTestingPlatform */ = {
			isa = PBXNativeTarget;
			buildConfigurationList = 7EFAE92616EBC8ED00F4DA72 /* Build configuration list for PBXNativeTarget "DefaultTestingPlatform" */;
			buildPhases = (
				7EFAE91416EBC8ED00F4DA72 /* Sources */,
				7EFAE91516EBC8ED00F4DA72 /* Frameworks */,
				7EFAE91616EBC8ED00F4DA72 /* Resources */,
				7EFAE91716EBC8ED00F4DA72 /* ShellScript */,
			);
			buildRules = (
			);
			dependencies = (
			);
			name = DefaultTestingPlatform;
			productName = "SMC Value Decoder";
			productReference = 7EFAE91916EBC8ED00F4DA72 /* SMC Value Decoder.octest */;
			productType = "com.apple.product-type.bundle";
		};
/* End PBXNativeTarget section */

/* Begin PBXProject section */
		7EA248E016D8E93A002231B2 /* Project object */ = {
			isa = PBXProject;
			attributes = {
				LastUpgradeCheck = 0460;
				ORGANIZATIONNAME = kozlek;
			};
			buildConfigurationList = 7EA248E316D8E93A002231B2 /* Build configuration list for PBXProject "HWMonitor" */;
			compatibilityVersion = "Xcode 3.2";
			developmentRegion = English;
			hasScannedForEncodings = 0;
			knownRegions = (
				en,
				ru,
				"fr-FR",
				"es-ES",
				Base,
				fr,
			);
			mainGroup = 7EA248DF16D8E93A002231B2;
			productRefGroup = 7EA248E916D8E93A002231B2 /* Products */;
			projectDirPath = "";
			projectRoot = "";
			targets = (
				7EA248E716D8E93A002231B2 /* HWMonitor */,
				7E9060E31708951800BF5BBF /* smcutil */,
				7E27A479170084AE00234A6A /* Bump App Build Number */,
				7EA8CA5D16EBB8FD00E71108 /* Bump App Version */,
				7EFAE91816EBC8ED00F4DA72 /* DefaultTestingPlatform */,
			);
		};
/* End PBXProject section */

/* Begin PBXResourcesBuildPhase section */
		7EA248E616D8E93A002231B2 /* Resources */ = {
			isa = PBXResourcesBuildPhase;
			buildActionMask = 2147483647;
			files = (
				7EA248F616D8E93A002231B2 /* InfoPlist.strings in Resources */,
				7EA248FC16D8E93A002231B2 /* Credits.rtf in Resources */,
				7EA2492016D8E9C6002231B2 /* frequencies_template.png in Resources */,
				7EA2492116D8E9C6002231B2 /* frequencies.png in Resources */,
				7EA2492216D8E9C6002231B2 /* hddtemperatures_template.png in Resources */,
				7EA2492316D8E9C6002231B2 /* hddtemperatures.png in Resources */,
				7EA2492416D8E9C6002231B2 /* hwmonitor_template.png in Resources */,
				7EA2492516D8E9C6002231B2 /* hwmonitor.png in Resources */,
				7EA2492616D8E9C6002231B2 /* multipliers_template.png in Resources */,
				7EA2492716D8E9C6002231B2 /* multipliers.png in Resources */,
				7EA2492816D8E9C6002231B2 /* pcicard_template.png in Resources */,
				7EA2492916D8E9C6002231B2 /* pcicard.png in Resources */,
				7EA2492A16D8E9C6002231B2 /* preferences.png in Resources */,
				7EA2492B16D8E9C6002231B2 /* ssdlife_template.png in Resources */,
				7EA2492C16D8E9C6002231B2 /* ssdlife.png in Resources */,
				7EA2492D16D8E9C6002231B2 /* tachometers_template.png in Resources */,
				7EA2492E16D8E9C6002231B2 /* tachometers.png in Resources */,
				7EA2492F16D8E9C6002231B2 /* temperatures_template.png in Resources */,
				7EA2493016D8E9C6002231B2 /* temperatures.png in Resources */,
				7EA2493116D8E9C6002231B2 /* thermometer_template.png in Resources */,
				7EA2493216D8E9C6002231B2 /* thermometer.png in Resources */,
				7EA2493316D8E9C6002231B2 /* voltages_template.png in Resources */,
				7EA2493416D8E9C6002231B2 /* voltages.png in Resources */,
				7EA2493616D8E9CE002231B2 /* default.icns in Resources */,
				7EDA1AA916D936410012A0DC /* Localizable.strings in Resources */,
				7EB1339C16DC03AD00A41255 /* MainMenu.xib in Resources */,
				7ECDDE3216DD680E00085FFF /* 04-eye.png in Resources */,
				7ECDDE3316DD680E00085FFF /* 04-eye@2x.png in Resources */,
				7ECDDE3616DDE5DA00085FFF /* 04-eye-white.png in Resources */,
				7ECDDE3716DDE5DA00085FFF /* 04-eye-white@2x.png in Resources */,
				7E0648F116DF3B7D00ACB851 /* README.md in Resources */,
				7EA8CA5016EBB77400E71108 /* version.plist in Resources */,
				7E1BC3CE16F47BDF005B9479 /* battery.png in Resources */,
				7E1BC3CF16F47BDF005B9479 /* battery_template.png in Resources */,
				7E7D61F71704409D00F7222F /* 42-info.png in Resources */,
				7E7D61F81704409D00F7222F /* 42-info@2x.png in Resources */,
				7EA3EA661708B619004336B0 /* 60-x.png in Resources */,
				7EA3EA671708B619004336B0 /* 60-x@2x.png in Resources */,
				7E4DEA171729263200C4360B /* 19-gear.png in Resources */,
				7E4DEA181729263200C4360B /* 19-gear@2x.png in Resources */,
				7E4DEA1B1729266C00C4360B /* 16-line-chart.png in Resources */,
				7E4DEA1C1729266C00C4360B /* 16-line-chart@2x.png in Resources */,
			);
			runOnlyForDeploymentPostprocessing = 0;
		};
		7EFAE91616EBC8ED00F4DA72 /* Resources */ = {
			isa = PBXResourcesBuildPhase;
			buildActionMask = 2147483647;
			files = (
				7EFAE92116EBC8ED00F4DA72 /* InfoPlist.strings in Resources */,
			);
			runOnlyForDeploymentPostprocessing = 0;
		};
/* End PBXResourcesBuildPhase section */

/* Begin PBXShellScriptBuildPhase section */
		7E27A47D170084B400234A6A /* ShellScript */ = {
			isa = PBXShellScriptBuildPhase;
			buildActionMask = 2147483647;
			files = (
			);
			inputPaths = (
			);
			outputPaths = (
			);
			runOnlyForDeploymentPostprocessing = 0;
			shellPath = /bin/sh;
			shellScript = "#!/bin/sh\n# Increment project's build number\n\nif [[ $(git status ${PROJECT_DIR} | grep -c modified) == \"0\" ]]; then\n    exit 0\nfi\n\nBUILDNUM=$(/usr/libexec/PlistBuddy -c \"Print BuildNumber\" \"${VERSION_FILE}\")\nBUILDNUM=$(($BUILDNUM + 1))\n/usr/libexec/PlistBuddy -c \"Set :BuildNumber $BUILDNUM\" \"${VERSION_FILE}\"\n";
		};
		7EA2493716D8EA0A002231B2 /* ShellScript */ = {
			isa = PBXShellScriptBuildPhase;
			buildActionMask = 2147483647;
			files = (
			);
			inputPaths = (
			);
			outputPaths = (
			);
			runOnlyForDeploymentPostprocessing = 0;
			shellPath = /bin/sh;
			shellScript = "#!/bin/sh\n\nSHORTVERSION=$(/usr/libexec/PlistBuddy -c \"Print AppVersion\" \"${PROJECT_DIR}/${VERSION_FILE}\")\n/usr/libexec/PlistBuddy -c \"Set :CFBundleShortVersionString $SHORTVERSION\" \"${INFOPLIST_FILE}\"\n\nif [[ $(git status ${PROJECT_DIR}/${TARGET_DIR} | grep -c modified) == \"0\" ]]; then\nexit 0\nfi\n\nVERSIONNUM=$(/usr/libexec/PlistBuddy -c \"Print CFBundleVersion\" \"${INFOPLIST_FILE}\")\nVERSIONNUM=$(($VERSIONNUM + 1))\n/usr/libexec/PlistBuddy -c \"Set :CFBundleVersion $VERSIONNUM\" \"${INFOPLIST_FILE}\"";
		};
		7EA8CA6116EBB90200E71108 /* ShellScript */ = {
			isa = PBXShellScriptBuildPhase;
			buildActionMask = 2147483647;
			files = (
			);
			inputPaths = (
			);
			outputPaths = (
			);
			runOnlyForDeploymentPostprocessing = 0;
			shellPath = /bin/sh;
			shellScript = "#!/bin/sh\n\n# 2013 (c) sekati\n# https://gist.github.com/sekati/3172554\n# xcode-version-bump.sh\n# @desc Auto-increment the version number (only) when a project is archived for export.\n# @usage\n# 1. Select: your Target in Xcode\n# 2. Select: Build Phases Tab\n# 3. Select: Add Build Phase -> Add Run Script\n# 4. Paste code below in to new \"Run Script\" section\n# 5. Check the checkbox \"Run script only when installing\"\n# 6. Drag the \"Run Script\" below \"Link Binaries With Libraries\"\n# 7. Insure your starting version number is in SemVer format (e.g. 1.0.0)\n\n# This splits a two-decimal version string, such as \"0.45.123\", allowing us to increment the third position.\nVERSIONNUM=$(/usr/libexec/PlistBuddy -c \"Print AppVersion\" \"${VERSION_FILE}\")\nNEWSUBVERSION=`echo $VERSIONNUM | awk -F \".\" '{print $3}'`\nNEWSUBVERSION=$(($NEWSUBVERSION + 1))\nNEWVERSIONSTRING=`echo $VERSIONNUM | awk -F \".\" '{print $1 \".\" $2 \".'$NEWSUBVERSION'\" }'`\n/usr/libexec/PlistBuddy -c \"Set :AppVersion $NEWVERSIONSTRING\" \"${VERSION_FILE}\"";
		};
		7EFAE91716EBC8ED00F4DA72 /* ShellScript */ = {
			isa = PBXShellScriptBuildPhase;
			buildActionMask = 2147483647;
			files = (
			);
			inputPaths = (
			);
			outputPaths = (
			);
			runOnlyForDeploymentPostprocessing = 0;
			shellPath = /bin/sh;
			shellScript = "# Run the unit tests in this test bundle.\n\"${SYSTEM_DEVELOPER_DIR}/Tools/RunUnitTests\"\n";
		};
/* End PBXShellScriptBuildPhase section */

/* Begin PBXSourcesBuildPhase section */
		7E9060E01708951800BF5BBF /* Sources */ = {
			isa = PBXSourcesBuildPhase;
			buildActionMask = 2147483647;
			files = (
				7E9060F617089A8000BF5BBF /* HWMonitorSensor.m in Sources */,
				7E9060F517089A7100BF5BBF /* smc.c in Sources */,
				7E9060E81708951800BF5BBF /* main.m in Sources */,
			);
			runOnlyForDeploymentPostprocessing = 0;
		};
		7EA248E416D8E93A002231B2 /* Sources */ = {
			isa = PBXSourcesBuildPhase;
			buildActionMask = 2147483647;
			files = (
				7EA248F816D8E93A002231B2 /* main.m in Sources */,
				7EA248FF16D8E93A002231B2 /* AppController.m in Sources */,
				7EA2494116D8EA95002231B2 /* ATAGenericDrive.m in Sources */,
				7EA2494216D8EA95002231B2 /* HWMonitorEngine.m in Sources */,
				7EA2494316D8EA95002231B2 /* HWMonitorSensor.m in Sources */,
				7EA2494416D8EA95002231B2 /* smc.c in Sources */,
				7EA2494D16D8EB2D002231B2 /* StatusItemView.m in Sources */,
				7EA2495416D8EE45002231B2 /* HWMonitorGroup.m in Sources */,
				7EA2495516D8EE45002231B2 /* HWMonitorItem.m in Sources */,
				7EDA1A6616D8F0F90012A0DC /* BundleUserDefaults.m in Sources */,
				7EDA1A6A16D8F1700012A0DC /* HWMonitorIcon.m in Sources */,
				7EDA1A6D16D901100012A0DC /* PopupController.m in Sources */,
				7EDA1A7016D9016B0012A0DC /* PopupView.m in Sources */,
				7EDA1A7816D903740012A0DC /* GroupCell.m in Sources */,
				7EDA1A7916D903740012A0DC /* SensorCell.m in Sources */,
				7EDA1A7E16D91B9B0012A0DC /* PopupPanel.m in Sources */,
				7EDA1ACB16D956EA0012A0DC /* GraphsView.m in Sources */,
				7EDA1AD116DA83AF0012A0DC /* GraphsController.m in Sources */,
				7ECDDE4116DEB5F600085FFF /* GraphsGroupCell.m in Sources */,
				7E0648F016DF3B7D00ACB851 /* LaunchAtLoginController.m in Sources */,
				7EA394B316E0A1B600823109 /* ColorTheme.m in Sources */,
				7E16893616EA106D00BBF6FC /* ArrowlessScroller.m in Sources */,
				7E17953616EE705B00145082 /* BatteryCell.m in Sources */,
				7E10343616EFAE490089DE7B /* BluetoothGenericDevice.m in Sources */,
				7EDDC86E16F9B3B40072B15B /* UpdatesController.m in Sources */,
				7EDDC87316FA5DA50072B15B /* Localizer.m in Sources */,
				7E19000117005652008F40F1 /* SensorsTableView.m in Sources */,
				7E19000717006727008F40F1 /* PrefsSensorCell.m in Sources */,
				7E19000A170070F3008F40F1 /* GraphsSensorCell.m in Sources */,
				7E7D61FB1704453B00F7222F /* FadingButton.m in Sources */,
				7E170740170569700019173D /* OverlapingScrollView.m in Sources */,
				7E16FD87170648BF00FB253E /* HWMonitorProfiles.m in Sources */,
				7E16FD8A1706BB3000FB253E /* TransparentSplitView.m in Sources */,
				7E44D95E1710433A00D06387 /* WindowFilter.m in Sources */,
			);
			runOnlyForDeploymentPostprocessing = 0;
		};
		7EFAE91416EBC8ED00F4DA72 /* Sources */ = {
			isa = PBXSourcesBuildPhase;
			buildActionMask = 2147483647;
			files = (
				7EFAE92416EBC8ED00F4DA72 /* DefaultTestingPlatform.m in Sources */,
			);
			runOnlyForDeploymentPostprocessing = 0;
		};
/* End PBXSourcesBuildPhase section */

/* Begin PBXVariantGroup section */
		7EA248F416D8E93A002231B2 /* InfoPlist.strings */ = {
			isa = PBXVariantGroup;
			children = (
				7EA248F516D8E93A002231B2 /* en */,
			);
			name = InfoPlist.strings;
			sourceTree = "<group>";
		};
		7EA248FA16D8E93A002231B2 /* Credits.rtf */ = {
			isa = PBXVariantGroup;
			children = (
				7EA248FB16D8E93A002231B2 /* en */,
			);
			name = Credits.rtf;
			sourceTree = "<group>";
		};
		7EB1339A16DC03AD00A41255 /* MainMenu.xib */ = {
			isa = PBXVariantGroup;
			children = (
				7E1BC3D716F48A8C005B9479 /* en */,
			);
			name = MainMenu.xib;
			sourceTree = "<group>";
		};
		7EDA1AAB16D936410012A0DC /* Localizable.strings */ = {
			isa = PBXVariantGroup;
			children = (
				7EDA1AAA16D936410012A0DC /* en */,
				7EDA1AAC16D936620012A0DC /* ru */,
				7E00C2481708B827001570E4 /* fr */,
			);
			name = Localizable.strings;
			sourceTree = "<group>";
		};
		7EFAE91F16EBC8ED00F4DA72 /* InfoPlist.strings */ = {
			isa = PBXVariantGroup;
			children = (
				7EFAE92016EBC8ED00F4DA72 /* en */,
			);
			name = InfoPlist.strings;
			sourceTree = "<group>";
		};
/* End PBXVariantGroup section */

/* Begin XCBuildConfiguration section */
		7E27A47A170084AE00234A6A /* Debug */ = {
			isa = XCBuildConfiguration;
			buildSettings = {
				PRODUCT_NAME = "$(TARGET_NAME)";
			};
			name = Debug;
		};
		7E27A47B170084AE00234A6A /* Release */ = {
			isa = XCBuildConfiguration;
			buildSettings = {
				PRODUCT_NAME = "$(TARGET_NAME)";
			};
			name = Release;
		};
		7E9060EE1708951800BF5BBF /* Debug */ = {
			isa = XCBuildConfiguration;
			buildSettings = {
				GCC_PRECOMPILE_PREFIX_HEADER = YES;
				GCC_PREFIX_HEADER = "smcutil/smcutil-Prefix.pch";
				PRODUCT_NAME = "$(TARGET_NAME)";
			};
			name = Debug;
		};
		7E9060EF1708951800BF5BBF /* Release */ = {
			isa = XCBuildConfiguration;
			buildSettings = {
				GCC_PRECOMPILE_PREFIX_HEADER = YES;
				GCC_PREFIX_HEADER = "smcutil/smcutil-Prefix.pch";
				PRODUCT_NAME = "$(TARGET_NAME)";
			};
			name = Release;
		};
		7EA2490316D8E93A002231B2 /* Debug */ = {
			isa = XCBuildConfiguration;
			buildSettings = {
				ALWAYS_SEARCH_USER_PATHS = NO;
				ARCHS = "$(ARCHS_STANDARD_64_BIT)";
				CLANG_CXX_LANGUAGE_STANDARD = "gnu++0x";
				CLANG_CXX_LIBRARY = "libc++";
				CLANG_ENABLE_OBJC_ARC = YES;
				CLANG_WARN_CONSTANT_CONVERSION = YES;
				CLANG_WARN_EMPTY_BODY = YES;
				CLANG_WARN_ENUM_CONVERSION = YES;
				CLANG_WARN_INT_CONVERSION = YES;
				CLANG_WARN__DUPLICATE_METHOD_MATCH = YES;
				CONFIGURATION_BUILD_DIR = Binaries;
				COPY_PHASE_STRIP = NO;
				GCC_C_LANGUAGE_STANDARD = gnu99;
				GCC_DYNAMIC_NO_PIC = NO;
				GCC_ENABLE_OBJC_EXCEPTIONS = YES;
				GCC_OPTIMIZATION_LEVEL = 0;
				GCC_PREPROCESSOR_DEFINITIONS = (
					"DEBUG=1",
					"$(inherited)",
				);
				GCC_SYMBOLS_PRIVATE_EXTERN = NO;
				GCC_WARN_64_TO_32_BIT_CONVERSION = YES;
				GCC_WARN_ABOUT_RETURN_TYPE = YES;
				GCC_WARN_UNINITIALIZED_AUTOS = YES;
				GCC_WARN_UNUSED_VARIABLE = YES;
				MACOSX_DEPLOYMENT_TARGET = 10.7;
				ONLY_ACTIVE_ARCH = YES;
				SDKROOT = macosx10.7;
				VERSION_FILE = Shared/version.plist;
			};
			name = Debug;
		};
		7EA2490416D8E93A002231B2 /* Release */ = {
			isa = XCBuildConfiguration;
			buildSettings = {
				ALWAYS_SEARCH_USER_PATHS = NO;
				ARCHS = "$(ARCHS_STANDARD_64_BIT)";
				CLANG_CXX_LANGUAGE_STANDARD = "gnu++0x";
				CLANG_CXX_LIBRARY = "libc++";
				CLANG_ENABLE_OBJC_ARC = YES;
				CLANG_WARN_CONSTANT_CONVERSION = YES;
				CLANG_WARN_EMPTY_BODY = YES;
				CLANG_WARN_ENUM_CONVERSION = YES;
				CLANG_WARN_INT_CONVERSION = YES;
				CLANG_WARN__DUPLICATE_METHOD_MATCH = YES;
				CONFIGURATION_BUILD_DIR = Binaries;
				COPY_PHASE_STRIP = YES;
				GCC_C_LANGUAGE_STANDARD = gnu99;
				GCC_ENABLE_OBJC_EXCEPTIONS = YES;
				GCC_WARN_64_TO_32_BIT_CONVERSION = YES;
				GCC_WARN_ABOUT_RETURN_TYPE = YES;
				GCC_WARN_UNINITIALIZED_AUTOS = YES;
				GCC_WARN_UNUSED_VARIABLE = YES;
				MACOSX_DEPLOYMENT_TARGET = 10.7;
				SDKROOT = macosx10.7;
				VERSION_FILE = Shared/version.plist;
			};
			name = Release;
		};
		7EA2490616D8E93A002231B2 /* Debug */ = {
			isa = XCBuildConfiguration;
			buildSettings = {
				COMBINE_HIDPI_IMAGES = YES;
				GCC_PRECOMPILE_PREFIX_HEADER = YES;
				GCC_PREFIX_HEADER = "HWMonitor/HWMonitor-Prefix.pch";
				INFOPLIST_FILE = "HWMonitor/HWMonitor-Info.plist";
				PRODUCT_NAME = "$(TARGET_NAME)";
				TARGET_DIR = HWMonitor;
				WRAPPER_EXTENSION = app;
			};
			name = Debug;
		};
		7EA2490716D8E93A002231B2 /* Release */ = {
			isa = XCBuildConfiguration;
			buildSettings = {
				COMBINE_HIDPI_IMAGES = YES;
				GCC_PRECOMPILE_PREFIX_HEADER = YES;
				GCC_PREFIX_HEADER = "HWMonitor/HWMonitor-Prefix.pch";
				INFOPLIST_FILE = "HWMonitor/HWMonitor-Info.plist";
				PRODUCT_NAME = "$(TARGET_NAME)";
				TARGET_DIR = HWMonitor;
				WRAPPER_EXTENSION = app;
			};
			name = Release;
		};
		7EA8CA5F16EBB8FD00E71108 /* Debug */ = {
			isa = XCBuildConfiguration;
			buildSettings = {
				PRODUCT_NAME = "$(TARGET_NAME)";
			};
			name = Debug;
		};
		7EA8CA6016EBB8FD00E71108 /* Release */ = {
			isa = XCBuildConfiguration;
			buildSettings = {
				PRODUCT_NAME = "$(TARGET_NAME)";
			};
			name = Release;
		};
		7EFAE92716EBC8ED00F4DA72 /* Debug */ = {
			isa = XCBuildConfiguration;
			buildSettings = {
				COMBINE_HIDPI_IMAGES = YES;
				FRAMEWORK_SEARCH_PATHS = "\"$(DEVELOPER_LIBRARY_DIR)/Frameworks\"";
				GCC_PRECOMPILE_PREFIX_HEADER = YES;
				GCC_PREFIX_HEADER = "SMC Value Decoder/SMC Value Decoder-Prefix.pch";
				INFOPLIST_FILE = "SMC Value Decoder/SMC Value Decoder-Info.plist";
				MACOSX_DEPLOYMENT_TARGET = 10.8;
				PRODUCT_NAME = "$(TARGET_NAME)";
				WRAPPER_EXTENSION = octest;
			};
			name = Debug;
		};
		7EFAE92816EBC8ED00F4DA72 /* Release */ = {
			isa = XCBuildConfiguration;
			buildSettings = {
				COMBINE_HIDPI_IMAGES = YES;
				FRAMEWORK_SEARCH_PATHS = "\"$(DEVELOPER_LIBRARY_DIR)/Frameworks\"";
				GCC_PRECOMPILE_PREFIX_HEADER = YES;
				GCC_PREFIX_HEADER = "SMC Value Decoder/SMC Value Decoder-Prefix.pch";
				INFOPLIST_FILE = "SMC Value Decoder/SMC Value Decoder-Info.plist";
				MACOSX_DEPLOYMENT_TARGET = 10.8;
				PRODUCT_NAME = "$(TARGET_NAME)";
				WRAPPER_EXTENSION = octest;
			};
			name = Release;
		};
/* End XCBuildConfiguration section */

/* Begin XCConfigurationList section */
		7E27A47C170084AE00234A6A /* Build configuration list for PBXAggregateTarget "Bump App Build Number" */ = {
			isa = XCConfigurationList;
			buildConfigurations = (
				7E27A47A170084AE00234A6A /* Debug */,
				7E27A47B170084AE00234A6A /* Release */,
			);
			defaultConfigurationIsVisible = 0;
			defaultConfigurationName = Release;
		};
		7E9060ED1708951800BF5BBF /* Build configuration list for PBXNativeTarget "smcutil" */ = {
			isa = XCConfigurationList;
			buildConfigurations = (
				7E9060EE1708951800BF5BBF /* Debug */,
				7E9060EF1708951800BF5BBF /* Release */,
			);
			defaultConfigurationIsVisible = 0;
			defaultConfigurationName = Release;
		};
		7EA248E316D8E93A002231B2 /* Build configuration list for PBXProject "HWMonitor" */ = {
			isa = XCConfigurationList;
			buildConfigurations = (
				7EA2490316D8E93A002231B2 /* Debug */,
				7EA2490416D8E93A002231B2 /* Release */,
			);
			defaultConfigurationIsVisible = 0;
			defaultConfigurationName = Release;
		};
		7EA2490516D8E93A002231B2 /* Build configuration list for PBXNativeTarget "HWMonitor" */ = {
			isa = XCConfigurationList;
			buildConfigurations = (
				7EA2490616D8E93A002231B2 /* Debug */,
				7EA2490716D8E93A002231B2 /* Release */,
			);
			defaultConfigurationIsVisible = 0;
			defaultConfigurationName = Release;
		};
		7EA8CA5E16EBB8FD00E71108 /* Build configuration list for PBXAggregateTarget "Bump App Version" */ = {
			isa = XCConfigurationList;
			buildConfigurations = (
				7EA8CA5F16EBB8FD00E71108 /* Debug */,
				7EA8CA6016EBB8FD00E71108 /* Release */,
			);
			defaultConfigurationIsVisible = 0;
			defaultConfigurationName = Release;
		};
		7EFAE92616EBC8ED00F4DA72 /* Build configuration list for PBXNativeTarget "DefaultTestingPlatform" */ = {
			isa = XCConfigurationList;
			buildConfigurations = (
				7EFAE92716EBC8ED00F4DA72 /* Debug */,
				7EFAE92816EBC8ED00F4DA72 /* Release */,
			);
			defaultConfigurationIsVisible = 0;
			defaultConfigurationName = Release;
		};
/* End XCConfigurationList section */
	};
	rootObject = 7EA248E016D8E93A002231B2 /* Project object */;
}
